Microsoft Visual Studio Solution File, Format Version 10.00
# Visual Studio 2008
Project("{2150E333-8FDC-42A3-9474-1A3956D46DE8}") = "Libs", "Libs", "{832A854F-2030-4EA4-86FE-EDEEC017E78E}"
EndProject
Project("{8BC9CEB8-8B4A-11D0-8D11-00A0C91BC942}") = "lua_win32", "lua_win32.vcproj", "{EC6E6EE2-B948-40FA-BE2C-836527C1355D}"
EndProject
Project("{8BC9CEB8-8B4A-11D0-8D11-00A0C91BC942}") = "tinyxml_win32", "tinyxml_win32.vcproj", "{06E819D3-D9AF-49DD-9D57-2C1D78BED8CC}"
EndProject
Project("{8BC9CEB8-8B4A-11D0-8D11-00A0C91BC942}") = "zlib_win32", "zlib_win32.vcproj", "{9943D755-3946-49FD-A9C1-14587D459409}"
EndProject
Project("{8BC9CEB8-8B4A-11D0-8D11-00A0C91BC942}") = "sqlite_win32", "sqlite_win32.vcproj", "{D6DCAF7B-42FD-4B94-BF26-0100E8AE56B1}"
EndProject
Project("{8BC9CEB8-8B4A-11D0-8D11-00A0C91BC942}") = "ode_win32", "ode_win32.vcproj", "{15DB3887-A97A-41FD-8BA3-CA26DC197D31}"
EndProject
Project("{8BC9CEB8-8B4A-11D0-8D11-00A0C91BC942}") = "opcode_win32", "opcode_win32.vcproj", "{5FBA2E2C-A97B-4A69-873D-3035323FC35B}"
EndProject
Project("{8BC9CEB8-8B4A-11D0-8D11-00A0C91BC942}") = "gimpact_win32", "gimpact_win32.vcproj", "{C8F33F6B-C4F6-49F5-81C8-C0F55FFE141F}"
EndProject
Project("{8BC9CEB8-8B4A-11D0-8D11-00A0C91BC942}") = "raknet_win32", "raknet_win32.vcproj", "{B799A6D3-8F46-43D9-A989-6D9903ED7E48}"
EndProject
Global
	GlobalSection(SolutionConfigurationPlatforms) = preSolution
		Debug|Win32 = Debug|Win32
		Release|Win32 = Release|Win32
		Maya_Debug|Win32 = Maya_Debug|Win32
		Maya_Release|Win32 = Maya_Release|Win32
	EndGlobalSection
	GlobalSection(ProjectConfigurationPlatforms) = postSolution
		{EC6E6EE2-B948-40FA-BE2C-836527C1355D}.Debug|Win32.ActiveCfg = Debug|Win32
		{EC6E6EE2-B948-40FA-BE2C-836527C1355D}.Debug|Win32.Build.0 = Debug|Win32
		{EC6E6EE2-B948-40FA-BE2C-836527C1355D}.Release|Win32.ActiveCfg = Release|Win32
		{EC6E6EE2-B948-40FA-BE2C-836527C1355D}.Release|Win32.Build.0 = Release|Win32
		{EC6E6EE2-B948-40FA-BE2C-836527C1355D}.Maya_Debug|Win32.ActiveCfg = Maya_Debug|Win32
		{EC6E6EE2-B948-40FA-BE2C-836527C1355D}.Maya_Debug|Win32.Build.0 = Maya_Debug|Win32
		{EC6E6EE2-B948-40FA-BE2C-836527C1355D}.Maya_Release|Win32.ActiveCfg = Maya_Release|Win32
		{EC6E6EE2-B948-40FA-BE2C-836527C1355D}.Maya_Release|Win32.Build.0 = Maya_Release|Win32
		{06E819D3-D9AF-49DD-9D57-2C1D78BED8CC}.Debug|Win32.ActiveCfg = Debug|Win32
		{06E819D3-D9AF-49DD-9D57-2C1D78BED8CC}.Debug|Win32.Build.0 = Debug|Win32
		{06E819D3-D9AF-49DD-9D57-2C1D78BED8CC}.Release|Win32.ActiveCfg = Release|Win32
		{06E819D3-D9AF-49DD-9D57-2C1D78BED8CC}.Release|Win32.Build.0 = Release|Win32
		{06E819D3-D9AF-49DD-9D57-2C1D78BED8CC}.Maya_Debug|Win32.ActiveCfg = Maya_Debug|Win32
		{06E819D3-D9AF-49DD-9D57-2C1D78BED8CC}.Maya_Debug|Win32.Build.0 = Maya_Debug|Win32
		{06E819D3-D9AF-49DD-9D57-2C1D78BED8CC}.Maya_Release|Win32.ActiveCfg = Maya_Release|Win32
		{06E819D3-D9AF-49DD-9D57-2C1D78BED8CC}.Maya_Release|Win32.Build.0 = Maya_Release|Win32
		{9943D755-3946-49FD-A9C1-14587D459409}.Debug|Win32.ActiveCfg = Debug|Win32
		{9943D755-3946-49FD-A9C1-14587D459409}.Debug|Win32.Build.0 = Debug|Win32
		{9943D755-3946-49FD-A9C1-14587D459409}.Release|Win32.ActiveCfg = Release|Win32
		{9943D755-3946-49FD-A9C1-14587D459409}.Release|Win32.Build.0 = Release|Win32
		{9943D755-3946-49FD-A9C1-14587D459409}.Maya_Debug|Win32.ActiveCfg = Maya_Debug|Win32
		{9943D755-3946-49FD-A9C1-14587D459409}.Maya_Debug|Win32.Build.0 = Maya_Debug|Win32
		{9943D755-3946-49FD-A9C1-14587D459409}.Maya_Release|Win32.ActiveCfg = Maya_Release|Win32
		{9943D755-3946-49FD-A9C1-14587D459409}.Maya_Release|Win32.Build.0 = Maya_Release|Win32
		{D6DCAF7B-42FD-4B94-BF26-0100E8AE56B1}.Debug|Win32.ActiveCfg = Debug|Win32
		{D6DCAF7B-42FD-4B94-BF26-0100E8AE56B1}.Debug|Win32.Build.0 = Debug|Win32
		{D6DCAF7B-42FD-4B94-BF26-0100E8AE56B1}.Release|Win32.ActiveCfg = Release|Win32
		{D6DCAF7B-42FD-4B94-BF26-0100E8AE56B1}.Release|Win32.Build.0 = Release|Win32
		{D6DCAF7B-42FD-4B94-BF26-0100E8AE56B1}.Maya_Debug|Win32.ActiveCfg = Maya_Debug|Win32
		{D6DCAF7B-42FD-4B94-BF26-0100E8AE56B1}.Maya_Debug|Win32.Build.0 = Maya_Debug|Win32
		{D6DCAF7B-42FD-4B94-BF26-0100E8AE56B1}.Maya_Release|Win32.ActiveCfg = Maya_Release|Win32
		{D6DCAF7B-42FD-4B94-BF26-0100E8AE56B1}.Maya_Release|Win32.Build.0 = Maya_Release|Win32
		{15DB3887-A97A-41FD-8BA3-CA26DC197D31}.Debug|Win32.ActiveCfg = Debug|Win32
		{15DB3887-A97A-41FD-8BA3-CA26DC197D31}.Debug|Win32.Build.0 = Debug|Win32
		{15DB3887-A97A-41FD-8BA3-CA26DC197D31}.Release|Win32.ActiveCfg = Release|Win32
		{15DB3887-A97A-41FD-8BA3-CA26DC197D31}.Release|Win32.Build.0 = Release|Win32
		{15DB3887-A97A-41FD-8BA3-CA26DC197D31}.Maya_Debug|Win32.ActiveCfg = Maya_Debug|Win32
		{15DB3887-A97A-41FD-8BA3-CA26DC197D31}.Maya_Debug|Win32.Build.0 = Maya_Debug|Win32
		{15DB3887-A97A-41FD-8BA3-CA26DC197D31}.Maya_Release|Win32.ActiveCfg = Maya_Release|Win32
		{15DB3887-A97A-41FD-8BA3-CA26DC197D31}.Maya_Release|Win32.Build.0 = Maya_Release|Win32
		{5FBA2E2C-A97B-4A69-873D-3035323FC35B}.Debug|Win32.ActiveCfg = Debug|Win32
		{5FBA2E2C-A97B-4A69-873D-3035323FC35B}.Debug|Win32.Build.0 = Debug|Win32
		{5FBA2E2C-A97B-4A69-873D-3035323FC35B}.Release|Win32.ActiveCfg = Release|Win32
		{5FBA2E2C-A97B-4A69-873D-3035323FC35B}.Release|Win32.Build.0 = Release|Win32
		{5FBA2E2C-A97B-4A69-873D-3035323FC35B}.Maya_Debug|Win32.ActiveCfg = Maya_Debug|Win32
		{5FBA2E2C-A97B-4A69-873D-3035323FC35B}.Maya_Debug|Win32.Build.0 = Maya_Debug|Win32
		{5FBA2E2C-A97B-4A69-873D-3035323FC35B}.Maya_Release|Win32.ActiveCfg = Maya_Release|Win32
		{5FBA2E2C-A97B-4A69-873D-3035323FC35B}.Maya_Release|Win32.Build.0 = Maya_Release|Win32
		{C8F33F6B-C4F6-49F5-81C8-C0F55FFE141F}.Debug|Win32.ActiveCfg = Debug|Win32
		{C8F33F6B-C4F6-49F5-81C8-C0F55FFE141F}.Debug|Win32.Build.0 = Debug|Win32
		{C8F33F6B-C4F6-49F5-81C8-C0F55FFE141F}.Release|Win32.ActiveCfg = Release|Win32
		{C8F33F6B-C4F6-49F5-81C8-C0F55FFE141F}.Release|Win32.Build.0 = Release|Win32
		{C8F33F6B-C4F6-49F5-81C8-C0F55FFE141F}.Maya_Debug|Win32.ActiveCfg = Maya_Debug|Win32
		{C8F33F6B-C4F6-49F5-81C8-C0F55FFE141F}.Maya_Debug|Win32.Build.0 = Maya_Debug|Win32
		{C8F33F6B-C4F6-49F5-81C8-C0F55FFE141F}.Maya_Release|Win32.ActiveCfg = Maya_Release|Win32
		{C8F33F6B-C4F6-49F5-81C8-C0F55FFE141F}.Maya_Release|Win32.Build.0 = Maya_Release|Win32
		{B799A6D3-8F46-43D9-A989-6D9903ED7E48}.Debug|Win32.ActiveCfg = Debug|Win32
		{B799A6D3-8F46-43D9-A989-6D9903ED7E48}.Debug|Win32.Build.0 = Debug|Win32
		{B799A6D3-8F46-43D9-A989-6D9903ED7E48}.Release|Win32.ActiveCfg = Release|Win32
		{B799A6D3-8F46-43D9-A989-6D9903ED7E48}.Release|Win32.Build.0 = Release|Win32
		{B799A6D3-8F46-43D9-A989-6D9903ED7E48}.Maya_Debug|Win32.ActiveCfg = Maya_Debug|Win32
		{B799A6D3-8F46-43D9-A989-6D9903ED7E48}.Maya_Debug|Win32.Build.0 = Maya_Debug|Win32
		{B799A6D3-8F46-43D9-A989-6D9903ED7E48}.Maya_Release|Win32.ActiveCfg = Maya_Release|Win32
		{B799A6D3-8F46-43D9-A989-6D9903ED7E48}.Maya_Release|Win32.Build.0 = Maya_Release|Win32
	EndGlobalSection
	GlobalSection(SolutionProperties) = preSolution
		HideSolutionNode = FALSE
	EndGlobalSection
	GlobalSection(NestedProjects) = preSolution
		{EC6E6EE2-B948-40FA-BE2C-836527C1355D} = {832A854F-2030-4EA4-86FE-EDEEC017E78E}
		{06E819D3-D9AF-49DD-9D57-2C1D78BED8CC} = {832A854F-2030-4EA4-86FE-EDEEC017E78E}
		{9943D755-3946-49FD-A9C1-14587D459409} = {832A854F-2030-4EA4-86FE-EDEEC017E78E}
		{D6DCAF7B-42FD-4B94-BF26-0100E8AE56B1} = {832A854F-2030-4EA4-86FE-EDEEC017E78E}
		{15DB3887-A97A-41FD-8BA3-CA26DC197D31} = {832A854F-2030-4EA4-86FE-EDEEC017E78E}
		{5FBA2E2C-A97B-4A69-873D-3035323FC35B} = {832A854F-2030-4EA4-86FE-EDEEC017E78E}
		{C8F33F6B-C4F6-49F5-81C8-C0F55FFE141F} = {832A854F-2030-4EA4-86FE-EDEEC017E78E}
		{B799A6D3-8F46-43D9-A989-6D9903ED7E48} = {832A854F-2030-4EA4-86FE-EDEEC017E78E}
	EndGlobalSection
EndGlobal
