Microsoft Visual Studio Solution File, Format Version 10.00
# Visual Studio 2008
Project("{2150E333-8FDC-42A3-9474-1A3956D46DE8}") = "NIDLs", "NIDLs", "{798777e9-b38c-4974-bee3-b1cd45f6a1e6}"
EndProject
Project("{2150E333-8FDC-42A3-9474-1A3956D46DE8}") = "Libs", "Libs", "{832A854F-2030-4EA4-86FE-EDEEC017E78E}"
EndProject
Project("{2150E333-8FDC-42A3-9474-1A3956D46DE8}") = "Exes", "Exes", "{3B2AD919-B940-473D-A9CC-62428540DEC5}"
EndProject
Project("{2150E333-8FDC-42A3-9474-1A3956D46DE8}") = "Jobs", "Jobs", "{28B9CEF2-57A6-4ee5-8235-2014936D9FE7}"
EndProject
Project("{8BC9CEB8-8B4A-11D0-8D11-00A0C91BC942}") = "foundation_nidls_win32", "foundation_nidls_win32.vcproj", "{48B95670-F339-4004-9506-9E9818C3BC1F}"
EndProject
Project("{8BC9CEB8-8B4A-11D0-8D11-00A0C91BC942}") = "render_nidls_win32", "render_nidls_win32.vcproj", "{D08F0892-8AF5-492E-8EFA-BF51E5F25EE7}"
EndProject
Project("{8BC9CEB8-8B4A-11D0-8D11-00A0C91BC942}") = "remote_nidls_win32", "remote_nidls_win32.vcproj", "{1107172E-0FDE-45E0-8CD0-7DE1238083C2}"
EndProject
Project("{8BC9CEB8-8B4A-11D0-8D11-00A0C91BC942}") = "render_charevalskeletonjob_win32", "render_charevalskeletonjob_win32.vcproj", "{90ECCA6D-A595-409F-B65A-63055B976FD9}"
EndProject
Project("{8BC9CEB8-8B4A-11D0-8D11-00A0C91BC942}") = "render_animjobsample_win32", "render_animjobsample_win32.vcproj", "{63B2AE2D-0275-4D21-8F56-934AD13BD341}"
EndProject
Project("{8BC9CEB8-8B4A-11D0-8D11-00A0C91BC942}") = "render_animjobsamplemix_win32", "render_animjobsamplemix_win32.vcproj", "{24D3D3A6-EB41-4DCA-8AE0-31D09723704C}"
EndProject
Project("{8BC9CEB8-8B4A-11D0-8D11-00A0C91BC942}") = "render_particlejob_win32", "render_particlejob_win32.vcproj", "{5D66DDF3-F80B-4D00-9D5A-74F35E826E09}"
EndProject
Project("{8BC9CEB8-8B4A-11D0-8D11-00A0C91BC942}") = "render_visibilityquadtreejob_win32", "render_visibilityquadtreejob_win32.vcproj", "{E90947FC-C80C-4FE3-8DCB-282C38583415}"
EndProject
Project("{8BC9CEB8-8B4A-11D0-8D11-00A0C91BC942}") = "render_visibilityboxsystemjob_win32", "render_visibilityboxsystemjob_win32.vcproj", "{77BE9AA4-CDD0-45AC-9588-419F5EF5528C}"
EndProject
Project("{8BC9CEB8-8B4A-11D0-8D11-00A0C91BC942}") = "foundation_win32", "foundation_win32.vcproj", "{AA638DB2-2940-4F5E-8777-BD6A62A202D2}"
	ProjectSection(ProjectDependencies) = postProject
		{48B95670-F339-4004-9506-9E9818C3BC1F} = {48B95670-F339-4004-9506-9E9818C3BC1F}
	EndProjectSection
EndProject
Project("{8BC9CEB8-8B4A-11D0-8D11-00A0C91BC942}") = "render_win32", "render_win32.vcproj", "{80A6FBF6-BDD2-49F1-A105-0353DCCA27FB}"
	ProjectSection(ProjectDependencies) = postProject
		{D08F0892-8AF5-492E-8EFA-BF51E5F25EE7} = {D08F0892-8AF5-492E-8EFA-BF51E5F25EE7}
		{90ECCA6D-A595-409F-B65A-63055B976FD9} = {90ECCA6D-A595-409F-B65A-63055B976FD9}
		{5D66DDF3-F80B-4D00-9D5A-74F35E826E09} = {5D66DDF3-F80B-4D00-9D5A-74F35E826E09}
		{63B2AE2D-0275-4D21-8F56-934AD13BD341} = {63B2AE2D-0275-4D21-8F56-934AD13BD341}
		{24D3D3A6-EB41-4DCA-8AE0-31D09723704C} = {24D3D3A6-EB41-4DCA-8AE0-31D09723704C}
		{E90947FC-C80C-4FE3-8DCB-282C38583415} = {E90947FC-C80C-4FE3-8DCB-282C38583415}
		{77BE9AA4-CDD0-45AC-9588-419F5EF5528C} = {77BE9AA4-CDD0-45AC-9588-419F5EF5528C}
	EndProjectSection
EndProject
Project("{8BC9CEB8-8B4A-11D0-8D11-00A0C91BC942}") = "tinyxml_win32", "tinyxml_win32.vcproj", "{06E819D3-D9AF-49DD-9D57-2C1D78BED8CC}"
EndProject
Project("{8BC9CEB8-8B4A-11D0-8D11-00A0C91BC942}") = "zlib_win32", "zlib_win32.vcproj", "{9943D755-3946-49FD-A9C1-14587D459409}"
EndProject
Project("{8BC9CEB8-8B4A-11D0-8D11-00A0C91BC942}") = "db_win32", "db_win32.vcproj", "{4A641CAA-08D7-4CBF-A38C-B18AE4190159}"
EndProject
Project("{8BC9CEB8-8B4A-11D0-8D11-00A0C91BC942}") = "sqlite_win32", "sqlite_win32.vcproj", "{D6DCAF7B-42FD-4B94-BF26-0100E8AE56B1}"
EndProject
Project("{8BC9CEB8-8B4A-11D0-8D11-00A0C91BC942}") = "attr_win32", "attr_win32.vcproj", "{CA6AC26C-3437-4CC9-9EBD-0C23C3EC0D13}"
EndProject
Project("{8BC9CEB8-8B4A-11D0-8D11-00A0C91BC942}") = "remote_win32", "remote_win32.vcproj", "{5DA7AFE2-521B-4637-8634-749318E74BE5}"
	ProjectSection(ProjectDependencies) = postProject
		{1107172E-0FDE-45E0-8CD0-7DE1238083C2} = {1107172E-0FDE-45E0-8CD0-7DE1238083C2}
	EndProjectSection
EndProject
Project("{8BC9CEB8-8B4A-11D0-8D11-00A0C91BC942}") = "toolkitutil_win32", "toolkitutil_win32.vcproj", "{C587AC12-1554-4E21-B39D-3326C3E6931A}"
EndProject
Project("{8BC9CEB8-8B4A-11D0-8D11-00A0C91BC942}") = "charxmltodb3", "charxmltodb3.vcproj", "{7D6CC1BF-E05E-4066-A190-411C2CC14754}"
	ProjectSection(ProjectDependencies) = postProject
		{AA638DB2-2940-4F5E-8777-BD6A62A202D2} = {AA638DB2-2940-4F5E-8777-BD6A62A202D2}
		{80A6FBF6-BDD2-49F1-A105-0353DCCA27FB} = {80A6FBF6-BDD2-49F1-A105-0353DCCA27FB}
		{9943D755-3946-49FD-A9C1-14587D459409} = {9943D755-3946-49FD-A9C1-14587D459409}
		{06E819D3-D9AF-49DD-9D57-2C1D78BED8CC} = {06E819D3-D9AF-49DD-9D57-2C1D78BED8CC}
		{D6DCAF7B-42FD-4B94-BF26-0100E8AE56B1} = {D6DCAF7B-42FD-4B94-BF26-0100E8AE56B1}
		{4A641CAA-08D7-4CBF-A38C-B18AE4190159} = {4A641CAA-08D7-4CBF-A38C-B18AE4190159}
		{CA6AC26C-3437-4CC9-9EBD-0C23C3EC0D13} = {CA6AC26C-3437-4CC9-9EBD-0C23C3EC0D13}
	EndProjectSection
EndProject
Project("{8BC9CEB8-8B4A-11D0-8D11-00A0C91BC942}") = "shaderbatcher3", "shaderbatcher3.vcproj", "{0B0084A0-4826-4AC3-A1E6-6D3F5F9940DF}"
	ProjectSection(ProjectDependencies) = postProject
		{AA638DB2-2940-4F5E-8777-BD6A62A202D2} = {AA638DB2-2940-4F5E-8777-BD6A62A202D2}
		{9943D755-3946-49FD-A9C1-14587D459409} = {9943D755-3946-49FD-A9C1-14587D459409}
		{06E819D3-D9AF-49DD-9D57-2C1D78BED8CC} = {06E819D3-D9AF-49DD-9D57-2C1D78BED8CC}
		{C587AC12-1554-4E21-B39D-3326C3E6931A} = {C587AC12-1554-4E21-B39D-3326C3E6931A}
	EndProjectSection
EndProject
Project("{8BC9CEB8-8B4A-11D0-8D11-00A0C91BC942}") = "texturebatcher3", "texturebatcher3.vcproj", "{B5F501DF-F371-46E6-B760-97B7CF744FE5}"
	ProjectSection(ProjectDependencies) = postProject
		{AA638DB2-2940-4F5E-8777-BD6A62A202D2} = {AA638DB2-2940-4F5E-8777-BD6A62A202D2}
		{9943D755-3946-49FD-A9C1-14587D459409} = {9943D755-3946-49FD-A9C1-14587D459409}
		{06E819D3-D9AF-49DD-9D57-2C1D78BED8CC} = {06E819D3-D9AF-49DD-9D57-2C1D78BED8CC}
		{C587AC12-1554-4E21-B39D-3326C3E6931A} = {C587AC12-1554-4E21-B39D-3326C3E6931A}
	EndProjectSection
EndProject
Project("{8BC9CEB8-8B4A-11D0-8D11-00A0C91BC942}") = "buildresdict3", "buildresdict3.vcproj", "{1CECD4CB-2B63-4F16-B444-E0D00429C597}"
	ProjectSection(ProjectDependencies) = postProject
		{AA638DB2-2940-4F5E-8777-BD6A62A202D2} = {AA638DB2-2940-4F5E-8777-BD6A62A202D2}
		{80A6FBF6-BDD2-49F1-A105-0353DCCA27FB} = {80A6FBF6-BDD2-49F1-A105-0353DCCA27FB}
		{9943D755-3946-49FD-A9C1-14587D459409} = {9943D755-3946-49FD-A9C1-14587D459409}
		{06E819D3-D9AF-49DD-9D57-2C1D78BED8CC} = {06E819D3-D9AF-49DD-9D57-2C1D78BED8CC}
		{C587AC12-1554-4E21-B39D-3326C3E6931A} = {C587AC12-1554-4E21-B39D-3326C3E6931A}
	EndProjectSection
EndProject
Project("{8BC9CEB8-8B4A-11D0-8D11-00A0C91BC942}") = "audiobatcher3", "audiobatcher3.vcproj", "{1E0C2D40-4DF7-42CC-BF77-91403CF7971D}"
	ProjectSection(ProjectDependencies) = postProject
		{AA638DB2-2940-4F5E-8777-BD6A62A202D2} = {AA638DB2-2940-4F5E-8777-BD6A62A202D2}
		{9943D755-3946-49FD-A9C1-14587D459409} = {9943D755-3946-49FD-A9C1-14587D459409}
		{06E819D3-D9AF-49DD-9D57-2C1D78BED8CC} = {06E819D3-D9AF-49DD-9D57-2C1D78BED8CC}
		{C587AC12-1554-4E21-B39D-3326C3E6931A} = {C587AC12-1554-4E21-B39D-3326C3E6931A}
	EndProjectSection
EndProject
Project("{8BC9CEB8-8B4A-11D0-8D11-00A0C91BC942}") = "scaleformbatcher3", "scaleformbatcher3.vcproj", "{FC9F0DBB-4CF6-46A5-8BD2-AF9C8919D125}"
	ProjectSection(ProjectDependencies) = postProject
		{AA638DB2-2940-4F5E-8777-BD6A62A202D2} = {AA638DB2-2940-4F5E-8777-BD6A62A202D2}
		{9943D755-3946-49FD-A9C1-14587D459409} = {9943D755-3946-49FD-A9C1-14587D459409}
		{06E819D3-D9AF-49DD-9D57-2C1D78BED8CC} = {06E819D3-D9AF-49DD-9D57-2C1D78BED8CC}
		{C587AC12-1554-4E21-B39D-3326C3E6931A} = {C587AC12-1554-4E21-B39D-3326C3E6931A}
	EndProjectSection
EndProject
Project("{8BC9CEB8-8B4A-11D0-8D11-00A0C91BC942}") = "buildclassregistryheader", "buildclassregistryheader.vcproj", "{7AA54952-3BB4-4BF6-A7AD-7097B2795940}"
	ProjectSection(ProjectDependencies) = postProject
		{AA638DB2-2940-4F5E-8777-BD6A62A202D2} = {AA638DB2-2940-4F5E-8777-BD6A62A202D2}
		{9943D755-3946-49FD-A9C1-14587D459409} = {9943D755-3946-49FD-A9C1-14587D459409}
		{06E819D3-D9AF-49DD-9D57-2C1D78BED8CC} = {06E819D3-D9AF-49DD-9D57-2C1D78BED8CC}
	EndProjectSection
EndProject
Project("{8BC9CEB8-8B4A-11D0-8D11-00A0C91BC942}") = "n2converter3", "n2converter3.vcproj", "{1E22DEB5-713D-40BB-80E7-B019E7E2B3F0}"
	ProjectSection(ProjectDependencies) = postProject
		{AA638DB2-2940-4F5E-8777-BD6A62A202D2} = {AA638DB2-2940-4F5E-8777-BD6A62A202D2}
		{80A6FBF6-BDD2-49F1-A105-0353DCCA27FB} = {80A6FBF6-BDD2-49F1-A105-0353DCCA27FB}
		{9943D755-3946-49FD-A9C1-14587D459409} = {9943D755-3946-49FD-A9C1-14587D459409}
		{06E819D3-D9AF-49DD-9D57-2C1D78BED8CC} = {06E819D3-D9AF-49DD-9D57-2C1D78BED8CC}
		{C587AC12-1554-4E21-B39D-3326C3E6931A} = {C587AC12-1554-4E21-B39D-3326C3E6931A}
	EndProjectSection
EndProject
Project("{8BC9CEB8-8B4A-11D0-8D11-00A0C91BC942}") = "n2batchconverter3", "n2batchconverter3.vcproj", "{25594D80-D72B-44C7-A2BD-A55F10B1AB16}"
	ProjectSection(ProjectDependencies) = postProject
		{AA638DB2-2940-4F5E-8777-BD6A62A202D2} = {AA638DB2-2940-4F5E-8777-BD6A62A202D2}
		{80A6FBF6-BDD2-49F1-A105-0353DCCA27FB} = {80A6FBF6-BDD2-49F1-A105-0353DCCA27FB}
		{9943D755-3946-49FD-A9C1-14587D459409} = {9943D755-3946-49FD-A9C1-14587D459409}
		{06E819D3-D9AF-49DD-9D57-2C1D78BED8CC} = {06E819D3-D9AF-49DD-9D57-2C1D78BED8CC}
		{C587AC12-1554-4E21-B39D-3326C3E6931A} = {C587AC12-1554-4E21-B39D-3326C3E6931A}
	EndProjectSection
EndProject
Project("{8BC9CEB8-8B4A-11D0-8D11-00A0C91BC942}") = "sequenceconverter3", "sequenceconverter3.vcproj", "{111D4C62-4214-41EF-AAF7-1772298319FA}"
	ProjectSection(ProjectDependencies) = postProject
		{AA638DB2-2940-4F5E-8777-BD6A62A202D2} = {AA638DB2-2940-4F5E-8777-BD6A62A202D2}
		{9943D755-3946-49FD-A9C1-14587D459409} = {9943D755-3946-49FD-A9C1-14587D459409}
		{06E819D3-D9AF-49DD-9D57-2C1D78BED8CC} = {06E819D3-D9AF-49DD-9D57-2C1D78BED8CC}
		{C587AC12-1554-4E21-B39D-3326C3E6931A} = {C587AC12-1554-4E21-B39D-3326C3E6931A}
	EndProjectSection
EndProject
Project("{8BC9CEB8-8B4A-11D0-8D11-00A0C91BC942}") = "synctool3", "synctool3.vcproj", "{E1CBA62C-58CD-4477-ACBE-C9133F041B43}"
	ProjectSection(ProjectDependencies) = postProject
		{AA638DB2-2940-4F5E-8777-BD6A62A202D2} = {AA638DB2-2940-4F5E-8777-BD6A62A202D2}
		{9943D755-3946-49FD-A9C1-14587D459409} = {9943D755-3946-49FD-A9C1-14587D459409}
		{06E819D3-D9AF-49DD-9D57-2C1D78BED8CC} = {06E819D3-D9AF-49DD-9D57-2C1D78BED8CC}
		{C587AC12-1554-4E21-B39D-3326C3E6931A} = {C587AC12-1554-4E21-B39D-3326C3E6931A}
	EndProjectSection
EndProject
Project("{8BC9CEB8-8B4A-11D0-8D11-00A0C91BC942}") = "archiver3", "archiver3.vcproj", "{1CCAA77A-149B-462C-B984-193777478A55}"
	ProjectSection(ProjectDependencies) = postProject
		{AA638DB2-2940-4F5E-8777-BD6A62A202D2} = {AA638DB2-2940-4F5E-8777-BD6A62A202D2}
		{9943D755-3946-49FD-A9C1-14587D459409} = {9943D755-3946-49FD-A9C1-14587D459409}
		{06E819D3-D9AF-49DD-9D57-2C1D78BED8CC} = {06E819D3-D9AF-49DD-9D57-2C1D78BED8CC}
		{C587AC12-1554-4E21-B39D-3326C3E6931A} = {C587AC12-1554-4E21-B39D-3326C3E6931A}
	EndProjectSection
EndProject
Project("{8BC9CEB8-8B4A-11D0-8D11-00A0C91BC942}") = "suiconverter3", "suiconverter3.vcproj", "{CEFBCC80-CB31-4624-9EF6-B7E45C75702D}"
	ProjectSection(ProjectDependencies) = postProject
		{AA638DB2-2940-4F5E-8777-BD6A62A202D2} = {AA638DB2-2940-4F5E-8777-BD6A62A202D2}
		{9943D755-3946-49FD-A9C1-14587D459409} = {9943D755-3946-49FD-A9C1-14587D459409}
		{06E819D3-D9AF-49DD-9D57-2C1D78BED8CC} = {06E819D3-D9AF-49DD-9D57-2C1D78BED8CC}
		{C587AC12-1554-4E21-B39D-3326C3E6931A} = {C587AC12-1554-4E21-B39D-3326C3E6931A}
	EndProjectSection
EndProject
Project("{8BC9CEB8-8B4A-11D0-8D11-00A0C91BC942}") = "countlines3", "countlines3.vcproj", "{5D4BB14B-0126-4EF6-886B-27636F3BCC2E}"
	ProjectSection(ProjectDependencies) = postProject
		{AA638DB2-2940-4F5E-8777-BD6A62A202D2} = {AA638DB2-2940-4F5E-8777-BD6A62A202D2}
		{9943D755-3946-49FD-A9C1-14587D459409} = {9943D755-3946-49FD-A9C1-14587D459409}
		{06E819D3-D9AF-49DD-9D57-2C1D78BED8CC} = {06E819D3-D9AF-49DD-9D57-2C1D78BED8CC}
		{C587AC12-1554-4E21-B39D-3326C3E6931A} = {C587AC12-1554-4E21-B39D-3326C3E6931A}
	EndProjectSection
EndProject
Project("{8BC9CEB8-8B4A-11D0-8D11-00A0C91BC942}") = "animconverter3", "animconverter3.vcproj", "{B12CDD2C-C8D6-49B6-8A04-F3BF11217E8A}"
	ProjectSection(ProjectDependencies) = postProject
		{AA638DB2-2940-4F5E-8777-BD6A62A202D2} = {AA638DB2-2940-4F5E-8777-BD6A62A202D2}
		{9943D755-3946-49FD-A9C1-14587D459409} = {9943D755-3946-49FD-A9C1-14587D459409}
		{06E819D3-D9AF-49DD-9D57-2C1D78BED8CC} = {06E819D3-D9AF-49DD-9D57-2C1D78BED8CC}
		{C587AC12-1554-4E21-B39D-3326C3E6931A} = {C587AC12-1554-4E21-B39D-3326C3E6931A}
	EndProjectSection
EndProject
Project("{8BC9CEB8-8B4A-11D0-8D11-00A0C91BC942}") = "n2tableconverter", "n2tableconverter.vcproj", "{C5157184-8B4B-4AA8-8B8D-63E4E0457AE2}"
	ProjectSection(ProjectDependencies) = postProject
		{AA638DB2-2940-4F5E-8777-BD6A62A202D2} = {AA638DB2-2940-4F5E-8777-BD6A62A202D2}
		{9943D755-3946-49FD-A9C1-14587D459409} = {9943D755-3946-49FD-A9C1-14587D459409}
		{06E819D3-D9AF-49DD-9D57-2C1D78BED8CC} = {06E819D3-D9AF-49DD-9D57-2C1D78BED8CC}
		{C587AC12-1554-4E21-B39D-3326C3E6931A} = {C587AC12-1554-4E21-B39D-3326C3E6931A}
	EndProjectSection
EndProject
Project("{8BC9CEB8-8B4A-11D0-8D11-00A0C91BC942}") = "binaryxmlconverter3", "binaryxmlconverter3.vcproj", "{70174997-0ED7-42B3-BD73-F3518D364ED3}"
	ProjectSection(ProjectDependencies) = postProject
		{AA638DB2-2940-4F5E-8777-BD6A62A202D2} = {AA638DB2-2940-4F5E-8777-BD6A62A202D2}
		{9943D755-3946-49FD-A9C1-14587D459409} = {9943D755-3946-49FD-A9C1-14587D459409}
		{06E819D3-D9AF-49DD-9D57-2C1D78BED8CC} = {06E819D3-D9AF-49DD-9D57-2C1D78BED8CC}
		{C587AC12-1554-4E21-B39D-3326C3E6931A} = {C587AC12-1554-4E21-B39D-3326C3E6931A}
	EndProjectSection
EndProject
Project("{8BC9CEB8-8B4A-11D0-8D11-00A0C91BC942}") = "distributedtesttool", "distributedtesttool.vcproj", "{9B7F3D95-2E16-4953-AB98-7578E096DB0D}"
	ProjectSection(ProjectDependencies) = postProject
		{AA638DB2-2940-4F5E-8777-BD6A62A202D2} = {AA638DB2-2940-4F5E-8777-BD6A62A202D2}
		{9943D755-3946-49FD-A9C1-14587D459409} = {9943D755-3946-49FD-A9C1-14587D459409}
		{06E819D3-D9AF-49DD-9D57-2C1D78BED8CC} = {06E819D3-D9AF-49DD-9D57-2C1D78BED8CC}
		{C587AC12-1554-4E21-B39D-3326C3E6931A} = {C587AC12-1554-4E21-B39D-3326C3E6931A}
	EndProjectSection
EndProject
Project("{8BC9CEB8-8B4A-11D0-8D11-00A0C91BC942}") = "distributedjobservice", "distributedjobservice.vcproj", "{C948FDC5-0AA8-4D4B-A670-3E8E28DB9449}"
	ProjectSection(ProjectDependencies) = postProject
		{AA638DB2-2940-4F5E-8777-BD6A62A202D2} = {AA638DB2-2940-4F5E-8777-BD6A62A202D2}
		{9943D755-3946-49FD-A9C1-14587D459409} = {9943D755-3946-49FD-A9C1-14587D459409}
		{06E819D3-D9AF-49DD-9D57-2C1D78BED8CC} = {06E819D3-D9AF-49DD-9D57-2C1D78BED8CC}
		{C587AC12-1554-4E21-B39D-3326C3E6931A} = {C587AC12-1554-4E21-B39D-3326C3E6931A}
	EndProjectSection
EndProject
Project("{8BC9CEB8-8B4A-11D0-8D11-00A0C91BC942}") = "n3viewer", "n3viewer.vcproj", "{FAD9B7BA-4921-4FE8-84DD-7AD935399F89}"
	ProjectSection(ProjectDependencies) = postProject
		{AA638DB2-2940-4F5E-8777-BD6A62A202D2} = {AA638DB2-2940-4F5E-8777-BD6A62A202D2}
		{80A6FBF6-BDD2-49F1-A105-0353DCCA27FB} = {80A6FBF6-BDD2-49F1-A105-0353DCCA27FB}
		{9943D755-3946-49FD-A9C1-14587D459409} = {9943D755-3946-49FD-A9C1-14587D459409}
		{06E819D3-D9AF-49DD-9D57-2C1D78BED8CC} = {06E819D3-D9AF-49DD-9D57-2C1D78BED8CC}
		{5DA7AFE2-521B-4637-8634-749318E74BE5} = {5DA7AFE2-521B-4637-8634-749318E74BE5}
		{C587AC12-1554-4E21-B39D-3326C3E6931A} = {C587AC12-1554-4E21-B39D-3326C3E6931A}
	EndProjectSection
EndProject
Global
	GlobalSection(SolutionConfigurationPlatforms) = preSolution
		Debug|Win32 = Debug|Win32
		Release|Win32 = Release|Win32
		Maya_Debug|Win32 = Maya_Debug|Win32
		Maya_Release|Win32 = Maya_Release|Win32
	EndGlobalSection
	GlobalSection(ProjectConfigurationPlatforms) = postSolution
		{48B95670-F339-4004-9506-9E9818C3BC1F}.Debug|Win32.ActiveCfg = Debug|Win32
		{48B95670-F339-4004-9506-9E9818C3BC1F}.Debug|Win32.Build.0 = Debug|Win32
		{48B95670-F339-4004-9506-9E9818C3BC1F}.Release|Win32.ActiveCfg = Release|Win32
		{48B95670-F339-4004-9506-9E9818C3BC1F}.Release|Win32.Build.0 = Release|Win32
		{48B95670-F339-4004-9506-9E9818C3BC1F}.Maya_Debug|Win32.ActiveCfg = Maya_Debug|Win32
		{48B95670-F339-4004-9506-9E9818C3BC1F}.Maya_Debug|Win32.Build.0 = Maya_Debug|Win32
		{48B95670-F339-4004-9506-9E9818C3BC1F}.Maya_Release|Win32.ActiveCfg = Maya_Release|Win32
		{48B95670-F339-4004-9506-9E9818C3BC1F}.Maya_Release|Win32.Build.0 = Maya_Release|Win32
		{D08F0892-8AF5-492E-8EFA-BF51E5F25EE7}.Debug|Win32.ActiveCfg = Debug|Win32
		{D08F0892-8AF5-492E-8EFA-BF51E5F25EE7}.Debug|Win32.Build.0 = Debug|Win32
		{D08F0892-8AF5-492E-8EFA-BF51E5F25EE7}.Release|Win32.ActiveCfg = Release|Win32
		{D08F0892-8AF5-492E-8EFA-BF51E5F25EE7}.Release|Win32.Build.0 = Release|Win32
		{D08F0892-8AF5-492E-8EFA-BF51E5F25EE7}.Maya_Debug|Win32.ActiveCfg = Maya_Debug|Win32
		{D08F0892-8AF5-492E-8EFA-BF51E5F25EE7}.Maya_Debug|Win32.Build.0 = Maya_Debug|Win32
		{D08F0892-8AF5-492E-8EFA-BF51E5F25EE7}.Maya_Release|Win32.ActiveCfg = Maya_Release|Win32
		{D08F0892-8AF5-492E-8EFA-BF51E5F25EE7}.Maya_Release|Win32.Build.0 = Maya_Release|Win32
		{1107172E-0FDE-45E0-8CD0-7DE1238083C2}.Debug|Win32.ActiveCfg = Debug|Win32
		{1107172E-0FDE-45E0-8CD0-7DE1238083C2}.Debug|Win32.Build.0 = Debug|Win32
		{1107172E-0FDE-45E0-8CD0-7DE1238083C2}.Release|Win32.ActiveCfg = Release|Win32
		{1107172E-0FDE-45E0-8CD0-7DE1238083C2}.Release|Win32.Build.0 = Release|Win32
		{1107172E-0FDE-45E0-8CD0-7DE1238083C2}.Maya_Debug|Win32.ActiveCfg = Maya_Debug|Win32
		{1107172E-0FDE-45E0-8CD0-7DE1238083C2}.Maya_Debug|Win32.Build.0 = Maya_Debug|Win32
		{1107172E-0FDE-45E0-8CD0-7DE1238083C2}.Maya_Release|Win32.ActiveCfg = Maya_Release|Win32
		{1107172E-0FDE-45E0-8CD0-7DE1238083C2}.Maya_Release|Win32.Build.0 = Maya_Release|Win32
		{90ECCA6D-A595-409F-B65A-63055B976FD9}.Debug|Win32.ActiveCfg = Debug|Win32
		{90ECCA6D-A595-409F-B65A-63055B976FD9}.Debug|Win32.Build.0 = Debug|Win32
		{90ECCA6D-A595-409F-B65A-63055B976FD9}.Release|Win32.ActiveCfg = Release|Win32
		{90ECCA6D-A595-409F-B65A-63055B976FD9}.Release|Win32.Build.0 = Release|Win32
		{90ECCA6D-A595-409F-B65A-63055B976FD9}.Maya_Debug|Win32.ActiveCfg = Maya_Debug|Win32
		{90ECCA6D-A595-409F-B65A-63055B976FD9}.Maya_Debug|Win32.Build.0 = Maya_Debug|Win32
		{90ECCA6D-A595-409F-B65A-63055B976FD9}.Maya_Release|Win32.ActiveCfg = Maya_Release|Win32
		{90ECCA6D-A595-409F-B65A-63055B976FD9}.Maya_Release|Win32.Build.0 = Maya_Release|Win32
		{63B2AE2D-0275-4D21-8F56-934AD13BD341}.Debug|Win32.ActiveCfg = Debug|Win32
		{63B2AE2D-0275-4D21-8F56-934AD13BD341}.Debug|Win32.Build.0 = Debug|Win32
		{63B2AE2D-0275-4D21-8F56-934AD13BD341}.Release|Win32.ActiveCfg = Release|Win32
		{63B2AE2D-0275-4D21-8F56-934AD13BD341}.Release|Win32.Build.0 = Release|Win32
		{63B2AE2D-0275-4D21-8F56-934AD13BD341}.Maya_Debug|Win32.ActiveCfg = Maya_Debug|Win32
		{63B2AE2D-0275-4D21-8F56-934AD13BD341}.Maya_Debug|Win32.Build.0 = Maya_Debug|Win32
		{63B2AE2D-0275-4D21-8F56-934AD13BD341}.Maya_Release|Win32.ActiveCfg = Maya_Release|Win32
		{63B2AE2D-0275-4D21-8F56-934AD13BD341}.Maya_Release|Win32.Build.0 = Maya_Release|Win32
		{24D3D3A6-EB41-4DCA-8AE0-31D09723704C}.Debug|Win32.ActiveCfg = Debug|Win32
		{24D3D3A6-EB41-4DCA-8AE0-31D09723704C}.Debug|Win32.Build.0 = Debug|Win32
		{24D3D3A6-EB41-4DCA-8AE0-31D09723704C}.Release|Win32.ActiveCfg = Release|Win32
		{24D3D3A6-EB41-4DCA-8AE0-31D09723704C}.Release|Win32.Build.0 = Release|Win32
		{24D3D3A6-EB41-4DCA-8AE0-31D09723704C}.Maya_Debug|Win32.ActiveCfg = Maya_Debug|Win32
		{24D3D3A6-EB41-4DCA-8AE0-31D09723704C}.Maya_Debug|Win32.Build.0 = Maya_Debug|Win32
		{24D3D3A6-EB41-4DCA-8AE0-31D09723704C}.Maya_Release|Win32.ActiveCfg = Maya_Release|Win32
		{24D3D3A6-EB41-4DCA-8AE0-31D09723704C}.Maya_Release|Win32.Build.0 = Maya_Release|Win32
		{5D66DDF3-F80B-4D00-9D5A-74F35E826E09}.Debug|Win32.ActiveCfg = Debug|Win32
		{5D66DDF3-F80B-4D00-9D5A-74F35E826E09}.Debug|Win32.Build.0 = Debug|Win32
		{5D66DDF3-F80B-4D00-9D5A-74F35E826E09}.Release|Win32.ActiveCfg = Release|Win32
		{5D66DDF3-F80B-4D00-9D5A-74F35E826E09}.Release|Win32.Build.0 = Release|Win32
		{5D66DDF3-F80B-4D00-9D5A-74F35E826E09}.Maya_Debug|Win32.ActiveCfg = Maya_Debug|Win32
		{5D66DDF3-F80B-4D00-9D5A-74F35E826E09}.Maya_Debug|Win32.Build.0 = Maya_Debug|Win32
		{5D66DDF3-F80B-4D00-9D5A-74F35E826E09}.Maya_Release|Win32.ActiveCfg = Maya_Release|Win32
		{5D66DDF3-F80B-4D00-9D5A-74F35E826E09}.Maya_Release|Win32.Build.0 = Maya_Release|Win32
		{E90947FC-C80C-4FE3-8DCB-282C38583415}.Debug|Win32.ActiveCfg = Debug|Win32
		{E90947FC-C80C-4FE3-8DCB-282C38583415}.Debug|Win32.Build.0 = Debug|Win32
		{E90947FC-C80C-4FE3-8DCB-282C38583415}.Release|Win32.ActiveCfg = Release|Win32
		{E90947FC-C80C-4FE3-8DCB-282C38583415}.Release|Win32.Build.0 = Release|Win32
		{E90947FC-C80C-4FE3-8DCB-282C38583415}.Maya_Debug|Win32.ActiveCfg = Maya_Debug|Win32
		{E90947FC-C80C-4FE3-8DCB-282C38583415}.Maya_Debug|Win32.Build.0 = Maya_Debug|Win32
		{E90947FC-C80C-4FE3-8DCB-282C38583415}.Maya_Release|Win32.ActiveCfg = Maya_Release|Win32
		{E90947FC-C80C-4FE3-8DCB-282C38583415}.Maya_Release|Win32.Build.0 = Maya_Release|Win32
		{77BE9AA4-CDD0-45AC-9588-419F5EF5528C}.Debug|Win32.ActiveCfg = Debug|Win32
		{77BE9AA4-CDD0-45AC-9588-419F5EF5528C}.Debug|Win32.Build.0 = Debug|Win32
		{77BE9AA4-CDD0-45AC-9588-419F5EF5528C}.Release|Win32.ActiveCfg = Release|Win32
		{77BE9AA4-CDD0-45AC-9588-419F5EF5528C}.Release|Win32.Build.0 = Release|Win32
		{77BE9AA4-CDD0-45AC-9588-419F5EF5528C}.Maya_Debug|Win32.ActiveCfg = Maya_Debug|Win32
		{77BE9AA4-CDD0-45AC-9588-419F5EF5528C}.Maya_Debug|Win32.Build.0 = Maya_Debug|Win32
		{77BE9AA4-CDD0-45AC-9588-419F5EF5528C}.Maya_Release|Win32.ActiveCfg = Maya_Release|Win32
		{77BE9AA4-CDD0-45AC-9588-419F5EF5528C}.Maya_Release|Win32.Build.0 = Maya_Release|Win32
		{AA638DB2-2940-4F5E-8777-BD6A62A202D2}.Debug|Win32.ActiveCfg = Debug|Win32
		{AA638DB2-2940-4F5E-8777-BD6A62A202D2}.Debug|Win32.Build.0 = Debug|Win32
		{AA638DB2-2940-4F5E-8777-BD6A62A202D2}.Release|Win32.ActiveCfg = Release|Win32
		{AA638DB2-2940-4F5E-8777-BD6A62A202D2}.Release|Win32.Build.0 = Release|Win32
		{AA638DB2-2940-4F5E-8777-BD6A62A202D2}.Maya_Debug|Win32.ActiveCfg = Maya_Debug|Win32
		{AA638DB2-2940-4F5E-8777-BD6A62A202D2}.Maya_Debug|Win32.Build.0 = Maya_Debug|Win32
		{AA638DB2-2940-4F5E-8777-BD6A62A202D2}.Maya_Release|Win32.ActiveCfg = Maya_Release|Win32
		{AA638DB2-2940-4F5E-8777-BD6A62A202D2}.Maya_Release|Win32.Build.0 = Maya_Release|Win32
		{80A6FBF6-BDD2-49F1-A105-0353DCCA27FB}.Debug|Win32.ActiveCfg = Debug|Win32
		{80A6FBF6-BDD2-49F1-A105-0353DCCA27FB}.Debug|Win32.Build.0 = Debug|Win32
		{80A6FBF6-BDD2-49F1-A105-0353DCCA27FB}.Release|Win32.ActiveCfg = Release|Win32
		{80A6FBF6-BDD2-49F1-A105-0353DCCA27FB}.Release|Win32.Build.0 = Release|Win32
		{80A6FBF6-BDD2-49F1-A105-0353DCCA27FB}.Maya_Debug|Win32.ActiveCfg = Maya_Debug|Win32
		{80A6FBF6-BDD2-49F1-A105-0353DCCA27FB}.Maya_Debug|Win32.Build.0 = Maya_Debug|Win32
		{80A6FBF6-BDD2-49F1-A105-0353DCCA27FB}.Maya_Release|Win32.ActiveCfg = Maya_Release|Win32
		{80A6FBF6-BDD2-49F1-A105-0353DCCA27FB}.Maya_Release|Win32.Build.0 = Maya_Release|Win32
		{06E819D3-D9AF-49DD-9D57-2C1D78BED8CC}.Debug|Win32.ActiveCfg = Debug|Win32
		{06E819D3-D9AF-49DD-9D57-2C1D78BED8CC}.Debug|Win32.Build.0 = Debug|Win32
		{06E819D3-D9AF-49DD-9D57-2C1D78BED8CC}.Release|Win32.ActiveCfg = Release|Win32
		{06E819D3-D9AF-49DD-9D57-2C1D78BED8CC}.Release|Win32.Build.0 = Release|Win32
		{06E819D3-D9AF-49DD-9D57-2C1D78BED8CC}.Maya_Debug|Win32.ActiveCfg = Maya_Debug|Win32
		{06E819D3-D9AF-49DD-9D57-2C1D78BED8CC}.Maya_Debug|Win32.Build.0 = Maya_Debug|Win32
		{06E819D3-D9AF-49DD-9D57-2C1D78BED8CC}.Maya_Release|Win32.ActiveCfg = Maya_Release|Win32
		{06E819D3-D9AF-49DD-9D57-2C1D78BED8CC}.Maya_Release|Win32.Build.0 = Maya_Release|Win32
		{9943D755-3946-49FD-A9C1-14587D459409}.Debug|Win32.ActiveCfg = Debug|Win32
		{9943D755-3946-49FD-A9C1-14587D459409}.Debug|Win32.Build.0 = Debug|Win32
		{9943D755-3946-49FD-A9C1-14587D459409}.Release|Win32.ActiveCfg = Release|Win32
		{9943D755-3946-49FD-A9C1-14587D459409}.Release|Win32.Build.0 = Release|Win32
		{9943D755-3946-49FD-A9C1-14587D459409}.Maya_Debug|Win32.ActiveCfg = Maya_Debug|Win32
		{9943D755-3946-49FD-A9C1-14587D459409}.Maya_Debug|Win32.Build.0 = Maya_Debug|Win32
		{9943D755-3946-49FD-A9C1-14587D459409}.Maya_Release|Win32.ActiveCfg = Maya_Release|Win32
		{9943D755-3946-49FD-A9C1-14587D459409}.Maya_Release|Win32.Build.0 = Maya_Release|Win32
		{4A641CAA-08D7-4CBF-A38C-B18AE4190159}.Debug|Win32.ActiveCfg = Debug|Win32
		{4A641CAA-08D7-4CBF-A38C-B18AE4190159}.Debug|Win32.Build.0 = Debug|Win32
		{4A641CAA-08D7-4CBF-A38C-B18AE4190159}.Release|Win32.ActiveCfg = Release|Win32
		{4A641CAA-08D7-4CBF-A38C-B18AE4190159}.Release|Win32.Build.0 = Release|Win32
		{4A641CAA-08D7-4CBF-A38C-B18AE4190159}.Maya_Debug|Win32.ActiveCfg = Maya_Debug|Win32
		{4A641CAA-08D7-4CBF-A38C-B18AE4190159}.Maya_Debug|Win32.Build.0 = Maya_Debug|Win32
		{4A641CAA-08D7-4CBF-A38C-B18AE4190159}.Maya_Release|Win32.ActiveCfg = Maya_Release|Win32
		{4A641CAA-08D7-4CBF-A38C-B18AE4190159}.Maya_Release|Win32.Build.0 = Maya_Release|Win32
		{D6DCAF7B-42FD-4B94-BF26-0100E8AE56B1}.Debug|Win32.ActiveCfg = Debug|Win32
		{D6DCAF7B-42FD-4B94-BF26-0100E8AE56B1}.Debug|Win32.Build.0 = Debug|Win32
		{D6DCAF7B-42FD-4B94-BF26-0100E8AE56B1}.Release|Win32.ActiveCfg = Release|Win32
		{D6DCAF7B-42FD-4B94-BF26-0100E8AE56B1}.Release|Win32.Build.0 = Release|Win32
		{D6DCAF7B-42FD-4B94-BF26-0100E8AE56B1}.Maya_Debug|Win32.ActiveCfg = Maya_Debug|Win32
		{D6DCAF7B-42FD-4B94-BF26-0100E8AE56B1}.Maya_Debug|Win32.Build.0 = Maya_Debug|Win32
		{D6DCAF7B-42FD-4B94-BF26-0100E8AE56B1}.Maya_Release|Win32.ActiveCfg = Maya_Release|Win32
		{D6DCAF7B-42FD-4B94-BF26-0100E8AE56B1}.Maya_Release|Win32.Build.0 = Maya_Release|Win32
		{CA6AC26C-3437-4CC9-9EBD-0C23C3EC0D13}.Debug|Win32.ActiveCfg = Debug|Win32
		{CA6AC26C-3437-4CC9-9EBD-0C23C3EC0D13}.Debug|Win32.Build.0 = Debug|Win32
		{CA6AC26C-3437-4CC9-9EBD-0C23C3EC0D13}.Release|Win32.ActiveCfg = Release|Win32
		{CA6AC26C-3437-4CC9-9EBD-0C23C3EC0D13}.Release|Win32.Build.0 = Release|Win32
		{CA6AC26C-3437-4CC9-9EBD-0C23C3EC0D13}.Maya_Debug|Win32.ActiveCfg = Maya_Debug|Win32
		{CA6AC26C-3437-4CC9-9EBD-0C23C3EC0D13}.Maya_Debug|Win32.Build.0 = Maya_Debug|Win32
		{CA6AC26C-3437-4CC9-9EBD-0C23C3EC0D13}.Maya_Release|Win32.ActiveCfg = Maya_Release|Win32
		{CA6AC26C-3437-4CC9-9EBD-0C23C3EC0D13}.Maya_Release|Win32.Build.0 = Maya_Release|Win32
		{5DA7AFE2-521B-4637-8634-749318E74BE5}.Debug|Win32.ActiveCfg = Debug|Win32
		{5DA7AFE2-521B-4637-8634-749318E74BE5}.Debug|Win32.Build.0 = Debug|Win32
		{5DA7AFE2-521B-4637-8634-749318E74BE5}.Release|Win32.ActiveCfg = Release|Win32
		{5DA7AFE2-521B-4637-8634-749318E74BE5}.Release|Win32.Build.0 = Release|Win32
		{5DA7AFE2-521B-4637-8634-749318E74BE5}.Maya_Debug|Win32.ActiveCfg = Maya_Debug|Win32
		{5DA7AFE2-521B-4637-8634-749318E74BE5}.Maya_Debug|Win32.Build.0 = Maya_Debug|Win32
		{5DA7AFE2-521B-4637-8634-749318E74BE5}.Maya_Release|Win32.ActiveCfg = Maya_Release|Win32
		{5DA7AFE2-521B-4637-8634-749318E74BE5}.Maya_Release|Win32.Build.0 = Maya_Release|Win32
		{C587AC12-1554-4E21-B39D-3326C3E6931A}.Debug|Win32.ActiveCfg = Debug|Win32
		{C587AC12-1554-4E21-B39D-3326C3E6931A}.Debug|Win32.Build.0 = Debug|Win32
		{C587AC12-1554-4E21-B39D-3326C3E6931A}.Release|Win32.ActiveCfg = Release|Win32
		{C587AC12-1554-4E21-B39D-3326C3E6931A}.Release|Win32.Build.0 = Release|Win32
		{C587AC12-1554-4E21-B39D-3326C3E6931A}.Maya_Debug|Win32.ActiveCfg = Maya_Debug|Win32
		{C587AC12-1554-4E21-B39D-3326C3E6931A}.Maya_Debug|Win32.Build.0 = Maya_Debug|Win32
		{C587AC12-1554-4E21-B39D-3326C3E6931A}.Maya_Release|Win32.ActiveCfg = Maya_Release|Win32
		{C587AC12-1554-4E21-B39D-3326C3E6931A}.Maya_Release|Win32.Build.0 = Maya_Release|Win32
		{7D6CC1BF-E05E-4066-A190-411C2CC14754}.Debug|Win32.ActiveCfg = Debug|Win32
		{7D6CC1BF-E05E-4066-A190-411C2CC14754}.Debug|Win32.Build.0 = Debug|Win32
		{7D6CC1BF-E05E-4066-A190-411C2CC14754}.Release|Win32.ActiveCfg = Release|Win32
		{7D6CC1BF-E05E-4066-A190-411C2CC14754}.Release|Win32.Build.0 = Release|Win32
		{7D6CC1BF-E05E-4066-A190-411C2CC14754}.Maya_Debug|Win32.ActiveCfg = Maya_Debug|Win32
		{7D6CC1BF-E05E-4066-A190-411C2CC14754}.Maya_Debug|Win32.Build.0 = Maya_Debug|Win32
		{7D6CC1BF-E05E-4066-A190-411C2CC14754}.Maya_Release|Win32.ActiveCfg = Maya_Release|Win32
		{7D6CC1BF-E05E-4066-A190-411C2CC14754}.Maya_Release|Win32.Build.0 = Maya_Release|Win32
		{0B0084A0-4826-4AC3-A1E6-6D3F5F9940DF}.Debug|Win32.ActiveCfg = Debug|Win32
		{0B0084A0-4826-4AC3-A1E6-6D3F5F9940DF}.Debug|Win32.Build.0 = Debug|Win32
		{0B0084A0-4826-4AC3-A1E6-6D3F5F9940DF}.Release|Win32.ActiveCfg = Release|Win32
		{0B0084A0-4826-4AC3-A1E6-6D3F5F9940DF}.Release|Win32.Build.0 = Release|Win32
		{0B0084A0-4826-4AC3-A1E6-6D3F5F9940DF}.Maya_Debug|Win32.ActiveCfg = Maya_Debug|Win32
		{0B0084A0-4826-4AC3-A1E6-6D3F5F9940DF}.Maya_Debug|Win32.Build.0 = Maya_Debug|Win32
		{0B0084A0-4826-4AC3-A1E6-6D3F5F9940DF}.Maya_Release|Win32.ActiveCfg = Maya_Release|Win32
		{0B0084A0-4826-4AC3-A1E6-6D3F5F9940DF}.Maya_Release|Win32.Build.0 = Maya_Release|Win32
		{B5F501DF-F371-46E6-B760-97B7CF744FE5}.Debug|Win32.ActiveCfg = Debug|Win32
		{B5F501DF-F371-46E6-B760-97B7CF744FE5}.Debug|Win32.Build.0 = Debug|Win32
		{B5F501DF-F371-46E6-B760-97B7CF744FE5}.Release|Win32.ActiveCfg = Release|Win32
		{B5F501DF-F371-46E6-B760-97B7CF744FE5}.Release|Win32.Build.0 = Release|Win32
		{B5F501DF-F371-46E6-B760-97B7CF744FE5}.Maya_Debug|Win32.ActiveCfg = Maya_Debug|Win32
		{B5F501DF-F371-46E6-B760-97B7CF744FE5}.Maya_Debug|Win32.Build.0 = Maya_Debug|Win32
		{B5F501DF-F371-46E6-B760-97B7CF744FE5}.Maya_Release|Win32.ActiveCfg = Maya_Release|Win32
		{B5F501DF-F371-46E6-B760-97B7CF744FE5}.Maya_Release|Win32.Build.0 = Maya_Release|Win32
		{1CECD4CB-2B63-4F16-B444-E0D00429C597}.Debug|Win32.ActiveCfg = Debug|Win32
		{1CECD4CB-2B63-4F16-B444-E0D00429C597}.Debug|Win32.Build.0 = Debug|Win32
		{1CECD4CB-2B63-4F16-B444-E0D00429C597}.Release|Win32.ActiveCfg = Release|Win32
		{1CECD4CB-2B63-4F16-B444-E0D00429C597}.Release|Win32.Build.0 = Release|Win32
		{1CECD4CB-2B63-4F16-B444-E0D00429C597}.Maya_Debug|Win32.ActiveCfg = Maya_Debug|Win32
		{1CECD4CB-2B63-4F16-B444-E0D00429C597}.Maya_Debug|Win32.Build.0 = Maya_Debug|Win32
		{1CECD4CB-2B63-4F16-B444-E0D00429C597}.Maya_Release|Win32.ActiveCfg = Maya_Release|Win32
		{1CECD4CB-2B63-4F16-B444-E0D00429C597}.Maya_Release|Win32.Build.0 = Maya_Release|Win32
		{1E0C2D40-4DF7-42CC-BF77-91403CF7971D}.Debug|Win32.ActiveCfg = Debug|Win32
		{1E0C2D40-4DF7-42CC-BF77-91403CF7971D}.Debug|Win32.Build.0 = Debug|Win32
		{1E0C2D40-4DF7-42CC-BF77-91403CF7971D}.Release|Win32.ActiveCfg = Release|Win32
		{1E0C2D40-4DF7-42CC-BF77-91403CF7971D}.Release|Win32.Build.0 = Release|Win32
		{1E0C2D40-4DF7-42CC-BF77-91403CF7971D}.Maya_Debug|Win32.ActiveCfg = Maya_Debug|Win32
		{1E0C2D40-4DF7-42CC-BF77-91403CF7971D}.Maya_Debug|Win32.Build.0 = Maya_Debug|Win32
		{1E0C2D40-4DF7-42CC-BF77-91403CF7971D}.Maya_Release|Win32.ActiveCfg = Maya_Release|Win32
		{1E0C2D40-4DF7-42CC-BF77-91403CF7971D}.Maya_Release|Win32.Build.0 = Maya_Release|Win32
		{FC9F0DBB-4CF6-46A5-8BD2-AF9C8919D125}.Debug|Win32.ActiveCfg = Debug|Win32
		{FC9F0DBB-4CF6-46A5-8BD2-AF9C8919D125}.Debug|Win32.Build.0 = Debug|Win32
		{FC9F0DBB-4CF6-46A5-8BD2-AF9C8919D125}.Release|Win32.ActiveCfg = Release|Win32
		{FC9F0DBB-4CF6-46A5-8BD2-AF9C8919D125}.Release|Win32.Build.0 = Release|Win32
		{FC9F0DBB-4CF6-46A5-8BD2-AF9C8919D125}.Maya_Debug|Win32.ActiveCfg = Maya_Debug|Win32
		{FC9F0DBB-4CF6-46A5-8BD2-AF9C8919D125}.Maya_Debug|Win32.Build.0 = Maya_Debug|Win32
		{FC9F0DBB-4CF6-46A5-8BD2-AF9C8919D125}.Maya_Release|Win32.ActiveCfg = Maya_Release|Win32
		{FC9F0DBB-4CF6-46A5-8BD2-AF9C8919D125}.Maya_Release|Win32.Build.0 = Maya_Release|Win32
		{7AA54952-3BB4-4BF6-A7AD-7097B2795940}.Debug|Win32.ActiveCfg = Debug|Win32
		{7AA54952-3BB4-4BF6-A7AD-7097B2795940}.Debug|Win32.Build.0 = Debug|Win32
		{7AA54952-3BB4-4BF6-A7AD-7097B2795940}.Release|Win32.ActiveCfg = Release|Win32
		{7AA54952-3BB4-4BF6-A7AD-7097B2795940}.Release|Win32.Build.0 = Release|Win32
		{7AA54952-3BB4-4BF6-A7AD-7097B2795940}.Maya_Debug|Win32.ActiveCfg = Maya_Debug|Win32
		{7AA54952-3BB4-4BF6-A7AD-7097B2795940}.Maya_Debug|Win32.Build.0 = Maya_Debug|Win32
		{7AA54952-3BB4-4BF6-A7AD-7097B2795940}.Maya_Release|Win32.ActiveCfg = Maya_Release|Win32
		{7AA54952-3BB4-4BF6-A7AD-7097B2795940}.Maya_Release|Win32.Build.0 = Maya_Release|Win32
		{1E22DEB5-713D-40BB-80E7-B019E7E2B3F0}.Debug|Win32.ActiveCfg = Debug|Win32
		{1E22DEB5-713D-40BB-80E7-B019E7E2B3F0}.Debug|Win32.Build.0 = Debug|Win32
		{1E22DEB5-713D-40BB-80E7-B019E7E2B3F0}.Release|Win32.ActiveCfg = Release|Win32
		{1E22DEB5-713D-40BB-80E7-B019E7E2B3F0}.Release|Win32.Build.0 = Release|Win32
		{1E22DEB5-713D-40BB-80E7-B019E7E2B3F0}.Maya_Debug|Win32.ActiveCfg = Maya_Debug|Win32
		{1E22DEB5-713D-40BB-80E7-B019E7E2B3F0}.Maya_Debug|Win32.Build.0 = Maya_Debug|Win32
		{1E22DEB5-713D-40BB-80E7-B019E7E2B3F0}.Maya_Release|Win32.ActiveCfg = Maya_Release|Win32
		{1E22DEB5-713D-40BB-80E7-B019E7E2B3F0}.Maya_Release|Win32.Build.0 = Maya_Release|Win32
		{25594D80-D72B-44C7-A2BD-A55F10B1AB16}.Debug|Win32.ActiveCfg = Debug|Win32
		{25594D80-D72B-44C7-A2BD-A55F10B1AB16}.Debug|Win32.Build.0 = Debug|Win32
		{25594D80-D72B-44C7-A2BD-A55F10B1AB16}.Release|Win32.ActiveCfg = Release|Win32
		{25594D80-D72B-44C7-A2BD-A55F10B1AB16}.Release|Win32.Build.0 = Release|Win32
		{25594D80-D72B-44C7-A2BD-A55F10B1AB16}.Maya_Debug|Win32.ActiveCfg = Maya_Debug|Win32
		{25594D80-D72B-44C7-A2BD-A55F10B1AB16}.Maya_Debug|Win32.Build.0 = Maya_Debug|Win32
		{25594D80-D72B-44C7-A2BD-A55F10B1AB16}.Maya_Release|Win32.ActiveCfg = Maya_Release|Win32
		{25594D80-D72B-44C7-A2BD-A55F10B1AB16}.Maya_Release|Win32.Build.0 = Maya_Release|Win32
		{111D4C62-4214-41EF-AAF7-1772298319FA}.Debug|Win32.ActiveCfg = Debug|Win32
		{111D4C62-4214-41EF-AAF7-1772298319FA}.Debug|Win32.Build.0 = Debug|Win32
		{111D4C62-4214-41EF-AAF7-1772298319FA}.Release|Win32.ActiveCfg = Release|Win32
		{111D4C62-4214-41EF-AAF7-1772298319FA}.Release|Win32.Build.0 = Release|Win32
		{111D4C62-4214-41EF-AAF7-1772298319FA}.Maya_Debug|Win32.ActiveCfg = Maya_Debug|Win32
		{111D4C62-4214-41EF-AAF7-1772298319FA}.Maya_Debug|Win32.Build.0 = Maya_Debug|Win32
		{111D4C62-4214-41EF-AAF7-1772298319FA}.Maya_Release|Win32.ActiveCfg = Maya_Release|Win32
		{111D4C62-4214-41EF-AAF7-1772298319FA}.Maya_Release|Win32.Build.0 = Maya_Release|Win32
		{E1CBA62C-58CD-4477-ACBE-C9133F041B43}.Debug|Win32.ActiveCfg = Debug|Win32
		{E1CBA62C-58CD-4477-ACBE-C9133F041B43}.Debug|Win32.Build.0 = Debug|Win32
		{E1CBA62C-58CD-4477-ACBE-C9133F041B43}.Release|Win32.ActiveCfg = Release|Win32
		{E1CBA62C-58CD-4477-ACBE-C9133F041B43}.Release|Win32.Build.0 = Release|Win32
		{E1CBA62C-58CD-4477-ACBE-C9133F041B43}.Maya_Debug|Win32.ActiveCfg = Maya_Debug|Win32
		{E1CBA62C-58CD-4477-ACBE-C9133F041B43}.Maya_Debug|Win32.Build.0 = Maya_Debug|Win32
		{E1CBA62C-58CD-4477-ACBE-C9133F041B43}.Maya_Release|Win32.ActiveCfg = Maya_Release|Win32
		{E1CBA62C-58CD-4477-ACBE-C9133F041B43}.Maya_Release|Win32.Build.0 = Maya_Release|Win32
		{1CCAA77A-149B-462C-B984-193777478A55}.Debug|Win32.ActiveCfg = Debug|Win32
		{1CCAA77A-149B-462C-B984-193777478A55}.Debug|Win32.Build.0 = Debug|Win32
		{1CCAA77A-149B-462C-B984-193777478A55}.Release|Win32.ActiveCfg = Release|Win32
		{1CCAA77A-149B-462C-B984-193777478A55}.Release|Win32.Build.0 = Release|Win32
		{1CCAA77A-149B-462C-B984-193777478A55}.Maya_Debug|Win32.ActiveCfg = Maya_Debug|Win32
		{1CCAA77A-149B-462C-B984-193777478A55}.Maya_Debug|Win32.Build.0 = Maya_Debug|Win32
		{1CCAA77A-149B-462C-B984-193777478A55}.Maya_Release|Win32.ActiveCfg = Maya_Release|Win32
		{1CCAA77A-149B-462C-B984-193777478A55}.Maya_Release|Win32.Build.0 = Maya_Release|Win32
		{CEFBCC80-CB31-4624-9EF6-B7E45C75702D}.Debug|Win32.ActiveCfg = Debug|Win32
		{CEFBCC80-CB31-4624-9EF6-B7E45C75702D}.Debug|Win32.Build.0 = Debug|Win32
		{CEFBCC80-CB31-4624-9EF6-B7E45C75702D}.Release|Win32.ActiveCfg = Release|Win32
		{CEFBCC80-CB31-4624-9EF6-B7E45C75702D}.Release|Win32.Build.0 = Release|Win32
		{CEFBCC80-CB31-4624-9EF6-B7E45C75702D}.Maya_Debug|Win32.ActiveCfg = Maya_Debug|Win32
		{CEFBCC80-CB31-4624-9EF6-B7E45C75702D}.Maya_Debug|Win32.Build.0 = Maya_Debug|Win32
		{CEFBCC80-CB31-4624-9EF6-B7E45C75702D}.Maya_Release|Win32.ActiveCfg = Maya_Release|Win32
		{CEFBCC80-CB31-4624-9EF6-B7E45C75702D}.Maya_Release|Win32.Build.0 = Maya_Release|Win32
		{5D4BB14B-0126-4EF6-886B-27636F3BCC2E}.Debug|Win32.ActiveCfg = Debug|Win32
		{5D4BB14B-0126-4EF6-886B-27636F3BCC2E}.Debug|Win32.Build.0 = Debug|Win32
		{5D4BB14B-0126-4EF6-886B-27636F3BCC2E}.Release|Win32.ActiveCfg = Release|Win32
		{5D4BB14B-0126-4EF6-886B-27636F3BCC2E}.Release|Win32.Build.0 = Release|Win32
		{5D4BB14B-0126-4EF6-886B-27636F3BCC2E}.Maya_Debug|Win32.ActiveCfg = Maya_Debug|Win32
		{5D4BB14B-0126-4EF6-886B-27636F3BCC2E}.Maya_Debug|Win32.Build.0 = Maya_Debug|Win32
		{5D4BB14B-0126-4EF6-886B-27636F3BCC2E}.Maya_Release|Win32.ActiveCfg = Maya_Release|Win32
		{5D4BB14B-0126-4EF6-886B-27636F3BCC2E}.Maya_Release|Win32.Build.0 = Maya_Release|Win32
		{B12CDD2C-C8D6-49B6-8A04-F3BF11217E8A}.Debug|Win32.ActiveCfg = Debug|Win32
		{B12CDD2C-C8D6-49B6-8A04-F3BF11217E8A}.Debug|Win32.Build.0 = Debug|Win32
		{B12CDD2C-C8D6-49B6-8A04-F3BF11217E8A}.Release|Win32.ActiveCfg = Release|Win32
		{B12CDD2C-C8D6-49B6-8A04-F3BF11217E8A}.Release|Win32.Build.0 = Release|Win32
		{B12CDD2C-C8D6-49B6-8A04-F3BF11217E8A}.Maya_Debug|Win32.ActiveCfg = Maya_Debug|Win32
		{B12CDD2C-C8D6-49B6-8A04-F3BF11217E8A}.Maya_Debug|Win32.Build.0 = Maya_Debug|Win32
		{B12CDD2C-C8D6-49B6-8A04-F3BF11217E8A}.Maya_Release|Win32.ActiveCfg = Maya_Release|Win32
		{B12CDD2C-C8D6-49B6-8A04-F3BF11217E8A}.Maya_Release|Win32.Build.0 = Maya_Release|Win32
		{C5157184-8B4B-4AA8-8B8D-63E4E0457AE2}.Debug|Win32.ActiveCfg = Debug|Win32
		{C5157184-8B4B-4AA8-8B8D-63E4E0457AE2}.Debug|Win32.Build.0 = Debug|Win32
		{C5157184-8B4B-4AA8-8B8D-63E4E0457AE2}.Release|Win32.ActiveCfg = Release|Win32
		{C5157184-8B4B-4AA8-8B8D-63E4E0457AE2}.Release|Win32.Build.0 = Release|Win32
		{C5157184-8B4B-4AA8-8B8D-63E4E0457AE2}.Maya_Debug|Win32.ActiveCfg = Maya_Debug|Win32
		{C5157184-8B4B-4AA8-8B8D-63E4E0457AE2}.Maya_Debug|Win32.Build.0 = Maya_Debug|Win32
		{C5157184-8B4B-4AA8-8B8D-63E4E0457AE2}.Maya_Release|Win32.ActiveCfg = Maya_Release|Win32
		{C5157184-8B4B-4AA8-8B8D-63E4E0457AE2}.Maya_Release|Win32.Build.0 = Maya_Release|Win32
		{70174997-0ED7-42B3-BD73-F3518D364ED3}.Debug|Win32.ActiveCfg = Debug|Win32
		{70174997-0ED7-42B3-BD73-F3518D364ED3}.Debug|Win32.Build.0 = Debug|Win32
		{70174997-0ED7-42B3-BD73-F3518D364ED3}.Release|Win32.ActiveCfg = Release|Win32
		{70174997-0ED7-42B3-BD73-F3518D364ED3}.Release|Win32.Build.0 = Release|Win32
		{70174997-0ED7-42B3-BD73-F3518D364ED3}.Maya_Debug|Win32.ActiveCfg = Maya_Debug|Win32
		{70174997-0ED7-42B3-BD73-F3518D364ED3}.Maya_Debug|Win32.Build.0 = Maya_Debug|Win32
		{70174997-0ED7-42B3-BD73-F3518D364ED3}.Maya_Release|Win32.ActiveCfg = Maya_Release|Win32
		{70174997-0ED7-42B3-BD73-F3518D364ED3}.Maya_Release|Win32.Build.0 = Maya_Release|Win32
		{9B7F3D95-2E16-4953-AB98-7578E096DB0D}.Debug|Win32.ActiveCfg = Debug|Win32
		{9B7F3D95-2E16-4953-AB98-7578E096DB0D}.Debug|Win32.Build.0 = Debug|Win32
		{9B7F3D95-2E16-4953-AB98-7578E096DB0D}.Release|Win32.ActiveCfg = Release|Win32
		{9B7F3D95-2E16-4953-AB98-7578E096DB0D}.Release|Win32.Build.0 = Release|Win32
		{9B7F3D95-2E16-4953-AB98-7578E096DB0D}.Maya_Debug|Win32.ActiveCfg = Maya_Debug|Win32
		{9B7F3D95-2E16-4953-AB98-7578E096DB0D}.Maya_Debug|Win32.Build.0 = Maya_Debug|Win32
		{9B7F3D95-2E16-4953-AB98-7578E096DB0D}.Maya_Release|Win32.ActiveCfg = Maya_Release|Win32
		{9B7F3D95-2E16-4953-AB98-7578E096DB0D}.Maya_Release|Win32.Build.0 = Maya_Release|Win32
		{C948FDC5-0AA8-4D4B-A670-3E8E28DB9449}.Debug|Win32.ActiveCfg = Debug|Win32
		{C948FDC5-0AA8-4D4B-A670-3E8E28DB9449}.Debug|Win32.Build.0 = Debug|Win32
		{C948FDC5-0AA8-4D4B-A670-3E8E28DB9449}.Release|Win32.ActiveCfg = Release|Win32
		{C948FDC5-0AA8-4D4B-A670-3E8E28DB9449}.Release|Win32.Build.0 = Release|Win32
		{C948FDC5-0AA8-4D4B-A670-3E8E28DB9449}.Maya_Debug|Win32.ActiveCfg = Maya_Debug|Win32
		{C948FDC5-0AA8-4D4B-A670-3E8E28DB9449}.Maya_Debug|Win32.Build.0 = Maya_Debug|Win32
		{C948FDC5-0AA8-4D4B-A670-3E8E28DB9449}.Maya_Release|Win32.ActiveCfg = Maya_Release|Win32
		{C948FDC5-0AA8-4D4B-A670-3E8E28DB9449}.Maya_Release|Win32.Build.0 = Maya_Release|Win32
		{FAD9B7BA-4921-4FE8-84DD-7AD935399F89}.Debug|Win32.ActiveCfg = Debug|Win32
		{FAD9B7BA-4921-4FE8-84DD-7AD935399F89}.Debug|Win32.Build.0 = Debug|Win32
		{FAD9B7BA-4921-4FE8-84DD-7AD935399F89}.Release|Win32.ActiveCfg = Release|Win32
		{FAD9B7BA-4921-4FE8-84DD-7AD935399F89}.Release|Win32.Build.0 = Release|Win32
		{FAD9B7BA-4921-4FE8-84DD-7AD935399F89}.Maya_Debug|Win32.ActiveCfg = Maya_Debug|Win32
		{FAD9B7BA-4921-4FE8-84DD-7AD935399F89}.Maya_Debug|Win32.Build.0 = Maya_Debug|Win32
		{FAD9B7BA-4921-4FE8-84DD-7AD935399F89}.Maya_Release|Win32.ActiveCfg = Maya_Release|Win32
		{FAD9B7BA-4921-4FE8-84DD-7AD935399F89}.Maya_Release|Win32.Build.0 = Maya_Release|Win32
	EndGlobalSection
	GlobalSection(SolutionProperties) = preSolution
		HideSolutionNode = FALSE
	EndGlobalSection
	GlobalSection(NestedProjects) = preSolution
		{48B95670-F339-4004-9506-9E9818C3BC1F} = {798777e9-b38c-4974-bee3-b1cd45f6a1e6}
		{D08F0892-8AF5-492E-8EFA-BF51E5F25EE7} = {798777e9-b38c-4974-bee3-b1cd45f6a1e6}
		{1107172E-0FDE-45E0-8CD0-7DE1238083C2} = {798777e9-b38c-4974-bee3-b1cd45f6a1e6}
		{90ECCA6D-A595-409F-B65A-63055B976FD9} = {28B9CEF2-57A6-4ee5-8235-2014936D9FE7}
		{63B2AE2D-0275-4D21-8F56-934AD13BD341} = {28B9CEF2-57A6-4ee5-8235-2014936D9FE7}
		{24D3D3A6-EB41-4DCA-8AE0-31D09723704C} = {28B9CEF2-57A6-4ee5-8235-2014936D9FE7}
		{5D66DDF3-F80B-4D00-9D5A-74F35E826E09} = {28B9CEF2-57A6-4ee5-8235-2014936D9FE7}
		{E90947FC-C80C-4FE3-8DCB-282C38583415} = {28B9CEF2-57A6-4ee5-8235-2014936D9FE7}
		{77BE9AA4-CDD0-45AC-9588-419F5EF5528C} = {28B9CEF2-57A6-4ee5-8235-2014936D9FE7}
		{AA638DB2-2940-4F5E-8777-BD6A62A202D2} = {832A854F-2030-4EA4-86FE-EDEEC017E78E}
		{80A6FBF6-BDD2-49F1-A105-0353DCCA27FB} = {832A854F-2030-4EA4-86FE-EDEEC017E78E}
		{06E819D3-D9AF-49DD-9D57-2C1D78BED8CC} = {832A854F-2030-4EA4-86FE-EDEEC017E78E}
		{9943D755-3946-49FD-A9C1-14587D459409} = {832A854F-2030-4EA4-86FE-EDEEC017E78E}
		{4A641CAA-08D7-4CBF-A38C-B18AE4190159} = {832A854F-2030-4EA4-86FE-EDEEC017E78E}
		{D6DCAF7B-42FD-4B94-BF26-0100E8AE56B1} = {832A854F-2030-4EA4-86FE-EDEEC017E78E}
		{CA6AC26C-3437-4CC9-9EBD-0C23C3EC0D13} = {832A854F-2030-4EA4-86FE-EDEEC017E78E}
		{5DA7AFE2-521B-4637-8634-749318E74BE5} = {832A854F-2030-4EA4-86FE-EDEEC017E78E}
		{C587AC12-1554-4E21-B39D-3326C3E6931A} = {832A854F-2030-4EA4-86FE-EDEEC017E78E}
		{7D6CC1BF-E05E-4066-A190-411C2CC14754} = {3B2AD919-B940-473D-A9CC-62428540DEC5}
		{0B0084A0-4826-4AC3-A1E6-6D3F5F9940DF} = {3B2AD919-B940-473D-A9CC-62428540DEC5}
		{B5F501DF-F371-46E6-B760-97B7CF744FE5} = {3B2AD919-B940-473D-A9CC-62428540DEC5}
		{1CECD4CB-2B63-4F16-B444-E0D00429C597} = {3B2AD919-B940-473D-A9CC-62428540DEC5}
		{1E0C2D40-4DF7-42CC-BF77-91403CF7971D} = {3B2AD919-B940-473D-A9CC-62428540DEC5}
		{FC9F0DBB-4CF6-46A5-8BD2-AF9C8919D125} = {3B2AD919-B940-473D-A9CC-62428540DEC5}
		{7AA54952-3BB4-4BF6-A7AD-7097B2795940} = {3B2AD919-B940-473D-A9CC-62428540DEC5}
		{1E22DEB5-713D-40BB-80E7-B019E7E2B3F0} = {3B2AD919-B940-473D-A9CC-62428540DEC5}
		{25594D80-D72B-44C7-A2BD-A55F10B1AB16} = {3B2AD919-B940-473D-A9CC-62428540DEC5}
		{111D4C62-4214-41EF-AAF7-1772298319FA} = {3B2AD919-B940-473D-A9CC-62428540DEC5}
		{E1CBA62C-58CD-4477-ACBE-C9133F041B43} = {3B2AD919-B940-473D-A9CC-62428540DEC5}
		{1CCAA77A-149B-462C-B984-193777478A55} = {3B2AD919-B940-473D-A9CC-62428540DEC5}
		{CEFBCC80-CB31-4624-9EF6-B7E45C75702D} = {3B2AD919-B940-473D-A9CC-62428540DEC5}
		{5D4BB14B-0126-4EF6-886B-27636F3BCC2E} = {3B2AD919-B940-473D-A9CC-62428540DEC5}
		{B12CDD2C-C8D6-49B6-8A04-F3BF11217E8A} = {3B2AD919-B940-473D-A9CC-62428540DEC5}
		{C5157184-8B4B-4AA8-8B8D-63E4E0457AE2} = {3B2AD919-B940-473D-A9CC-62428540DEC5}
		{70174997-0ED7-42B3-BD73-F3518D364ED3} = {3B2AD919-B940-473D-A9CC-62428540DEC5}
		{9B7F3D95-2E16-4953-AB98-7578E096DB0D} = {3B2AD919-B940-473D-A9CC-62428540DEC5}
		{C948FDC5-0AA8-4D4B-A670-3E8E28DB9449} = {3B2AD919-B940-473D-A9CC-62428540DEC5}
		{FAD9B7BA-4921-4FE8-84DD-7AD935399F89} = {3B2AD919-B940-473D-A9CC-62428540DEC5}
	EndGlobalSection
EndGlobal
