Microsoft Visual Studio Solution File, Format Version 10.00
# Visual Studio 2008
Project("{2150E333-8FDC-42A3-9474-1A3956D46DE8}") = "NIDLs", "NIDLs", "{798777e9-b38c-4974-bee3-b1cd45f6a1e6}"
EndProject
Project("{2150E333-8FDC-42A3-9474-1A3956D46DE8}") = "Libs", "Libs", "{832A854F-2030-4EA4-86FE-EDEEC017E78E}"
EndProject
Project("{2150E333-8FDC-42A3-9474-1A3956D46DE8}") = "Exes", "Exes", "{3B2AD919-B940-473D-A9CC-62428540DEC5}"
EndProject
Project("{2150E333-8FDC-42A3-9474-1A3956D46DE8}") = "Jobs", "Jobs", "{28B9CEF2-57A6-4ee5-8235-2014936D9FE7}"
EndProject
Project("{8BC9CEB8-8B4A-11D0-8D11-00A0C91BC942}") = "foundation_nidls_win32", "foundation_nidls_win32.vcproj", "{48B95670-F339-4004-9506-9E9818C3BC1F}"
EndProject
Project("{8BC9CEB8-8B4A-11D0-8D11-00A0C91BC942}") = "foundation_win32", "foundation_win32.vcproj", "{AA638DB2-2940-4F5E-8777-BD6A62A202D2}"
	ProjectSection(ProjectDependencies) = postProject
		{48B95670-F339-4004-9506-9E9818C3BC1F} = {48B95670-F339-4004-9506-9E9818C3BC1F}
	EndProjectSection
EndProject
Project("{8BC9CEB8-8B4A-11D0-8D11-00A0C91BC942}") = "render_nidls_win32", "render_nidls_win32.vcproj", "{D08F0892-8AF5-492E-8EFA-BF51E5F25EE7}"
EndProject
Project("{8BC9CEB8-8B4A-11D0-8D11-00A0C91BC942}") = "render_particlejob_win32", "render_particlejob_win32.vcproj", "{5D66DDF3-F80B-4D00-9D5A-74F35E826E09}"
EndProject
Project("{8BC9CEB8-8B4A-11D0-8D11-00A0C91BC942}") = "render_charevalskeletonjob_win32", "render_charevalskeletonjob_win32.vcproj", "{90ECCA6D-A595-409F-B65A-63055B976FD9}"
EndProject
Project("{8BC9CEB8-8B4A-11D0-8D11-00A0C91BC942}") = "render_animjobsample_win32", "render_animjobsample_win32.vcproj", "{63B2AE2D-0275-4D21-8F56-934AD13BD341}"
EndProject
Project("{8BC9CEB8-8B4A-11D0-8D11-00A0C91BC942}") = "render_animjobsamplemix_win32", "render_animjobsamplemix_win32.vcproj", "{24D3D3A6-EB41-4DCA-8AE0-31D09723704C}"
EndProject
Project("{8BC9CEB8-8B4A-11D0-8D11-00A0C91BC942}") = "render_visibilityquadtreejob_win32", "render_visibilityquadtreejob_win32.vcproj", "{E90947FC-C80C-4FE3-8DCB-282C38583415}"
EndProject
Project("{8BC9CEB8-8B4A-11D0-8D11-00A0C91BC942}") = "render_visibilityboxsystemjob_win32", "render_visibilityboxsystemjob_win32.vcproj", "{77BE9AA4-CDD0-45AC-9588-419F5EF5528C}"
EndProject
Project("{8BC9CEB8-8B4A-11D0-8D11-00A0C91BC942}") = "render_win32", "render_win32.vcproj", "{80A6FBF6-BDD2-49F1-A105-0353DCCA27FB}"
	ProjectSection(ProjectDependencies) = postProject
		{D08F0892-8AF5-492E-8EFA-BF51E5F25EE7} = {D08F0892-8AF5-492E-8EFA-BF51E5F25EE7}
		{90ECCA6D-A595-409F-B65A-63055B976FD9} = {90ECCA6D-A595-409F-B65A-63055B976FD9}
		{5D66DDF3-F80B-4D00-9D5A-74F35E826E09} = {5D66DDF3-F80B-4D00-9D5A-74F35E826E09}
		{63B2AE2D-0275-4D21-8F56-934AD13BD341} = {63B2AE2D-0275-4D21-8F56-934AD13BD341}
		{24D3D3A6-EB41-4DCA-8AE0-31D09723704C} = {24D3D3A6-EB41-4DCA-8AE0-31D09723704C}
		{E90947FC-C80C-4FE3-8DCB-282C38583415} = {E90947FC-C80C-4FE3-8DCB-282C38583415}
		{77BE9AA4-CDD0-45AC-9588-419F5EF5528C} = {77BE9AA4-CDD0-45AC-9588-419F5EF5528C}
	EndProjectSection
EndProject
Project("{8BC9CEB8-8B4A-11D0-8D11-00A0C91BC942}") = "tinyxml_win32", "tinyxml_win32.vcproj", "{06E819D3-D9AF-49DD-9D57-2C1D78BED8CC}"
EndProject
Project("{8BC9CEB8-8B4A-11D0-8D11-00A0C91BC942}") = "zlib_win32", "zlib_win32.vcproj", "{9943D755-3946-49FD-A9C1-14587D459409}"
EndProject
Project("{8BC9CEB8-8B4A-11D0-8D11-00A0C91BC942}") = "db_win32", "db_win32.vcproj", "{4A641CAA-08D7-4CBF-A38C-B18AE4190159}"
EndProject
Project("{8BC9CEB8-8B4A-11D0-8D11-00A0C91BC942}") = "sqlite_win32", "sqlite_win32.vcproj", "{D6DCAF7B-42FD-4B94-BF26-0100E8AE56B1}"
EndProject
Project("{8BC9CEB8-8B4A-11D0-8D11-00A0C91BC942}") = "attr_win32", "attr_win32.vcproj", "{CA6AC26C-3437-4CC9-9EBD-0C23C3EC0D13}"
EndProject
Project("{8BC9CEB8-8B4A-11D0-8D11-00A0C91BC942}") = "benchmarkbase_win32", "benchmarkbase_win32.vcproj", "{4361EDCA-7089-4A0C-8893-A3678606E86B}"
EndProject
Project("{8BC9CEB8-8B4A-11D0-8D11-00A0C91BC942}") = "benchmarkfoundation_win32", "benchmarkfoundation_win32.vcproj", "{46444D49-382F-4C64-9C3D-E8F6C2ACAE45}"
	ProjectSection(ProjectDependencies) = postProject
		{4361EDCA-7089-4A0C-8893-A3678606E86B} = {4361EDCA-7089-4A0C-8893-A3678606E86B}
		{AA638DB2-2940-4F5E-8777-BD6A62A202D2} = {AA638DB2-2940-4F5E-8777-BD6A62A202D2}
		{06E819D3-D9AF-49DD-9D57-2C1D78BED8CC} = {06E819D3-D9AF-49DD-9D57-2C1D78BED8CC}
		{9943D755-3946-49FD-A9C1-14587D459409} = {9943D755-3946-49FD-A9C1-14587D459409}
	EndProjectSection
EndProject
Project("{8BC9CEB8-8B4A-11D0-8D11-00A0C91BC942}") = "benchmarkaddon_win32", "benchmarkaddon_win32.vcproj", "{8EA357F6-D66E-4CF6-87CA-00DC19E36E84}"
	ProjectSection(ProjectDependencies) = postProject
		{4361EDCA-7089-4A0C-8893-A3678606E86B} = {4361EDCA-7089-4A0C-8893-A3678606E86B}
		{AA638DB2-2940-4F5E-8777-BD6A62A202D2} = {AA638DB2-2940-4F5E-8777-BD6A62A202D2}
		{80A6FBF6-BDD2-49F1-A105-0353DCCA27FB} = {80A6FBF6-BDD2-49F1-A105-0353DCCA27FB}
		{06E819D3-D9AF-49DD-9D57-2C1D78BED8CC} = {06E819D3-D9AF-49DD-9D57-2C1D78BED8CC}
		{9943D755-3946-49FD-A9C1-14587D459409} = {9943D755-3946-49FD-A9C1-14587D459409}
		{4A641CAA-08D7-4CBF-A38C-B18AE4190159} = {4A641CAA-08D7-4CBF-A38C-B18AE4190159}
		{D6DCAF7B-42FD-4B94-BF26-0100E8AE56B1} = {D6DCAF7B-42FD-4B94-BF26-0100E8AE56B1}
		{CA6AC26C-3437-4CC9-9EBD-0C23C3EC0D13} = {CA6AC26C-3437-4CC9-9EBD-0C23C3EC0D13}
	EndProjectSection
EndProject
Global
	GlobalSection(SolutionConfigurationPlatforms) = preSolution
		Debug|Win32 = Debug|Win32
		Release|Win32 = Release|Win32
		Maya_Debug|Win32 = Maya_Debug|Win32
		Maya_Release|Win32 = Maya_Release|Win32
	EndGlobalSection
	GlobalSection(ProjectConfigurationPlatforms) = postSolution
		{48B95670-F339-4004-9506-9E9818C3BC1F}.Debug|Win32.ActiveCfg = Debug|Win32
		{48B95670-F339-4004-9506-9E9818C3BC1F}.Debug|Win32.Build.0 = Debug|Win32
		{48B95670-F339-4004-9506-9E9818C3BC1F}.Release|Win32.ActiveCfg = Release|Win32
		{48B95670-F339-4004-9506-9E9818C3BC1F}.Release|Win32.Build.0 = Release|Win32
		{48B95670-F339-4004-9506-9E9818C3BC1F}.Maya_Debug|Win32.ActiveCfg = Maya_Debug|Win32
		{48B95670-F339-4004-9506-9E9818C3BC1F}.Maya_Debug|Win32.Build.0 = Maya_Debug|Win32
		{48B95670-F339-4004-9506-9E9818C3BC1F}.Maya_Release|Win32.ActiveCfg = Maya_Release|Win32
		{48B95670-F339-4004-9506-9E9818C3BC1F}.Maya_Release|Win32.Build.0 = Maya_Release|Win32
		{AA638DB2-2940-4F5E-8777-BD6A62A202D2}.Debug|Win32.ActiveCfg = Debug|Win32
		{AA638DB2-2940-4F5E-8777-BD6A62A202D2}.Debug|Win32.Build.0 = Debug|Win32
		{AA638DB2-2940-4F5E-8777-BD6A62A202D2}.Release|Win32.ActiveCfg = Release|Win32
		{AA638DB2-2940-4F5E-8777-BD6A62A202D2}.Release|Win32.Build.0 = Release|Win32
		{AA638DB2-2940-4F5E-8777-BD6A62A202D2}.Maya_Debug|Win32.ActiveCfg = Maya_Debug|Win32
		{AA638DB2-2940-4F5E-8777-BD6A62A202D2}.Maya_Debug|Win32.Build.0 = Maya_Debug|Win32
		{AA638DB2-2940-4F5E-8777-BD6A62A202D2}.Maya_Release|Win32.ActiveCfg = Maya_Release|Win32
		{AA638DB2-2940-4F5E-8777-BD6A62A202D2}.Maya_Release|Win32.Build.0 = Maya_Release|Win32
		{D08F0892-8AF5-492E-8EFA-BF51E5F25EE7}.Debug|Win32.ActiveCfg = Debug|Win32
		{D08F0892-8AF5-492E-8EFA-BF51E5F25EE7}.Debug|Win32.Build.0 = Debug|Win32
		{D08F0892-8AF5-492E-8EFA-BF51E5F25EE7}.Release|Win32.ActiveCfg = Release|Win32
		{D08F0892-8AF5-492E-8EFA-BF51E5F25EE7}.Release|Win32.Build.0 = Release|Win32
		{D08F0892-8AF5-492E-8EFA-BF51E5F25EE7}.Maya_Debug|Win32.ActiveCfg = Maya_Debug|Win32
		{D08F0892-8AF5-492E-8EFA-BF51E5F25EE7}.Maya_Debug|Win32.Build.0 = Maya_Debug|Win32
		{D08F0892-8AF5-492E-8EFA-BF51E5F25EE7}.Maya_Release|Win32.ActiveCfg = Maya_Release|Win32
		{D08F0892-8AF5-492E-8EFA-BF51E5F25EE7}.Maya_Release|Win32.Build.0 = Maya_Release|Win32
		{5D66DDF3-F80B-4D00-9D5A-74F35E826E09}.Debug|Win32.ActiveCfg = Debug|Win32
		{5D66DDF3-F80B-4D00-9D5A-74F35E826E09}.Debug|Win32.Build.0 = Debug|Win32
		{5D66DDF3-F80B-4D00-9D5A-74F35E826E09}.Release|Win32.ActiveCfg = Release|Win32
		{5D66DDF3-F80B-4D00-9D5A-74F35E826E09}.Release|Win32.Build.0 = Release|Win32
		{5D66DDF3-F80B-4D00-9D5A-74F35E826E09}.Maya_Debug|Win32.ActiveCfg = Maya_Debug|Win32
		{5D66DDF3-F80B-4D00-9D5A-74F35E826E09}.Maya_Debug|Win32.Build.0 = Maya_Debug|Win32
		{5D66DDF3-F80B-4D00-9D5A-74F35E826E09}.Maya_Release|Win32.ActiveCfg = Maya_Release|Win32
		{5D66DDF3-F80B-4D00-9D5A-74F35E826E09}.Maya_Release|Win32.Build.0 = Maya_Release|Win32
		{90ECCA6D-A595-409F-B65A-63055B976FD9}.Debug|Win32.ActiveCfg = Debug|Win32
		{90ECCA6D-A595-409F-B65A-63055B976FD9}.Debug|Win32.Build.0 = Debug|Win32
		{90ECCA6D-A595-409F-B65A-63055B976FD9}.Release|Win32.ActiveCfg = Release|Win32
		{90ECCA6D-A595-409F-B65A-63055B976FD9}.Release|Win32.Build.0 = Release|Win32
		{90ECCA6D-A595-409F-B65A-63055B976FD9}.Maya_Debug|Win32.ActiveCfg = Maya_Debug|Win32
		{90ECCA6D-A595-409F-B65A-63055B976FD9}.Maya_Debug|Win32.Build.0 = Maya_Debug|Win32
		{90ECCA6D-A595-409F-B65A-63055B976FD9}.Maya_Release|Win32.ActiveCfg = Maya_Release|Win32
		{90ECCA6D-A595-409F-B65A-63055B976FD9}.Maya_Release|Win32.Build.0 = Maya_Release|Win32
		{63B2AE2D-0275-4D21-8F56-934AD13BD341}.Debug|Win32.ActiveCfg = Debug|Win32
		{63B2AE2D-0275-4D21-8F56-934AD13BD341}.Debug|Win32.Build.0 = Debug|Win32
		{63B2AE2D-0275-4D21-8F56-934AD13BD341}.Release|Win32.ActiveCfg = Release|Win32
		{63B2AE2D-0275-4D21-8F56-934AD13BD341}.Release|Win32.Build.0 = Release|Win32
		{63B2AE2D-0275-4D21-8F56-934AD13BD341}.Maya_Debug|Win32.ActiveCfg = Maya_Debug|Win32
		{63B2AE2D-0275-4D21-8F56-934AD13BD341}.Maya_Debug|Win32.Build.0 = Maya_Debug|Win32
		{63B2AE2D-0275-4D21-8F56-934AD13BD341}.Maya_Release|Win32.ActiveCfg = Maya_Release|Win32
		{63B2AE2D-0275-4D21-8F56-934AD13BD341}.Maya_Release|Win32.Build.0 = Maya_Release|Win32
		{24D3D3A6-EB41-4DCA-8AE0-31D09723704C}.Debug|Win32.ActiveCfg = Debug|Win32
		{24D3D3A6-EB41-4DCA-8AE0-31D09723704C}.Debug|Win32.Build.0 = Debug|Win32
		{24D3D3A6-EB41-4DCA-8AE0-31D09723704C}.Release|Win32.ActiveCfg = Release|Win32
		{24D3D3A6-EB41-4DCA-8AE0-31D09723704C}.Release|Win32.Build.0 = Release|Win32
		{24D3D3A6-EB41-4DCA-8AE0-31D09723704C}.Maya_Debug|Win32.ActiveCfg = Maya_Debug|Win32
		{24D3D3A6-EB41-4DCA-8AE0-31D09723704C}.Maya_Debug|Win32.Build.0 = Maya_Debug|Win32
		{24D3D3A6-EB41-4DCA-8AE0-31D09723704C}.Maya_Release|Win32.ActiveCfg = Maya_Release|Win32
		{24D3D3A6-EB41-4DCA-8AE0-31D09723704C}.Maya_Release|Win32.Build.0 = Maya_Release|Win32
		{E90947FC-C80C-4FE3-8DCB-282C38583415}.Debug|Win32.ActiveCfg = Debug|Win32
		{E90947FC-C80C-4FE3-8DCB-282C38583415}.Debug|Win32.Build.0 = Debug|Win32
		{E90947FC-C80C-4FE3-8DCB-282C38583415}.Release|Win32.ActiveCfg = Release|Win32
		{E90947FC-C80C-4FE3-8DCB-282C38583415}.Release|Win32.Build.0 = Release|Win32
		{E90947FC-C80C-4FE3-8DCB-282C38583415}.Maya_Debug|Win32.ActiveCfg = Maya_Debug|Win32
		{E90947FC-C80C-4FE3-8DCB-282C38583415}.Maya_Debug|Win32.Build.0 = Maya_Debug|Win32
		{E90947FC-C80C-4FE3-8DCB-282C38583415}.Maya_Release|Win32.ActiveCfg = Maya_Release|Win32
		{E90947FC-C80C-4FE3-8DCB-282C38583415}.Maya_Release|Win32.Build.0 = Maya_Release|Win32
		{77BE9AA4-CDD0-45AC-9588-419F5EF5528C}.Debug|Win32.ActiveCfg = Debug|Win32
		{77BE9AA4-CDD0-45AC-9588-419F5EF5528C}.Debug|Win32.Build.0 = Debug|Win32
		{77BE9AA4-CDD0-45AC-9588-419F5EF5528C}.Release|Win32.ActiveCfg = Release|Win32
		{77BE9AA4-CDD0-45AC-9588-419F5EF5528C}.Release|Win32.Build.0 = Release|Win32
		{77BE9AA4-CDD0-45AC-9588-419F5EF5528C}.Maya_Debug|Win32.ActiveCfg = Maya_Debug|Win32
		{77BE9AA4-CDD0-45AC-9588-419F5EF5528C}.Maya_Debug|Win32.Build.0 = Maya_Debug|Win32
		{77BE9AA4-CDD0-45AC-9588-419F5EF5528C}.Maya_Release|Win32.ActiveCfg = Maya_Release|Win32
		{77BE9AA4-CDD0-45AC-9588-419F5EF5528C}.Maya_Release|Win32.Build.0 = Maya_Release|Win32
		{80A6FBF6-BDD2-49F1-A105-0353DCCA27FB}.Debug|Win32.ActiveCfg = Debug|Win32
		{80A6FBF6-BDD2-49F1-A105-0353DCCA27FB}.Debug|Win32.Build.0 = Debug|Win32
		{80A6FBF6-BDD2-49F1-A105-0353DCCA27FB}.Release|Win32.ActiveCfg = Release|Win32
		{80A6FBF6-BDD2-49F1-A105-0353DCCA27FB}.Release|Win32.Build.0 = Release|Win32
		{80A6FBF6-BDD2-49F1-A105-0353DCCA27FB}.Maya_Debug|Win32.ActiveCfg = Maya_Debug|Win32
		{80A6FBF6-BDD2-49F1-A105-0353DCCA27FB}.Maya_Debug|Win32.Build.0 = Maya_Debug|Win32
		{80A6FBF6-BDD2-49F1-A105-0353DCCA27FB}.Maya_Release|Win32.ActiveCfg = Maya_Release|Win32
		{80A6FBF6-BDD2-49F1-A105-0353DCCA27FB}.Maya_Release|Win32.Build.0 = Maya_Release|Win32
		{06E819D3-D9AF-49DD-9D57-2C1D78BED8CC}.Debug|Win32.ActiveCfg = Debug|Win32
		{06E819D3-D9AF-49DD-9D57-2C1D78BED8CC}.Debug|Win32.Build.0 = Debug|Win32
		{06E819D3-D9AF-49DD-9D57-2C1D78BED8CC}.Release|Win32.ActiveCfg = Release|Win32
		{06E819D3-D9AF-49DD-9D57-2C1D78BED8CC}.Release|Win32.Build.0 = Release|Win32
		{06E819D3-D9AF-49DD-9D57-2C1D78BED8CC}.Maya_Debug|Win32.ActiveCfg = Maya_Debug|Win32
		{06E819D3-D9AF-49DD-9D57-2C1D78BED8CC}.Maya_Debug|Win32.Build.0 = Maya_Debug|Win32
		{06E819D3-D9AF-49DD-9D57-2C1D78BED8CC}.Maya_Release|Win32.ActiveCfg = Maya_Release|Win32
		{06E819D3-D9AF-49DD-9D57-2C1D78BED8CC}.Maya_Release|Win32.Build.0 = Maya_Release|Win32
		{9943D755-3946-49FD-A9C1-14587D459409}.Debug|Win32.ActiveCfg = Debug|Win32
		{9943D755-3946-49FD-A9C1-14587D459409}.Debug|Win32.Build.0 = Debug|Win32
		{9943D755-3946-49FD-A9C1-14587D459409}.Release|Win32.ActiveCfg = Release|Win32
		{9943D755-3946-49FD-A9C1-14587D459409}.Release|Win32.Build.0 = Release|Win32
		{9943D755-3946-49FD-A9C1-14587D459409}.Maya_Debug|Win32.ActiveCfg = Maya_Debug|Win32
		{9943D755-3946-49FD-A9C1-14587D459409}.Maya_Debug|Win32.Build.0 = Maya_Debug|Win32
		{9943D755-3946-49FD-A9C1-14587D459409}.Maya_Release|Win32.ActiveCfg = Maya_Release|Win32
		{9943D755-3946-49FD-A9C1-14587D459409}.Maya_Release|Win32.Build.0 = Maya_Release|Win32
		{4A641CAA-08D7-4CBF-A38C-B18AE4190159}.Debug|Win32.ActiveCfg = Debug|Win32
		{4A641CAA-08D7-4CBF-A38C-B18AE4190159}.Debug|Win32.Build.0 = Debug|Win32
		{4A641CAA-08D7-4CBF-A38C-B18AE4190159}.Release|Win32.ActiveCfg = Release|Win32
		{4A641CAA-08D7-4CBF-A38C-B18AE4190159}.Release|Win32.Build.0 = Release|Win32
		{4A641CAA-08D7-4CBF-A38C-B18AE4190159}.Maya_Debug|Win32.ActiveCfg = Maya_Debug|Win32
		{4A641CAA-08D7-4CBF-A38C-B18AE4190159}.Maya_Debug|Win32.Build.0 = Maya_Debug|Win32
		{4A641CAA-08D7-4CBF-A38C-B18AE4190159}.Maya_Release|Win32.ActiveCfg = Maya_Release|Win32
		{4A641CAA-08D7-4CBF-A38C-B18AE4190159}.Maya_Release|Win32.Build.0 = Maya_Release|Win32
		{D6DCAF7B-42FD-4B94-BF26-0100E8AE56B1}.Debug|Win32.ActiveCfg = Debug|Win32
		{D6DCAF7B-42FD-4B94-BF26-0100E8AE56B1}.Debug|Win32.Build.0 = Debug|Win32
		{D6DCAF7B-42FD-4B94-BF26-0100E8AE56B1}.Release|Win32.ActiveCfg = Release|Win32
		{D6DCAF7B-42FD-4B94-BF26-0100E8AE56B1}.Release|Win32.Build.0 = Release|Win32
		{D6DCAF7B-42FD-4B94-BF26-0100E8AE56B1}.Maya_Debug|Win32.ActiveCfg = Maya_Debug|Win32
		{D6DCAF7B-42FD-4B94-BF26-0100E8AE56B1}.Maya_Debug|Win32.Build.0 = Maya_Debug|Win32
		{D6DCAF7B-42FD-4B94-BF26-0100E8AE56B1}.Maya_Release|Win32.ActiveCfg = Maya_Release|Win32
		{D6DCAF7B-42FD-4B94-BF26-0100E8AE56B1}.Maya_Release|Win32.Build.0 = Maya_Release|Win32
		{CA6AC26C-3437-4CC9-9EBD-0C23C3EC0D13}.Debug|Win32.ActiveCfg = Debug|Win32
		{CA6AC26C-3437-4CC9-9EBD-0C23C3EC0D13}.Debug|Win32.Build.0 = Debug|Win32
		{CA6AC26C-3437-4CC9-9EBD-0C23C3EC0D13}.Release|Win32.ActiveCfg = Release|Win32
		{CA6AC26C-3437-4CC9-9EBD-0C23C3EC0D13}.Release|Win32.Build.0 = Release|Win32
		{CA6AC26C-3437-4CC9-9EBD-0C23C3EC0D13}.Maya_Debug|Win32.ActiveCfg = Maya_Debug|Win32
		{CA6AC26C-3437-4CC9-9EBD-0C23C3EC0D13}.Maya_Debug|Win32.Build.0 = Maya_Debug|Win32
		{CA6AC26C-3437-4CC9-9EBD-0C23C3EC0D13}.Maya_Release|Win32.ActiveCfg = Maya_Release|Win32
		{CA6AC26C-3437-4CC9-9EBD-0C23C3EC0D13}.Maya_Release|Win32.Build.0 = Maya_Release|Win32
		{4361EDCA-7089-4A0C-8893-A3678606E86B}.Debug|Win32.ActiveCfg = Debug|Win32
		{4361EDCA-7089-4A0C-8893-A3678606E86B}.Debug|Win32.Build.0 = Debug|Win32
		{4361EDCA-7089-4A0C-8893-A3678606E86B}.Release|Win32.ActiveCfg = Release|Win32
		{4361EDCA-7089-4A0C-8893-A3678606E86B}.Release|Win32.Build.0 = Release|Win32
		{4361EDCA-7089-4A0C-8893-A3678606E86B}.Maya_Debug|Win32.ActiveCfg = Maya_Debug|Win32
		{4361EDCA-7089-4A0C-8893-A3678606E86B}.Maya_Debug|Win32.Build.0 = Maya_Debug|Win32
		{4361EDCA-7089-4A0C-8893-A3678606E86B}.Maya_Release|Win32.ActiveCfg = Maya_Release|Win32
		{4361EDCA-7089-4A0C-8893-A3678606E86B}.Maya_Release|Win32.Build.0 = Maya_Release|Win32
		{46444D49-382F-4C64-9C3D-E8F6C2ACAE45}.Debug|Win32.ActiveCfg = Debug|Win32
		{46444D49-382F-4C64-9C3D-E8F6C2ACAE45}.Debug|Win32.Build.0 = Debug|Win32
		{46444D49-382F-4C64-9C3D-E8F6C2ACAE45}.Release|Win32.ActiveCfg = Release|Win32
		{46444D49-382F-4C64-9C3D-E8F6C2ACAE45}.Release|Win32.Build.0 = Release|Win32
		{46444D49-382F-4C64-9C3D-E8F6C2ACAE45}.Maya_Debug|Win32.ActiveCfg = Maya_Debug|Win32
		{46444D49-382F-4C64-9C3D-E8F6C2ACAE45}.Maya_Debug|Win32.Build.0 = Maya_Debug|Win32
		{46444D49-382F-4C64-9C3D-E8F6C2ACAE45}.Maya_Release|Win32.ActiveCfg = Maya_Release|Win32
		{46444D49-382F-4C64-9C3D-E8F6C2ACAE45}.Maya_Release|Win32.Build.0 = Maya_Release|Win32
		{8EA357F6-D66E-4CF6-87CA-00DC19E36E84}.Debug|Win32.ActiveCfg = Debug|Win32
		{8EA357F6-D66E-4CF6-87CA-00DC19E36E84}.Debug|Win32.Build.0 = Debug|Win32
		{8EA357F6-D66E-4CF6-87CA-00DC19E36E84}.Release|Win32.ActiveCfg = Release|Win32
		{8EA357F6-D66E-4CF6-87CA-00DC19E36E84}.Release|Win32.Build.0 = Release|Win32
		{8EA357F6-D66E-4CF6-87CA-00DC19E36E84}.Maya_Debug|Win32.ActiveCfg = Maya_Debug|Win32
		{8EA357F6-D66E-4CF6-87CA-00DC19E36E84}.Maya_Debug|Win32.Build.0 = Maya_Debug|Win32
		{8EA357F6-D66E-4CF6-87CA-00DC19E36E84}.Maya_Release|Win32.ActiveCfg = Maya_Release|Win32
		{8EA357F6-D66E-4CF6-87CA-00DC19E36E84}.Maya_Release|Win32.Build.0 = Maya_Release|Win32
	EndGlobalSection
	GlobalSection(SolutionProperties) = preSolution
		HideSolutionNode = FALSE
	EndGlobalSection
	GlobalSection(NestedProjects) = preSolution
		{48B95670-F339-4004-9506-9E9818C3BC1F} = {798777e9-b38c-4974-bee3-b1cd45f6a1e6}
		{AA638DB2-2940-4F5E-8777-BD6A62A202D2} = {832A854F-2030-4EA4-86FE-EDEEC017E78E}
		{D08F0892-8AF5-492E-8EFA-BF51E5F25EE7} = {798777e9-b38c-4974-bee3-b1cd45f6a1e6}
		{5D66DDF3-F80B-4D00-9D5A-74F35E826E09} = {28B9CEF2-57A6-4ee5-8235-2014936D9FE7}
		{90ECCA6D-A595-409F-B65A-63055B976FD9} = {28B9CEF2-57A6-4ee5-8235-2014936D9FE7}
		{63B2AE2D-0275-4D21-8F56-934AD13BD341} = {28B9CEF2-57A6-4ee5-8235-2014936D9FE7}
		{24D3D3A6-EB41-4DCA-8AE0-31D09723704C} = {28B9CEF2-57A6-4ee5-8235-2014936D9FE7}
		{E90947FC-C80C-4FE3-8DCB-282C38583415} = {28B9CEF2-57A6-4ee5-8235-2014936D9FE7}
		{77BE9AA4-CDD0-45AC-9588-419F5EF5528C} = {28B9CEF2-57A6-4ee5-8235-2014936D9FE7}
		{80A6FBF6-BDD2-49F1-A105-0353DCCA27FB} = {832A854F-2030-4EA4-86FE-EDEEC017E78E}
		{06E819D3-D9AF-49DD-9D57-2C1D78BED8CC} = {832A854F-2030-4EA4-86FE-EDEEC017E78E}
		{9943D755-3946-49FD-A9C1-14587D459409} = {832A854F-2030-4EA4-86FE-EDEEC017E78E}
		{4A641CAA-08D7-4CBF-A38C-B18AE4190159} = {832A854F-2030-4EA4-86FE-EDEEC017E78E}
		{D6DCAF7B-42FD-4B94-BF26-0100E8AE56B1} = {832A854F-2030-4EA4-86FE-EDEEC017E78E}
		{CA6AC26C-3437-4CC9-9EBD-0C23C3EC0D13} = {832A854F-2030-4EA4-86FE-EDEEC017E78E}
		{4361EDCA-7089-4A0C-8893-A3678606E86B} = {832A854F-2030-4EA4-86FE-EDEEC017E78E}
		{46444D49-382F-4C64-9C3D-E8F6C2ACAE45} = {3B2AD919-B940-473D-A9CC-62428540DEC5}
		{8EA357F6-D66E-4CF6-87CA-00DC19E36E84} = {3B2AD919-B940-473D-A9CC-62428540DEC5}
	EndGlobalSection
EndGlobal
