
Microsoft Visual Studio Solution File, Format Version 10.00
# Visual Studio 2008
Project("{8BC9CEB8-8B4A-11D0-8D11-00A0C91BC942}") = "editor_win32", "editor_win32.vcproj", "{9F13EA2A-BDD5-46D1-9B9B-E00F4DD3EF39}"
	ProjectSection(ProjectDependencies) = postProject
		{48E2700E-BD75-4281-91DB-A2694CD3B51D} = {48E2700E-BD75-4281-91DB-A2694CD3B51D}
		{4710AA12-EF28-480F-B307-5EE13E0BC0F4} = {4710AA12-EF28-480F-B307-5EE13E0BC0F4}
		{63B2AE2D-0275-4D21-8F56-934AD13BD341} = {63B2AE2D-0275-4D21-8F56-934AD13BD341}
		{9943D755-3946-49FD-A9C1-14587D459409} = {9943D755-3946-49FD-A9C1-14587D459409}
		{90ECCA6D-A595-409F-B65A-63055B976FD9} = {90ECCA6D-A595-409F-B65A-63055B976FD9}
		{77BE9AA4-CDD0-45AC-9588-419F5EF5528C} = {77BE9AA4-CDD0-45AC-9588-419F5EF5528C}
		{24D3D3A6-EB41-4DCA-8AE0-31D09723704C} = {24D3D3A6-EB41-4DCA-8AE0-31D09723704C}
		{AA638DB2-2940-4F5E-8777-BD6A62A202D2} = {AA638DB2-2940-4F5E-8777-BD6A62A202D2}
		{06E819D3-D9AF-49DD-9D57-2C1D78BED8CC} = {06E819D3-D9AF-49DD-9D57-2C1D78BED8CC}
		{5D66DDF3-F80B-4D00-9D5A-74F35E826E09} = {5D66DDF3-F80B-4D00-9D5A-74F35E826E09}
		{80A6FBF6-BDD2-49F1-A105-0353DCCA27FB} = {80A6FBF6-BDD2-49F1-A105-0353DCCA27FB}
		{E90947FC-C80C-4FE3-8DCB-282C38583415} = {E90947FC-C80C-4FE3-8DCB-282C38583415}
	EndProjectSection
EndProject
Project("{FAE04EC0-301F-11D3-BF4B-00C04F79EFBC}") = "ModelEditor", "..\editors\modeleditor\ModelEditor.csproj", "{FD3E4E08-B7BF-4BA7-9F78-421BDAA6F57A}"
	ProjectSection(ProjectDependencies) = postProject
		{9F13EA2A-BDD5-46D1-9B9B-E00F4DD3EF39} = {9F13EA2A-BDD5-46D1-9B9B-E00F4DD3EF39}
	EndProjectSection
EndProject
Project("{8BC9CEB8-8B4A-11D0-8D11-00A0C91BC942}") = "render_win32", "render_win32.vcproj", "{80A6FBF6-BDD2-49F1-A105-0353DCCA27FB}"
EndProject
Project("{2150E333-8FDC-42A3-9474-1A3956D46DE8}") = "sdk", "sdk", "{DAE7CF97-1A01-4EAB-A0B3-D7D70BC09FCE}"
EndProject
Project("{8BC9CEB8-8B4A-11D0-8D11-00A0C91BC942}") = "foundation_win32", "foundation_win32.vcproj", "{AA638DB2-2940-4F5E-8777-BD6A62A202D2}"
EndProject
Project("{8BC9CEB8-8B4A-11D0-8D11-00A0C91BC942}") = "render_animjobsample_win32", "render_animjobsample_win32.vcproj", "{63B2AE2D-0275-4D21-8F56-934AD13BD341}"
EndProject
Project("{8BC9CEB8-8B4A-11D0-8D11-00A0C91BC942}") = "render_animjobsamplemix_win32", "render_animjobsamplemix_win32.vcproj", "{24D3D3A6-EB41-4DCA-8AE0-31D09723704C}"
EndProject
Project("{8BC9CEB8-8B4A-11D0-8D11-00A0C91BC942}") = "render_charevalskeletonjob_win32", "render_charevalskeletonjob_win32.vcproj", "{90ECCA6D-A595-409F-B65A-63055B976FD9}"
EndProject
Project("{8BC9CEB8-8B4A-11D0-8D11-00A0C91BC942}") = "render_particlejob_win32", "render_particlejob_win32.vcproj", "{5D66DDF3-F80B-4D00-9D5A-74F35E826E09}"
EndProject
Project("{8BC9CEB8-8B4A-11D0-8D11-00A0C91BC942}") = "render_visibilityboxsystemjob_win32", "render_visibilityboxsystemjob_win32.vcproj", "{77BE9AA4-CDD0-45AC-9588-419F5EF5528C}"
EndProject
Project("{8BC9CEB8-8B4A-11D0-8D11-00A0C91BC942}") = "render_visibilityquadtreejob_win32", "render_visibilityquadtreejob_win32.vcproj", "{E90947FC-C80C-4FE3-8DCB-282C38583415}"
EndProject
Project("{8BC9CEB8-8B4A-11D0-8D11-00A0C91BC942}") = "zlib_win32", "zlib_win32.vcproj", "{9943D755-3946-49FD-A9C1-14587D459409}"
EndProject
Project("{8BC9CEB8-8B4A-11D0-8D11-00A0C91BC942}") = "tinyxml_win32", "tinyxml_win32.vcproj", "{06E819D3-D9AF-49DD-9D57-2C1D78BED8CC}"
EndProject
Project("{8BC9CEB8-8B4A-11D0-8D11-00A0C91BC942}") = "vibration_win32", "vibration_win32.vcproj", "{48E2700E-BD75-4281-91DB-A2694CD3B51D}"
EndProject
Project("{8BC9CEB8-8B4A-11D0-8D11-00A0C91BC942}") = "framecapture_win32", "framecapture_win32.vcproj", "{4710AA12-EF28-480F-B307-5EE13E0BC0F4}"
EndProject
Project("{FAE04EC0-301F-11D3-BF4B-00C04F79EFBC}") = "PropertyEditor", "..\extlibs\PropertyEditor\PropertyEditor.csproj", "{7168F82F-288A-42C4-9EB1-FBBE5112F211}"
EndProject
Global
	GlobalSection(SolutionConfigurationPlatforms) = preSolution
		Debug|Any CPU = Debug|Any CPU
		Debug|Mixed Platforms = Debug|Mixed Platforms
		Debug|Win32 = Debug|Win32
		Maya_Debug|Any CPU = Maya_Debug|Any CPU
		Maya_Debug|Mixed Platforms = Maya_Debug|Mixed Platforms
		Maya_Debug|Win32 = Maya_Debug|Win32
		Maya_Release|Any CPU = Maya_Release|Any CPU
		Maya_Release|Mixed Platforms = Maya_Release|Mixed Platforms
		Maya_Release|Win32 = Maya_Release|Win32
		Release|Any CPU = Release|Any CPU
		Release|Mixed Platforms = Release|Mixed Platforms
		Release|Win32 = Release|Win32
	EndGlobalSection
	GlobalSection(ProjectConfigurationPlatforms) = postSolution
		{9F13EA2A-BDD5-46D1-9B9B-E00F4DD3EF39}.Debug|Any CPU.ActiveCfg = Debug|Win32
		{9F13EA2A-BDD5-46D1-9B9B-E00F4DD3EF39}.Debug|Mixed Platforms.ActiveCfg = Debug|Win32
		{9F13EA2A-BDD5-46D1-9B9B-E00F4DD3EF39}.Debug|Mixed Platforms.Build.0 = Debug|Win32
		{9F13EA2A-BDD5-46D1-9B9B-E00F4DD3EF39}.Debug|Win32.ActiveCfg = Debug|Win32
		{9F13EA2A-BDD5-46D1-9B9B-E00F4DD3EF39}.Debug|Win32.Build.0 = Debug|Win32
		{9F13EA2A-BDD5-46D1-9B9B-E00F4DD3EF39}.Maya_Debug|Any CPU.ActiveCfg = Debug|Win32
		{9F13EA2A-BDD5-46D1-9B9B-E00F4DD3EF39}.Maya_Debug|Mixed Platforms.ActiveCfg = Debug|Win32
		{9F13EA2A-BDD5-46D1-9B9B-E00F4DD3EF39}.Maya_Debug|Mixed Platforms.Build.0 = Debug|Win32
		{9F13EA2A-BDD5-46D1-9B9B-E00F4DD3EF39}.Maya_Debug|Win32.ActiveCfg = Debug|Win32
		{9F13EA2A-BDD5-46D1-9B9B-E00F4DD3EF39}.Maya_Debug|Win32.Build.0 = Debug|Win32
		{9F13EA2A-BDD5-46D1-9B9B-E00F4DD3EF39}.Maya_Release|Any CPU.ActiveCfg = Release|Win32
		{9F13EA2A-BDD5-46D1-9B9B-E00F4DD3EF39}.Maya_Release|Mixed Platforms.ActiveCfg = Release|Win32
		{9F13EA2A-BDD5-46D1-9B9B-E00F4DD3EF39}.Maya_Release|Mixed Platforms.Build.0 = Release|Win32
		{9F13EA2A-BDD5-46D1-9B9B-E00F4DD3EF39}.Maya_Release|Win32.ActiveCfg = Release|Win32
		{9F13EA2A-BDD5-46D1-9B9B-E00F4DD3EF39}.Maya_Release|Win32.Build.0 = Release|Win32
		{9F13EA2A-BDD5-46D1-9B9B-E00F4DD3EF39}.Release|Any CPU.ActiveCfg = Release|Win32
		{9F13EA2A-BDD5-46D1-9B9B-E00F4DD3EF39}.Release|Mixed Platforms.ActiveCfg = Release|Win32
		{9F13EA2A-BDD5-46D1-9B9B-E00F4DD3EF39}.Release|Mixed Platforms.Build.0 = Release|Win32
		{9F13EA2A-BDD5-46D1-9B9B-E00F4DD3EF39}.Release|Win32.ActiveCfg = Release|Win32
		{9F13EA2A-BDD5-46D1-9B9B-E00F4DD3EF39}.Release|Win32.Build.0 = Release|Win32
		{FD3E4E08-B7BF-4BA7-9F78-421BDAA6F57A}.Debug|Any CPU.ActiveCfg = Debug|Any CPU
		{FD3E4E08-B7BF-4BA7-9F78-421BDAA6F57A}.Debug|Any CPU.Build.0 = Debug|Any CPU
		{FD3E4E08-B7BF-4BA7-9F78-421BDAA6F57A}.Debug|Mixed Platforms.ActiveCfg = Debug|Any CPU
		{FD3E4E08-B7BF-4BA7-9F78-421BDAA6F57A}.Debug|Mixed Platforms.Build.0 = Debug|Any CPU
		{FD3E4E08-B7BF-4BA7-9F78-421BDAA6F57A}.Debug|Win32.ActiveCfg = Debug|Any CPU
		{FD3E4E08-B7BF-4BA7-9F78-421BDAA6F57A}.Maya_Debug|Any CPU.ActiveCfg = Debug|Any CPU
		{FD3E4E08-B7BF-4BA7-9F78-421BDAA6F57A}.Maya_Debug|Any CPU.Build.0 = Debug|Any CPU
		{FD3E4E08-B7BF-4BA7-9F78-421BDAA6F57A}.Maya_Debug|Mixed Platforms.ActiveCfg = Debug|Any CPU
		{FD3E4E08-B7BF-4BA7-9F78-421BDAA6F57A}.Maya_Debug|Mixed Platforms.Build.0 = Debug|Any CPU
		{FD3E4E08-B7BF-4BA7-9F78-421BDAA6F57A}.Maya_Debug|Win32.ActiveCfg = Debug|Any CPU
		{FD3E4E08-B7BF-4BA7-9F78-421BDAA6F57A}.Maya_Release|Any CPU.ActiveCfg = Release|Any CPU
		{FD3E4E08-B7BF-4BA7-9F78-421BDAA6F57A}.Maya_Release|Any CPU.Build.0 = Release|Any CPU
		{FD3E4E08-B7BF-4BA7-9F78-421BDAA6F57A}.Maya_Release|Mixed Platforms.ActiveCfg = Release|Any CPU
		{FD3E4E08-B7BF-4BA7-9F78-421BDAA6F57A}.Maya_Release|Mixed Platforms.Build.0 = Release|Any CPU
		{FD3E4E08-B7BF-4BA7-9F78-421BDAA6F57A}.Maya_Release|Win32.ActiveCfg = Release|Any CPU
		{FD3E4E08-B7BF-4BA7-9F78-421BDAA6F57A}.Release|Any CPU.ActiveCfg = Release|Any CPU
		{FD3E4E08-B7BF-4BA7-9F78-421BDAA6F57A}.Release|Any CPU.Build.0 = Release|Any CPU
		{FD3E4E08-B7BF-4BA7-9F78-421BDAA6F57A}.Release|Mixed Platforms.ActiveCfg = Release|Any CPU
		{FD3E4E08-B7BF-4BA7-9F78-421BDAA6F57A}.Release|Mixed Platforms.Build.0 = Release|Any CPU
		{FD3E4E08-B7BF-4BA7-9F78-421BDAA6F57A}.Release|Win32.ActiveCfg = Release|Any CPU
		{80A6FBF6-BDD2-49F1-A105-0353DCCA27FB}.Debug|Any CPU.ActiveCfg = Debug|Win32
		{80A6FBF6-BDD2-49F1-A105-0353DCCA27FB}.Debug|Mixed Platforms.ActiveCfg = Debug|Win32
		{80A6FBF6-BDD2-49F1-A105-0353DCCA27FB}.Debug|Mixed Platforms.Build.0 = Debug|Win32
		{80A6FBF6-BDD2-49F1-A105-0353DCCA27FB}.Debug|Win32.ActiveCfg = Debug|Win32
		{80A6FBF6-BDD2-49F1-A105-0353DCCA27FB}.Debug|Win32.Build.0 = Debug|Win32
		{80A6FBF6-BDD2-49F1-A105-0353DCCA27FB}.Maya_Debug|Any CPU.ActiveCfg = Maya_Debug|Win32
		{80A6FBF6-BDD2-49F1-A105-0353DCCA27FB}.Maya_Debug|Mixed Platforms.ActiveCfg = Maya_Debug|Win32
		{80A6FBF6-BDD2-49F1-A105-0353DCCA27FB}.Maya_Debug|Mixed Platforms.Build.0 = Maya_Debug|Win32
		{80A6FBF6-BDD2-49F1-A105-0353DCCA27FB}.Maya_Debug|Win32.ActiveCfg = Maya_Debug|Win32
		{80A6FBF6-BDD2-49F1-A105-0353DCCA27FB}.Maya_Debug|Win32.Build.0 = Maya_Debug|Win32
		{80A6FBF6-BDD2-49F1-A105-0353DCCA27FB}.Maya_Release|Any CPU.ActiveCfg = Maya_Release|Win32
		{80A6FBF6-BDD2-49F1-A105-0353DCCA27FB}.Maya_Release|Mixed Platforms.ActiveCfg = Maya_Release|Win32
		{80A6FBF6-BDD2-49F1-A105-0353DCCA27FB}.Maya_Release|Mixed Platforms.Build.0 = Maya_Release|Win32
		{80A6FBF6-BDD2-49F1-A105-0353DCCA27FB}.Maya_Release|Win32.ActiveCfg = Maya_Release|Win32
		{80A6FBF6-BDD2-49F1-A105-0353DCCA27FB}.Maya_Release|Win32.Build.0 = Maya_Release|Win32
		{80A6FBF6-BDD2-49F1-A105-0353DCCA27FB}.Release|Any CPU.ActiveCfg = Release|Win32
		{80A6FBF6-BDD2-49F1-A105-0353DCCA27FB}.Release|Mixed Platforms.ActiveCfg = Release|Win32
		{80A6FBF6-BDD2-49F1-A105-0353DCCA27FB}.Release|Mixed Platforms.Build.0 = Release|Win32
		{80A6FBF6-BDD2-49F1-A105-0353DCCA27FB}.Release|Win32.ActiveCfg = Release|Win32
		{80A6FBF6-BDD2-49F1-A105-0353DCCA27FB}.Release|Win32.Build.0 = Release|Win32
		{AA638DB2-2940-4F5E-8777-BD6A62A202D2}.Debug|Any CPU.ActiveCfg = Debug|Win32
		{AA638DB2-2940-4F5E-8777-BD6A62A202D2}.Debug|Mixed Platforms.ActiveCfg = Debug|Win32
		{AA638DB2-2940-4F5E-8777-BD6A62A202D2}.Debug|Mixed Platforms.Build.0 = Debug|Win32
		{AA638DB2-2940-4F5E-8777-BD6A62A202D2}.Debug|Win32.ActiveCfg = Debug|Win32
		{AA638DB2-2940-4F5E-8777-BD6A62A202D2}.Debug|Win32.Build.0 = Debug|Win32
		{AA638DB2-2940-4F5E-8777-BD6A62A202D2}.Maya_Debug|Any CPU.ActiveCfg = Maya_Debug|Win32
		{AA638DB2-2940-4F5E-8777-BD6A62A202D2}.Maya_Debug|Mixed Platforms.ActiveCfg = Maya_Debug|Win32
		{AA638DB2-2940-4F5E-8777-BD6A62A202D2}.Maya_Debug|Mixed Platforms.Build.0 = Maya_Debug|Win32
		{AA638DB2-2940-4F5E-8777-BD6A62A202D2}.Maya_Debug|Win32.ActiveCfg = Maya_Debug|Win32
		{AA638DB2-2940-4F5E-8777-BD6A62A202D2}.Maya_Debug|Win32.Build.0 = Maya_Debug|Win32
		{AA638DB2-2940-4F5E-8777-BD6A62A202D2}.Maya_Release|Any CPU.ActiveCfg = Maya_Release|Win32
		{AA638DB2-2940-4F5E-8777-BD6A62A202D2}.Maya_Release|Mixed Platforms.ActiveCfg = Maya_Release|Win32
		{AA638DB2-2940-4F5E-8777-BD6A62A202D2}.Maya_Release|Mixed Platforms.Build.0 = Maya_Release|Win32
		{AA638DB2-2940-4F5E-8777-BD6A62A202D2}.Maya_Release|Win32.ActiveCfg = Maya_Release|Win32
		{AA638DB2-2940-4F5E-8777-BD6A62A202D2}.Maya_Release|Win32.Build.0 = Maya_Release|Win32
		{AA638DB2-2940-4F5E-8777-BD6A62A202D2}.Release|Any CPU.ActiveCfg = Release|Win32
		{AA638DB2-2940-4F5E-8777-BD6A62A202D2}.Release|Mixed Platforms.ActiveCfg = Release|Win32
		{AA638DB2-2940-4F5E-8777-BD6A62A202D2}.Release|Mixed Platforms.Build.0 = Release|Win32
		{AA638DB2-2940-4F5E-8777-BD6A62A202D2}.Release|Win32.ActiveCfg = Release|Win32
		{AA638DB2-2940-4F5E-8777-BD6A62A202D2}.Release|Win32.Build.0 = Release|Win32
		{63B2AE2D-0275-4D21-8F56-934AD13BD341}.Debug|Any CPU.ActiveCfg = Debug|Win32
		{63B2AE2D-0275-4D21-8F56-934AD13BD341}.Debug|Mixed Platforms.ActiveCfg = Debug|Win32
		{63B2AE2D-0275-4D21-8F56-934AD13BD341}.Debug|Mixed Platforms.Build.0 = Debug|Win32
		{63B2AE2D-0275-4D21-8F56-934AD13BD341}.Debug|Win32.ActiveCfg = Debug|Win32
		{63B2AE2D-0275-4D21-8F56-934AD13BD341}.Debug|Win32.Build.0 = Debug|Win32
		{63B2AE2D-0275-4D21-8F56-934AD13BD341}.Maya_Debug|Any CPU.ActiveCfg = Maya_Debug|Win32
		{63B2AE2D-0275-4D21-8F56-934AD13BD341}.Maya_Debug|Mixed Platforms.ActiveCfg = Maya_Debug|Win32
		{63B2AE2D-0275-4D21-8F56-934AD13BD341}.Maya_Debug|Mixed Platforms.Build.0 = Maya_Debug|Win32
		{63B2AE2D-0275-4D21-8F56-934AD13BD341}.Maya_Debug|Win32.ActiveCfg = Maya_Debug|Win32
		{63B2AE2D-0275-4D21-8F56-934AD13BD341}.Maya_Debug|Win32.Build.0 = Maya_Debug|Win32
		{63B2AE2D-0275-4D21-8F56-934AD13BD341}.Maya_Release|Any CPU.ActiveCfg = Maya_Release|Win32
		{63B2AE2D-0275-4D21-8F56-934AD13BD341}.Maya_Release|Mixed Platforms.ActiveCfg = Maya_Release|Win32
		{63B2AE2D-0275-4D21-8F56-934AD13BD341}.Maya_Release|Mixed Platforms.Build.0 = Maya_Release|Win32
		{63B2AE2D-0275-4D21-8F56-934AD13BD341}.Maya_Release|Win32.ActiveCfg = Maya_Release|Win32
		{63B2AE2D-0275-4D21-8F56-934AD13BD341}.Maya_Release|Win32.Build.0 = Maya_Release|Win32
		{63B2AE2D-0275-4D21-8F56-934AD13BD341}.Release|Any CPU.ActiveCfg = Release|Win32
		{63B2AE2D-0275-4D21-8F56-934AD13BD341}.Release|Mixed Platforms.ActiveCfg = Release|Win32
		{63B2AE2D-0275-4D21-8F56-934AD13BD341}.Release|Mixed Platforms.Build.0 = Release|Win32
		{63B2AE2D-0275-4D21-8F56-934AD13BD341}.Release|Win32.ActiveCfg = Release|Win32
		{63B2AE2D-0275-4D21-8F56-934AD13BD341}.Release|Win32.Build.0 = Release|Win32
		{24D3D3A6-EB41-4DCA-8AE0-31D09723704C}.Debug|Any CPU.ActiveCfg = Debug|Win32
		{24D3D3A6-EB41-4DCA-8AE0-31D09723704C}.Debug|Mixed Platforms.ActiveCfg = Debug|Win32
		{24D3D3A6-EB41-4DCA-8AE0-31D09723704C}.Debug|Mixed Platforms.Build.0 = Debug|Win32
		{24D3D3A6-EB41-4DCA-8AE0-31D09723704C}.Debug|Win32.ActiveCfg = Debug|Win32
		{24D3D3A6-EB41-4DCA-8AE0-31D09723704C}.Debug|Win32.Build.0 = Debug|Win32
		{24D3D3A6-EB41-4DCA-8AE0-31D09723704C}.Maya_Debug|Any CPU.ActiveCfg = Maya_Debug|Win32
		{24D3D3A6-EB41-4DCA-8AE0-31D09723704C}.Maya_Debug|Mixed Platforms.ActiveCfg = Maya_Debug|Win32
		{24D3D3A6-EB41-4DCA-8AE0-31D09723704C}.Maya_Debug|Mixed Platforms.Build.0 = Maya_Debug|Win32
		{24D3D3A6-EB41-4DCA-8AE0-31D09723704C}.Maya_Debug|Win32.ActiveCfg = Maya_Debug|Win32
		{24D3D3A6-EB41-4DCA-8AE0-31D09723704C}.Maya_Debug|Win32.Build.0 = Maya_Debug|Win32
		{24D3D3A6-EB41-4DCA-8AE0-31D09723704C}.Maya_Release|Any CPU.ActiveCfg = Maya_Release|Win32
		{24D3D3A6-EB41-4DCA-8AE0-31D09723704C}.Maya_Release|Mixed Platforms.ActiveCfg = Maya_Release|Win32
		{24D3D3A6-EB41-4DCA-8AE0-31D09723704C}.Maya_Release|Mixed Platforms.Build.0 = Maya_Release|Win32
		{24D3D3A6-EB41-4DCA-8AE0-31D09723704C}.Maya_Release|Win32.ActiveCfg = Maya_Release|Win32
		{24D3D3A6-EB41-4DCA-8AE0-31D09723704C}.Maya_Release|Win32.Build.0 = Maya_Release|Win32
		{24D3D3A6-EB41-4DCA-8AE0-31D09723704C}.Release|Any CPU.ActiveCfg = Release|Win32
		{24D3D3A6-EB41-4DCA-8AE0-31D09723704C}.Release|Mixed Platforms.ActiveCfg = Release|Win32
		{24D3D3A6-EB41-4DCA-8AE0-31D09723704C}.Release|Mixed Platforms.Build.0 = Release|Win32
		{24D3D3A6-EB41-4DCA-8AE0-31D09723704C}.Release|Win32.ActiveCfg = Release|Win32
		{24D3D3A6-EB41-4DCA-8AE0-31D09723704C}.Release|Win32.Build.0 = Release|Win32
		{90ECCA6D-A595-409F-B65A-63055B976FD9}.Debug|Any CPU.ActiveCfg = Debug|Win32
		{90ECCA6D-A595-409F-B65A-63055B976FD9}.Debug|Mixed Platforms.ActiveCfg = Debug|Win32
		{90ECCA6D-A595-409F-B65A-63055B976FD9}.Debug|Mixed Platforms.Build.0 = Debug|Win32
		{90ECCA6D-A595-409F-B65A-63055B976FD9}.Debug|Win32.ActiveCfg = Debug|Win32
		{90ECCA6D-A595-409F-B65A-63055B976FD9}.Debug|Win32.Build.0 = Debug|Win32
		{90ECCA6D-A595-409F-B65A-63055B976FD9}.Maya_Debug|Any CPU.ActiveCfg = Maya_Debug|Win32
		{90ECCA6D-A595-409F-B65A-63055B976FD9}.Maya_Debug|Mixed Platforms.ActiveCfg = Maya_Debug|Win32
		{90ECCA6D-A595-409F-B65A-63055B976FD9}.Maya_Debug|Mixed Platforms.Build.0 = Maya_Debug|Win32
		{90ECCA6D-A595-409F-B65A-63055B976FD9}.Maya_Debug|Win32.ActiveCfg = Maya_Debug|Win32
		{90ECCA6D-A595-409F-B65A-63055B976FD9}.Maya_Debug|Win32.Build.0 = Maya_Debug|Win32
		{90ECCA6D-A595-409F-B65A-63055B976FD9}.Maya_Release|Any CPU.ActiveCfg = Maya_Release|Win32
		{90ECCA6D-A595-409F-B65A-63055B976FD9}.Maya_Release|Mixed Platforms.ActiveCfg = Maya_Release|Win32
		{90ECCA6D-A595-409F-B65A-63055B976FD9}.Maya_Release|Mixed Platforms.Build.0 = Maya_Release|Win32
		{90ECCA6D-A595-409F-B65A-63055B976FD9}.Maya_Release|Win32.ActiveCfg = Maya_Release|Win32
		{90ECCA6D-A595-409F-B65A-63055B976FD9}.Maya_Release|Win32.Build.0 = Maya_Release|Win32
		{90ECCA6D-A595-409F-B65A-63055B976FD9}.Release|Any CPU.ActiveCfg = Release|Win32
		{90ECCA6D-A595-409F-B65A-63055B976FD9}.Release|Mixed Platforms.ActiveCfg = Release|Win32
		{90ECCA6D-A595-409F-B65A-63055B976FD9}.Release|Mixed Platforms.Build.0 = Release|Win32
		{90ECCA6D-A595-409F-B65A-63055B976FD9}.Release|Win32.ActiveCfg = Release|Win32
		{90ECCA6D-A595-409F-B65A-63055B976FD9}.Release|Win32.Build.0 = Release|Win32
		{5D66DDF3-F80B-4D00-9D5A-74F35E826E09}.Debug|Any CPU.ActiveCfg = Debug|Win32
		{5D66DDF3-F80B-4D00-9D5A-74F35E826E09}.Debug|Mixed Platforms.ActiveCfg = Debug|Win32
		{5D66DDF3-F80B-4D00-9D5A-74F35E826E09}.Debug|Mixed Platforms.Build.0 = Debug|Win32
		{5D66DDF3-F80B-4D00-9D5A-74F35E826E09}.Debug|Win32.ActiveCfg = Debug|Win32
		{5D66DDF3-F80B-4D00-9D5A-74F35E826E09}.Debug|Win32.Build.0 = Debug|Win32
		{5D66DDF3-F80B-4D00-9D5A-74F35E826E09}.Maya_Debug|Any CPU.ActiveCfg = Maya_Debug|Win32
		{5D66DDF3-F80B-4D00-9D5A-74F35E826E09}.Maya_Debug|Mixed Platforms.ActiveCfg = Maya_Debug|Win32
		{5D66DDF3-F80B-4D00-9D5A-74F35E826E09}.Maya_Debug|Mixed Platforms.Build.0 = Maya_Debug|Win32
		{5D66DDF3-F80B-4D00-9D5A-74F35E826E09}.Maya_Debug|Win32.ActiveCfg = Maya_Debug|Win32
		{5D66DDF3-F80B-4D00-9D5A-74F35E826E09}.Maya_Debug|Win32.Build.0 = Maya_Debug|Win32
		{5D66DDF3-F80B-4D00-9D5A-74F35E826E09}.Maya_Release|Any CPU.ActiveCfg = Maya_Release|Win32
		{5D66DDF3-F80B-4D00-9D5A-74F35E826E09}.Maya_Release|Mixed Platforms.ActiveCfg = Maya_Release|Win32
		{5D66DDF3-F80B-4D00-9D5A-74F35E826E09}.Maya_Release|Mixed Platforms.Build.0 = Maya_Release|Win32
		{5D66DDF3-F80B-4D00-9D5A-74F35E826E09}.Maya_Release|Win32.ActiveCfg = Maya_Release|Win32
		{5D66DDF3-F80B-4D00-9D5A-74F35E826E09}.Maya_Release|Win32.Build.0 = Maya_Release|Win32
		{5D66DDF3-F80B-4D00-9D5A-74F35E826E09}.Release|Any CPU.ActiveCfg = Release|Win32
		{5D66DDF3-F80B-4D00-9D5A-74F35E826E09}.Release|Mixed Platforms.ActiveCfg = Release|Win32
		{5D66DDF3-F80B-4D00-9D5A-74F35E826E09}.Release|Mixed Platforms.Build.0 = Release|Win32
		{5D66DDF3-F80B-4D00-9D5A-74F35E826E09}.Release|Win32.ActiveCfg = Release|Win32
		{5D66DDF3-F80B-4D00-9D5A-74F35E826E09}.Release|Win32.Build.0 = Release|Win32
		{77BE9AA4-CDD0-45AC-9588-419F5EF5528C}.Debug|Any CPU.ActiveCfg = Debug|Win32
		{77BE9AA4-CDD0-45AC-9588-419F5EF5528C}.Debug|Mixed Platforms.ActiveCfg = Debug|Win32
		{77BE9AA4-CDD0-45AC-9588-419F5EF5528C}.Debug|Mixed Platforms.Build.0 = Debug|Win32
		{77BE9AA4-CDD0-45AC-9588-419F5EF5528C}.Debug|Win32.ActiveCfg = Debug|Win32
		{77BE9AA4-CDD0-45AC-9588-419F5EF5528C}.Debug|Win32.Build.0 = Debug|Win32
		{77BE9AA4-CDD0-45AC-9588-419F5EF5528C}.Maya_Debug|Any CPU.ActiveCfg = Maya_Debug|Win32
		{77BE9AA4-CDD0-45AC-9588-419F5EF5528C}.Maya_Debug|Mixed Platforms.ActiveCfg = Maya_Debug|Win32
		{77BE9AA4-CDD0-45AC-9588-419F5EF5528C}.Maya_Debug|Mixed Platforms.Build.0 = Maya_Debug|Win32
		{77BE9AA4-CDD0-45AC-9588-419F5EF5528C}.Maya_Debug|Win32.ActiveCfg = Maya_Debug|Win32
		{77BE9AA4-CDD0-45AC-9588-419F5EF5528C}.Maya_Debug|Win32.Build.0 = Maya_Debug|Win32
		{77BE9AA4-CDD0-45AC-9588-419F5EF5528C}.Maya_Release|Any CPU.ActiveCfg = Maya_Release|Win32
		{77BE9AA4-CDD0-45AC-9588-419F5EF5528C}.Maya_Release|Mixed Platforms.ActiveCfg = Maya_Release|Win32
		{77BE9AA4-CDD0-45AC-9588-419F5EF5528C}.Maya_Release|Mixed Platforms.Build.0 = Maya_Release|Win32
		{77BE9AA4-CDD0-45AC-9588-419F5EF5528C}.Maya_Release|Win32.ActiveCfg = Maya_Release|Win32
		{77BE9AA4-CDD0-45AC-9588-419F5EF5528C}.Maya_Release|Win32.Build.0 = Maya_Release|Win32
		{77BE9AA4-CDD0-45AC-9588-419F5EF5528C}.Release|Any CPU.ActiveCfg = Release|Win32
		{77BE9AA4-CDD0-45AC-9588-419F5EF5528C}.Release|Mixed Platforms.ActiveCfg = Release|Win32
		{77BE9AA4-CDD0-45AC-9588-419F5EF5528C}.Release|Mixed Platforms.Build.0 = Release|Win32
		{77BE9AA4-CDD0-45AC-9588-419F5EF5528C}.Release|Win32.ActiveCfg = Release|Win32
		{77BE9AA4-CDD0-45AC-9588-419F5EF5528C}.Release|Win32.Build.0 = Release|Win32
		{E90947FC-C80C-4FE3-8DCB-282C38583415}.Debug|Any CPU.ActiveCfg = Debug|Win32
		{E90947FC-C80C-4FE3-8DCB-282C38583415}.Debug|Mixed Platforms.ActiveCfg = Debug|Win32
		{E90947FC-C80C-4FE3-8DCB-282C38583415}.Debug|Mixed Platforms.Build.0 = Debug|Win32
		{E90947FC-C80C-4FE3-8DCB-282C38583415}.Debug|Win32.ActiveCfg = Debug|Win32
		{E90947FC-C80C-4FE3-8DCB-282C38583415}.Debug|Win32.Build.0 = Debug|Win32
		{E90947FC-C80C-4FE3-8DCB-282C38583415}.Maya_Debug|Any CPU.ActiveCfg = Maya_Debug|Win32
		{E90947FC-C80C-4FE3-8DCB-282C38583415}.Maya_Debug|Mixed Platforms.ActiveCfg = Maya_Debug|Win32
		{E90947FC-C80C-4FE3-8DCB-282C38583415}.Maya_Debug|Mixed Platforms.Build.0 = Maya_Debug|Win32
		{E90947FC-C80C-4FE3-8DCB-282C38583415}.Maya_Debug|Win32.ActiveCfg = Maya_Debug|Win32
		{E90947FC-C80C-4FE3-8DCB-282C38583415}.Maya_Debug|Win32.Build.0 = Maya_Debug|Win32
		{E90947FC-C80C-4FE3-8DCB-282C38583415}.Maya_Release|Any CPU.ActiveCfg = Maya_Release|Win32
		{E90947FC-C80C-4FE3-8DCB-282C38583415}.Maya_Release|Mixed Platforms.ActiveCfg = Maya_Release|Win32
		{E90947FC-C80C-4FE3-8DCB-282C38583415}.Maya_Release|Mixed Platforms.Build.0 = Maya_Release|Win32
		{E90947FC-C80C-4FE3-8DCB-282C38583415}.Maya_Release|Win32.ActiveCfg = Maya_Release|Win32
		{E90947FC-C80C-4FE3-8DCB-282C38583415}.Maya_Release|Win32.Build.0 = Maya_Release|Win32
		{E90947FC-C80C-4FE3-8DCB-282C38583415}.Release|Any CPU.ActiveCfg = Release|Win32
		{E90947FC-C80C-4FE3-8DCB-282C38583415}.Release|Mixed Platforms.ActiveCfg = Release|Win32
		{E90947FC-C80C-4FE3-8DCB-282C38583415}.Release|Mixed Platforms.Build.0 = Release|Win32
		{E90947FC-C80C-4FE3-8DCB-282C38583415}.Release|Win32.ActiveCfg = Release|Win32
		{E90947FC-C80C-4FE3-8DCB-282C38583415}.Release|Win32.Build.0 = Release|Win32
		{9943D755-3946-49FD-A9C1-14587D459409}.Debug|Any CPU.ActiveCfg = Debug|Win32
		{9943D755-3946-49FD-A9C1-14587D459409}.Debug|Mixed Platforms.ActiveCfg = Debug|Win32
		{9943D755-3946-49FD-A9C1-14587D459409}.Debug|Mixed Platforms.Build.0 = Debug|Win32
		{9943D755-3946-49FD-A9C1-14587D459409}.Debug|Win32.ActiveCfg = Debug|Win32
		{9943D755-3946-49FD-A9C1-14587D459409}.Debug|Win32.Build.0 = Debug|Win32
		{9943D755-3946-49FD-A9C1-14587D459409}.Maya_Debug|Any CPU.ActiveCfg = Maya_Debug|Win32
		{9943D755-3946-49FD-A9C1-14587D459409}.Maya_Debug|Mixed Platforms.ActiveCfg = Maya_Debug|Win32
		{9943D755-3946-49FD-A9C1-14587D459409}.Maya_Debug|Mixed Platforms.Build.0 = Maya_Debug|Win32
		{9943D755-3946-49FD-A9C1-14587D459409}.Maya_Debug|Win32.ActiveCfg = Maya_Debug|Win32
		{9943D755-3946-49FD-A9C1-14587D459409}.Maya_Debug|Win32.Build.0 = Maya_Debug|Win32
		{9943D755-3946-49FD-A9C1-14587D459409}.Maya_Release|Any CPU.ActiveCfg = Maya_Release|Win32
		{9943D755-3946-49FD-A9C1-14587D459409}.Maya_Release|Mixed Platforms.ActiveCfg = Maya_Release|Win32
		{9943D755-3946-49FD-A9C1-14587D459409}.Maya_Release|Mixed Platforms.Build.0 = Maya_Release|Win32
		{9943D755-3946-49FD-A9C1-14587D459409}.Maya_Release|Win32.ActiveCfg = Maya_Release|Win32
		{9943D755-3946-49FD-A9C1-14587D459409}.Maya_Release|Win32.Build.0 = Maya_Release|Win32
		{9943D755-3946-49FD-A9C1-14587D459409}.Release|Any CPU.ActiveCfg = Release|Win32
		{9943D755-3946-49FD-A9C1-14587D459409}.Release|Mixed Platforms.ActiveCfg = Release|Win32
		{9943D755-3946-49FD-A9C1-14587D459409}.Release|Mixed Platforms.Build.0 = Release|Win32
		{9943D755-3946-49FD-A9C1-14587D459409}.Release|Win32.ActiveCfg = Release|Win32
		{9943D755-3946-49FD-A9C1-14587D459409}.Release|Win32.Build.0 = Release|Win32
		{06E819D3-D9AF-49DD-9D57-2C1D78BED8CC}.Debug|Any CPU.ActiveCfg = Debug|Win32
		{06E819D3-D9AF-49DD-9D57-2C1D78BED8CC}.Debug|Mixed Platforms.ActiveCfg = Debug|Win32
		{06E819D3-D9AF-49DD-9D57-2C1D78BED8CC}.Debug|Mixed Platforms.Build.0 = Debug|Win32
		{06E819D3-D9AF-49DD-9D57-2C1D78BED8CC}.Debug|Win32.ActiveCfg = Debug|Win32
		{06E819D3-D9AF-49DD-9D57-2C1D78BED8CC}.Debug|Win32.Build.0 = Debug|Win32
		{06E819D3-D9AF-49DD-9D57-2C1D78BED8CC}.Maya_Debug|Any CPU.ActiveCfg = Maya_Debug|Win32
		{06E819D3-D9AF-49DD-9D57-2C1D78BED8CC}.Maya_Debug|Mixed Platforms.ActiveCfg = Maya_Debug|Win32
		{06E819D3-D9AF-49DD-9D57-2C1D78BED8CC}.Maya_Debug|Mixed Platforms.Build.0 = Maya_Debug|Win32
		{06E819D3-D9AF-49DD-9D57-2C1D78BED8CC}.Maya_Debug|Win32.ActiveCfg = Maya_Debug|Win32
		{06E819D3-D9AF-49DD-9D57-2C1D78BED8CC}.Maya_Debug|Win32.Build.0 = Maya_Debug|Win32
		{06E819D3-D9AF-49DD-9D57-2C1D78BED8CC}.Maya_Release|Any CPU.ActiveCfg = Maya_Release|Win32
		{06E819D3-D9AF-49DD-9D57-2C1D78BED8CC}.Maya_Release|Mixed Platforms.ActiveCfg = Maya_Release|Win32
		{06E819D3-D9AF-49DD-9D57-2C1D78BED8CC}.Maya_Release|Mixed Platforms.Build.0 = Maya_Release|Win32
		{06E819D3-D9AF-49DD-9D57-2C1D78BED8CC}.Maya_Release|Win32.ActiveCfg = Maya_Release|Win32
		{06E819D3-D9AF-49DD-9D57-2C1D78BED8CC}.Maya_Release|Win32.Build.0 = Maya_Release|Win32
		{06E819D3-D9AF-49DD-9D57-2C1D78BED8CC}.Release|Any CPU.ActiveCfg = Release|Win32
		{06E819D3-D9AF-49DD-9D57-2C1D78BED8CC}.Release|Mixed Platforms.ActiveCfg = Release|Win32
		{06E819D3-D9AF-49DD-9D57-2C1D78BED8CC}.Release|Mixed Platforms.Build.0 = Release|Win32
		{06E819D3-D9AF-49DD-9D57-2C1D78BED8CC}.Release|Win32.ActiveCfg = Release|Win32
		{06E819D3-D9AF-49DD-9D57-2C1D78BED8CC}.Release|Win32.Build.0 = Release|Win32
		{48E2700E-BD75-4281-91DB-A2694CD3B51D}.Debug|Any CPU.ActiveCfg = Debug|Win32
		{48E2700E-BD75-4281-91DB-A2694CD3B51D}.Debug|Mixed Platforms.ActiveCfg = Debug|Win32
		{48E2700E-BD75-4281-91DB-A2694CD3B51D}.Debug|Mixed Platforms.Build.0 = Debug|Win32
		{48E2700E-BD75-4281-91DB-A2694CD3B51D}.Debug|Win32.ActiveCfg = Debug|Win32
		{48E2700E-BD75-4281-91DB-A2694CD3B51D}.Debug|Win32.Build.0 = Debug|Win32
		{48E2700E-BD75-4281-91DB-A2694CD3B51D}.Maya_Debug|Any CPU.ActiveCfg = Maya_Debug|Win32
		{48E2700E-BD75-4281-91DB-A2694CD3B51D}.Maya_Debug|Mixed Platforms.ActiveCfg = Maya_Debug|Win32
		{48E2700E-BD75-4281-91DB-A2694CD3B51D}.Maya_Debug|Mixed Platforms.Build.0 = Maya_Debug|Win32
		{48E2700E-BD75-4281-91DB-A2694CD3B51D}.Maya_Debug|Win32.ActiveCfg = Maya_Debug|Win32
		{48E2700E-BD75-4281-91DB-A2694CD3B51D}.Maya_Debug|Win32.Build.0 = Maya_Debug|Win32
		{48E2700E-BD75-4281-91DB-A2694CD3B51D}.Maya_Release|Any CPU.ActiveCfg = Maya_Release|Win32
		{48E2700E-BD75-4281-91DB-A2694CD3B51D}.Maya_Release|Mixed Platforms.ActiveCfg = Maya_Release|Win32
		{48E2700E-BD75-4281-91DB-A2694CD3B51D}.Maya_Release|Mixed Platforms.Build.0 = Maya_Release|Win32
		{48E2700E-BD75-4281-91DB-A2694CD3B51D}.Maya_Release|Win32.ActiveCfg = Maya_Release|Win32
		{48E2700E-BD75-4281-91DB-A2694CD3B51D}.Maya_Release|Win32.Build.0 = Maya_Release|Win32
		{48E2700E-BD75-4281-91DB-A2694CD3B51D}.Release|Any CPU.ActiveCfg = Release|Win32
		{48E2700E-BD75-4281-91DB-A2694CD3B51D}.Release|Mixed Platforms.ActiveCfg = Release|Win32
		{48E2700E-BD75-4281-91DB-A2694CD3B51D}.Release|Mixed Platforms.Build.0 = Release|Win32
		{48E2700E-BD75-4281-91DB-A2694CD3B51D}.Release|Win32.ActiveCfg = Release|Win32
		{48E2700E-BD75-4281-91DB-A2694CD3B51D}.Release|Win32.Build.0 = Release|Win32
		{4710AA12-EF28-480F-B307-5EE13E0BC0F4}.Debug|Any CPU.ActiveCfg = Debug|Win32
		{4710AA12-EF28-480F-B307-5EE13E0BC0F4}.Debug|Mixed Platforms.ActiveCfg = Debug|Win32
		{4710AA12-EF28-480F-B307-5EE13E0BC0F4}.Debug|Mixed Platforms.Build.0 = Debug|Win32
		{4710AA12-EF28-480F-B307-5EE13E0BC0F4}.Debug|Win32.ActiveCfg = Debug|Win32
		{4710AA12-EF28-480F-B307-5EE13E0BC0F4}.Debug|Win32.Build.0 = Debug|Win32
		{4710AA12-EF28-480F-B307-5EE13E0BC0F4}.Maya_Debug|Any CPU.ActiveCfg = Maya_Debug|Win32
		{4710AA12-EF28-480F-B307-5EE13E0BC0F4}.Maya_Debug|Mixed Platforms.ActiveCfg = Maya_Debug|Win32
		{4710AA12-EF28-480F-B307-5EE13E0BC0F4}.Maya_Debug|Mixed Platforms.Build.0 = Maya_Debug|Win32
		{4710AA12-EF28-480F-B307-5EE13E0BC0F4}.Maya_Debug|Win32.ActiveCfg = Maya_Debug|Win32
		{4710AA12-EF28-480F-B307-5EE13E0BC0F4}.Maya_Debug|Win32.Build.0 = Maya_Debug|Win32
		{4710AA12-EF28-480F-B307-5EE13E0BC0F4}.Maya_Release|Any CPU.ActiveCfg = Maya_Release|Win32
		{4710AA12-EF28-480F-B307-5EE13E0BC0F4}.Maya_Release|Mixed Platforms.ActiveCfg = Maya_Release|Win32
		{4710AA12-EF28-480F-B307-5EE13E0BC0F4}.Maya_Release|Mixed Platforms.Build.0 = Maya_Release|Win32
		{4710AA12-EF28-480F-B307-5EE13E0BC0F4}.Maya_Release|Win32.ActiveCfg = Maya_Release|Win32
		{4710AA12-EF28-480F-B307-5EE13E0BC0F4}.Maya_Release|Win32.Build.0 = Maya_Release|Win32
		{4710AA12-EF28-480F-B307-5EE13E0BC0F4}.Release|Any CPU.ActiveCfg = Release|Win32
		{4710AA12-EF28-480F-B307-5EE13E0BC0F4}.Release|Mixed Platforms.ActiveCfg = Release|Win32
		{4710AA12-EF28-480F-B307-5EE13E0BC0F4}.Release|Mixed Platforms.Build.0 = Release|Win32
		{4710AA12-EF28-480F-B307-5EE13E0BC0F4}.Release|Win32.ActiveCfg = Release|Win32
		{4710AA12-EF28-480F-B307-5EE13E0BC0F4}.Release|Win32.Build.0 = Release|Win32
		{7168F82F-288A-42C4-9EB1-FBBE5112F211}.Debug|Any CPU.ActiveCfg = Debug|Any CPU
		{7168F82F-288A-42C4-9EB1-FBBE5112F211}.Debug|Any CPU.Build.0 = Debug|Any CPU
		{7168F82F-288A-42C4-9EB1-FBBE5112F211}.Debug|Mixed Platforms.ActiveCfg = Debug|Any CPU
		{7168F82F-288A-42C4-9EB1-FBBE5112F211}.Debug|Mixed Platforms.Build.0 = Debug|Any CPU
		{7168F82F-288A-42C4-9EB1-FBBE5112F211}.Debug|Win32.ActiveCfg = Debug|Any CPU
		{7168F82F-288A-42C4-9EB1-FBBE5112F211}.Maya_Debug|Any CPU.ActiveCfg = Debug|Any CPU
		{7168F82F-288A-42C4-9EB1-FBBE5112F211}.Maya_Debug|Any CPU.Build.0 = Debug|Any CPU
		{7168F82F-288A-42C4-9EB1-FBBE5112F211}.Maya_Debug|Mixed Platforms.ActiveCfg = Debug|Any CPU
		{7168F82F-288A-42C4-9EB1-FBBE5112F211}.Maya_Debug|Mixed Platforms.Build.0 = Debug|Any CPU
		{7168F82F-288A-42C4-9EB1-FBBE5112F211}.Maya_Debug|Win32.ActiveCfg = Debug|Any CPU
		{7168F82F-288A-42C4-9EB1-FBBE5112F211}.Maya_Release|Any CPU.ActiveCfg = Release|Any CPU
		{7168F82F-288A-42C4-9EB1-FBBE5112F211}.Maya_Release|Any CPU.Build.0 = Release|Any CPU
		{7168F82F-288A-42C4-9EB1-FBBE5112F211}.Maya_Release|Mixed Platforms.ActiveCfg = Release|Any CPU
		{7168F82F-288A-42C4-9EB1-FBBE5112F211}.Maya_Release|Mixed Platforms.Build.0 = Release|Any CPU
		{7168F82F-288A-42C4-9EB1-FBBE5112F211}.Maya_Release|Win32.ActiveCfg = Release|Any CPU
		{7168F82F-288A-42C4-9EB1-FBBE5112F211}.Release|Any CPU.ActiveCfg = Release|Any CPU
		{7168F82F-288A-42C4-9EB1-FBBE5112F211}.Release|Any CPU.Build.0 = Release|Any CPU
		{7168F82F-288A-42C4-9EB1-FBBE5112F211}.Release|Mixed Platforms.ActiveCfg = Release|Any CPU
		{7168F82F-288A-42C4-9EB1-FBBE5112F211}.Release|Mixed Platforms.Build.0 = Release|Any CPU
		{7168F82F-288A-42C4-9EB1-FBBE5112F211}.Release|Win32.ActiveCfg = Release|Any CPU
	EndGlobalSection
	GlobalSection(SolutionProperties) = preSolution
		HideSolutionNode = FALSE
	EndGlobalSection
	GlobalSection(NestedProjects) = preSolution
		{80A6FBF6-BDD2-49F1-A105-0353DCCA27FB} = {DAE7CF97-1A01-4EAB-A0B3-D7D70BC09FCE}
		{AA638DB2-2940-4F5E-8777-BD6A62A202D2} = {DAE7CF97-1A01-4EAB-A0B3-D7D70BC09FCE}
		{63B2AE2D-0275-4D21-8F56-934AD13BD341} = {DAE7CF97-1A01-4EAB-A0B3-D7D70BC09FCE}
		{24D3D3A6-EB41-4DCA-8AE0-31D09723704C} = {DAE7CF97-1A01-4EAB-A0B3-D7D70BC09FCE}
		{90ECCA6D-A595-409F-B65A-63055B976FD9} = {DAE7CF97-1A01-4EAB-A0B3-D7D70BC09FCE}
		{5D66DDF3-F80B-4D00-9D5A-74F35E826E09} = {DAE7CF97-1A01-4EAB-A0B3-D7D70BC09FCE}
		{77BE9AA4-CDD0-45AC-9588-419F5EF5528C} = {DAE7CF97-1A01-4EAB-A0B3-D7D70BC09FCE}
		{E90947FC-C80C-4FE3-8DCB-282C38583415} = {DAE7CF97-1A01-4EAB-A0B3-D7D70BC09FCE}
		{9943D755-3946-49FD-A9C1-14587D459409} = {DAE7CF97-1A01-4EAB-A0B3-D7D70BC09FCE}
		{06E819D3-D9AF-49DD-9D57-2C1D78BED8CC} = {DAE7CF97-1A01-4EAB-A0B3-D7D70BC09FCE}
		{48E2700E-BD75-4281-91DB-A2694CD3B51D} = {DAE7CF97-1A01-4EAB-A0B3-D7D70BC09FCE}
		{4710AA12-EF28-480F-B307-5EE13E0BC0F4} = {DAE7CF97-1A01-4EAB-A0B3-D7D70BC09FCE}
	EndGlobalSection
EndGlobal
