Microsoft Visual Studio Solution File, Format Version 10.00
# Visual Studio 2008
Project("{2150E333-8FDC-42A3-9474-1A3956D46DE8}") = "NIDLs", "NIDLs", "{798777E9-B38C-4974-BEE3-B1CD45F6A1E6}"
EndProject
Project("{2150E333-8FDC-42A3-9474-1A3956D46DE8}") = "Libs", "Libs", "{832A854F-2030-4EA4-86FE-EDEEC017E78E}"
EndProject
Project("{2150E333-8FDC-42A3-9474-1A3956D46DE8}") = "Exes", "Exes", "{3B2AD919-B940-473D-A9CC-62428540DEC5}"
EndProject
Project("{8BC9CEB8-8B4A-11D0-8D11-00A0C91BC942}") = "foundation_nidls_win32", "foundation_nidls_win32.vcproj", "{48B95670-F339-4004-9506-9E9818C3BC1F}"
EndProject
Project("{8BC9CEB8-8B4A-11D0-8D11-00A0C91BC942}") = "render_nidls_win32", "render_nidls_win32.vcproj", "{D08F0892-8AF5-492E-8EFA-BF51E5F25EE7}"
EndProject
Project("{8BC9CEB8-8B4A-11D0-8D11-00A0C91BC942}") = "foundation_win32", "foundation_win32.vcproj", "{AA638DB2-2940-4F5E-8777-BD6A62A202D2}"
	ProjectSection(ProjectDependencies) = postProject
		{48B95670-F339-4004-9506-9E9818C3BC1F} = {48B95670-F339-4004-9506-9E9818C3BC1F}
	EndProjectSection
EndProject
Project("{8BC9CEB8-8B4A-11D0-8D11-00A0C91BC942}") = "render_win32", "render_win32.vcproj", "{80A6FBF6-BDD2-49F1-A105-0353DCCA27FB}"
	ProjectSection(ProjectDependencies) = postProject
		{D08F0892-8AF5-492E-8EFA-BF51E5F25EE7} = {D08F0892-8AF5-492E-8EFA-BF51E5F25EE7}
	EndProjectSection
EndProject
Project("{8BC9CEB8-8B4A-11D0-8D11-00A0C91BC942}") = "tinyxml_win32", "tinyxml_win32.vcproj", "{06E819D3-D9AF-49DD-9D57-2C1D78BED8CC}"
EndProject
Project("{8BC9CEB8-8B4A-11D0-8D11-00A0C91BC942}") = "zlib_win32", "zlib_win32.vcproj", "{9943D755-3946-49FD-A9C1-14587D459409}"
EndProject
Project("{8BC9CEB8-8B4A-11D0-8D11-00A0C91BC942}") = "toolkitutil_win32", "toolkitutil_win32.vcproj", "{C587AC12-1554-4E21-B39D-3326C3E6931A}"
EndProject
Project("{8BC9CEB8-8B4A-11D0-8D11-00A0C91BC942}") = "mayapluginlib_win32", "mayapluginlib_win32.vcproj", "{2810C9A3-19DC-4E25-8E3E-88208C663A2F}"
EndProject
Project("{8BC9CEB8-8B4A-11D0-8D11-00A0C91BC942}") = "Nebula3Maya2009Plugin", "Nebula3Maya2009Plugin.vcproj", "{ED8A2F41-B43E-4083-A5EF-3E5B8C07DAB5}"
	ProjectSection(ProjectDependencies) = postProject
		{AA638DB2-2940-4F5E-8777-BD6A62A202D2} = {AA638DB2-2940-4F5E-8777-BD6A62A202D2}
		{80A6FBF6-BDD2-49F1-A105-0353DCCA27FB} = {80A6FBF6-BDD2-49F1-A105-0353DCCA27FB}
		{9943D755-3946-49FD-A9C1-14587D459409} = {9943D755-3946-49FD-A9C1-14587D459409}
		{06E819D3-D9AF-49DD-9D57-2C1D78BED8CC} = {06E819D3-D9AF-49DD-9D57-2C1D78BED8CC}
		{C587AC12-1554-4E21-B39D-3326C3E6931A} = {C587AC12-1554-4E21-B39D-3326C3E6931A}
		{2810C9A3-19DC-4E25-8E3E-88208C663A2F} = {2810C9A3-19DC-4E25-8E3E-88208C663A2F}
	EndProjectSection
EndProject
Global
	GlobalSection(SolutionConfigurationPlatforms) = preSolution
		Maya_Debug|Win32 = Maya_Debug|Win32
		Maya_Release|Win32 = Maya_Release|Win32
	EndGlobalSection
	GlobalSection(ProjectConfigurationPlatforms) = postSolution
		{48B95670-F339-4004-9506-9E9818C3BC1F}.Maya_Debug|Win32.ActiveCfg = Maya_Debug|Win32
		{48B95670-F339-4004-9506-9E9818C3BC1F}.Maya_Debug|Win32.Build.0 = Maya_Debug|Win32
		{48B95670-F339-4004-9506-9E9818C3BC1F}.Maya_Release|Win32.ActiveCfg = Maya_Release|Win32
		{48B95670-F339-4004-9506-9E9818C3BC1F}.Maya_Release|Win32.Build.0 = Maya_Release|Win32
		{D08F0892-8AF5-492E-8EFA-BF51E5F25EE7}.Maya_Debug|Win32.ActiveCfg = Maya_Debug|Win32
		{D08F0892-8AF5-492E-8EFA-BF51E5F25EE7}.Maya_Debug|Win32.Build.0 = Maya_Debug|Win32
		{D08F0892-8AF5-492E-8EFA-BF51E5F25EE7}.Maya_Release|Win32.ActiveCfg = Maya_Release|Win32
		{D08F0892-8AF5-492E-8EFA-BF51E5F25EE7}.Maya_Release|Win32.Build.0 = Maya_Release|Win32
		{AA638DB2-2940-4F5E-8777-BD6A62A202D2}.Maya_Debug|Win32.ActiveCfg = Maya_Debug|Win32
		{AA638DB2-2940-4F5E-8777-BD6A62A202D2}.Maya_Debug|Win32.Build.0 = Maya_Debug|Win32
		{AA638DB2-2940-4F5E-8777-BD6A62A202D2}.Maya_Release|Win32.ActiveCfg = Maya_Release|Win32
		{AA638DB2-2940-4F5E-8777-BD6A62A202D2}.Maya_Release|Win32.Build.0 = Maya_Release|Win32
		{80A6FBF6-BDD2-49F1-A105-0353DCCA27FB}.Maya_Debug|Win32.ActiveCfg = Maya_Debug|Win32
		{80A6FBF6-BDD2-49F1-A105-0353DCCA27FB}.Maya_Debug|Win32.Build.0 = Maya_Debug|Win32
		{80A6FBF6-BDD2-49F1-A105-0353DCCA27FB}.Maya_Release|Win32.ActiveCfg = Maya_Release|Win32
		{80A6FBF6-BDD2-49F1-A105-0353DCCA27FB}.Maya_Release|Win32.Build.0 = Maya_Release|Win32
		{06E819D3-D9AF-49DD-9D57-2C1D78BED8CC}.Maya_Debug|Win32.ActiveCfg = Maya_Debug|Win32
		{06E819D3-D9AF-49DD-9D57-2C1D78BED8CC}.Maya_Debug|Win32.Build.0 = Maya_Debug|Win32
		{06E819D3-D9AF-49DD-9D57-2C1D78BED8CC}.Maya_Release|Win32.ActiveCfg = Maya_Release|Win32
		{06E819D3-D9AF-49DD-9D57-2C1D78BED8CC}.Maya_Release|Win32.Build.0 = Maya_Release|Win32
		{9943D755-3946-49FD-A9C1-14587D459409}.Maya_Debug|Win32.ActiveCfg = Maya_Debug|Win32
		{9943D755-3946-49FD-A9C1-14587D459409}.Maya_Debug|Win32.Build.0 = Maya_Debug|Win32
		{9943D755-3946-49FD-A9C1-14587D459409}.Maya_Release|Win32.ActiveCfg = Maya_Release|Win32
		{9943D755-3946-49FD-A9C1-14587D459409}.Maya_Release|Win32.Build.0 = Maya_Release|Win32
		{C587AC12-1554-4E21-B39D-3326C3E6931A}.Maya_Debug|Win32.ActiveCfg = Maya_Debug|Win32
		{C587AC12-1554-4E21-B39D-3326C3E6931A}.Maya_Debug|Win32.Build.0 = Maya_Debug|Win32
		{C587AC12-1554-4E21-B39D-3326C3E6931A}.Maya_Release|Win32.ActiveCfg = Maya_Release|Win32
		{C587AC12-1554-4E21-B39D-3326C3E6931A}.Maya_Release|Win32.Build.0 = Maya_Release|Win32
		{2810C9A3-19DC-4E25-8E3E-88208C663A2F}.Maya_Debug|Win32.ActiveCfg = Maya_Debug|Win32
		{2810C9A3-19DC-4E25-8E3E-88208C663A2F}.Maya_Debug|Win32.Build.0 = Maya_Debug|Win32
		{2810C9A3-19DC-4E25-8E3E-88208C663A2F}.Maya_Release|Win32.ActiveCfg = Maya_Release|Win32
		{2810C9A3-19DC-4E25-8E3E-88208C663A2F}.Maya_Release|Win32.Build.0 = Maya_Release|Win32
		{ED8A2F41-B43E-4083-A5EF-3E5B8C07DAB5}.Maya_Debug|Win32.ActiveCfg = Maya_Debug|Win32
		{ED8A2F41-B43E-4083-A5EF-3E5B8C07DAB5}.Maya_Debug|Win32.Build.0 = Maya_Debug|Win32
		{ED8A2F41-B43E-4083-A5EF-3E5B8C07DAB5}.Maya_Release|Win32.ActiveCfg = Maya_Release|Win32
		{ED8A2F41-B43E-4083-A5EF-3E5B8C07DAB5}.Maya_Release|Win32.Build.0 = Maya_Release|Win32
	EndGlobalSection
	GlobalSection(SolutionProperties) = preSolution
		HideSolutionNode = FALSE
	EndGlobalSection
	GlobalSection(NestedProjects) = preSolution
		{48B95670-F339-4004-9506-9E9818C3BC1F} = {798777E9-B38C-4974-BEE3-B1CD45F6A1E6}
		{D08F0892-8AF5-492E-8EFA-BF51E5F25EE7} = {798777E9-B38C-4974-BEE3-B1CD45F6A1E6}
		{AA638DB2-2940-4F5E-8777-BD6A62A202D2} = {832A854F-2030-4EA4-86FE-EDEEC017E78E}
		{80A6FBF6-BDD2-49F1-A105-0353DCCA27FB} = {832A854F-2030-4EA4-86FE-EDEEC017E78E}
		{06E819D3-D9AF-49DD-9D57-2C1D78BED8CC} = {832A854F-2030-4EA4-86FE-EDEEC017E78E}
		{9943D755-3946-49FD-A9C1-14587D459409} = {832A854F-2030-4EA4-86FE-EDEEC017E78E}
		{C587AC12-1554-4E21-B39D-3326C3E6931A} = {832A854F-2030-4EA4-86FE-EDEEC017E78E}
		{2810C9A3-19DC-4E25-8E3E-88208C663A2F} = {832A854F-2030-4EA4-86FE-EDEEC017E78E}
		{ED8A2F41-B43E-4083-A5EF-3E5B8C07DAB5} = {3B2AD919-B940-473D-A9CC-62428540DEC5}
	EndGlobalSection
EndGlobal
