Microsoft Visual Studio Solution File, Format Version 10.00
# Visual Studio 2008
Project("{2150E333-8FDC-42A3-9474-1A3956D46DE8}") = "NIDLs", "NIDLs", "{798777e9-b38c-4974-bee3-b1cd45f6a1e6}"
EndProject
Project("{2150E333-8FDC-42A3-9474-1A3956D46DE8}") = "Libs", "Libs", "{832A854F-2030-4EA4-86FE-EDEEC017E78E}"
EndProject
Project("{2150E333-8FDC-42A3-9474-1A3956D46DE8}") = "Exes", "Exes", "{3B2AD919-B940-473D-A9CC-62428540DEC5}"
EndProject
Project("{2150E333-8FDC-42A3-9474-1A3956D46DE8}") = "Jobs", "Jobs", "{28B9CEF2-57A6-4ee5-8235-2014936D9FE7}"
EndProject
Project("{8BC9CEB8-8B4A-11D0-8D11-00A0C91BC942}") = "foundation_nidls_win32", "foundation_nidls_win32.vcproj", "{48B95670-F339-4004-9506-9E9818C3BC1F}"
EndProject
Project("{8BC9CEB8-8B4A-11D0-8D11-00A0C91BC942}") = "render_nidls_win32", "render_nidls_win32.vcproj", "{D08F0892-8AF5-492E-8EFA-BF51E5F25EE7}"
EndProject
Project("{8BC9CEB8-8B4A-11D0-8D11-00A0C91BC942}") = "application_nidls_win32", "application_nidls_win32.vcproj", "{DAFF49B1-6DBB-416B-985C-18013E117E08}"
EndProject
Project("{8BC9CEB8-8B4A-11D0-8D11-00A0C91BC942}") = "network_nidls_win32", "network_nidls_win32.vcproj", "{F6A16D2F-69B9-4EF3-8165-9F15B422FB24}"
EndProject
Project("{8BC9CEB8-8B4A-11D0-8D11-00A0C91BC942}") = "vibration_nidls_win32", "vibration_nidls_win32.vcproj", "{3AD85045-441C-41B4-BFB7-9FDAF5B39CF1}"
EndProject
Project("{8BC9CEB8-8B4A-11D0-8D11-00A0C91BC942}") = "posteffect_nidls_win32", "posteffect_nidls_win32.vcproj", "{D39A24A2-DCBD-4E68-A0D9-D49A79E70A71}"
EndProject
Project("{8BC9CEB8-8B4A-11D0-8D11-00A0C91BC942}") = "remote_nidls_win32", "remote_nidls_win32.vcproj", "{1107172E-0FDE-45E0-8CD0-7DE1238083C2}"
EndProject
Project("{8BC9CEB8-8B4A-11D0-8D11-00A0C91BC942}") = "framecapture_nidls_win32", "framecapture_nidls_win32.vcproj", "{75C98048-26E0-4AFF-89E7-0B9DA77F94B8}"
EndProject
Project("{8BC9CEB8-8B4A-11D0-8D11-00A0C91BC942}") = "audio2_nidls_win32", "audio2_nidls_win32.vcproj", "{0F6F64DD-CEA8-4F1A-A782-01B1DEDEB77B}"
EndProject
Project("{8BC9CEB8-8B4A-11D0-8D11-00A0C91BC942}") = "render_charevalskeletonjob_win32", "render_charevalskeletonjob_win32.vcproj", "{90ECCA6D-A595-409F-B65A-63055B976FD9}"
EndProject
Project("{8BC9CEB8-8B4A-11D0-8D11-00A0C91BC942}") = "render_particlejob_win32", "render_particlejob_win32.vcproj", "{5D66DDF3-F80B-4D00-9D5A-74F35E826E09}"
EndProject
Project("{8BC9CEB8-8B4A-11D0-8D11-00A0C91BC942}") = "render_animjobsample_win32", "render_animjobsample_win32.vcproj", "{63B2AE2D-0275-4D21-8F56-934AD13BD341}"
EndProject
Project("{8BC9CEB8-8B4A-11D0-8D11-00A0C91BC942}") = "render_animjobsamplemix_win32", "render_animjobsamplemix_win32.vcproj", "{24D3D3A6-EB41-4DCA-8AE0-31D09723704C}"
EndProject
Project("{8BC9CEB8-8B4A-11D0-8D11-00A0C91BC942}") = "render_visibilityquadtreejob_win32", "render_visibilityquadtreejob_win32.vcproj", "{E90947FC-C80C-4FE3-8DCB-282C38583415}"
EndProject
Project("{8BC9CEB8-8B4A-11D0-8D11-00A0C91BC942}") = "render_visibilityboxsystemjob_win32", "render_visibilityboxsystemjob_win32.vcproj", "{77BE9AA4-CDD0-45AC-9588-419F5EF5528C}"
EndProject
Project("{8BC9CEB8-8B4A-11D0-8D11-00A0C91BC942}") = "foundation_win32", "foundation_win32.vcproj", "{AA638DB2-2940-4F5E-8777-BD6A62A202D2}"
	ProjectSection(ProjectDependencies) = postProject
		{48B95670-F339-4004-9506-9E9818C3BC1F} = {48B95670-F339-4004-9506-9E9818C3BC1F}
	EndProjectSection
EndProject
Project("{8BC9CEB8-8B4A-11D0-8D11-00A0C91BC942}") = "render_win32", "render_win32.vcproj", "{80A6FBF6-BDD2-49F1-A105-0353DCCA27FB}"
	ProjectSection(ProjectDependencies) = postProject
		{D08F0892-8AF5-492E-8EFA-BF51E5F25EE7} = {D08F0892-8AF5-492E-8EFA-BF51E5F25EE7}
		{90ECCA6D-A595-409F-B65A-63055B976FD9} = {90ECCA6D-A595-409F-B65A-63055B976FD9}
		{5D66DDF3-F80B-4D00-9D5A-74F35E826E09} = {5D66DDF3-F80B-4D00-9D5A-74F35E826E09}
		{63B2AE2D-0275-4D21-8F56-934AD13BD341} = {63B2AE2D-0275-4D21-8F56-934AD13BD341}
		{24D3D3A6-EB41-4DCA-8AE0-31D09723704C} = {24D3D3A6-EB41-4DCA-8AE0-31D09723704C}
		{E90947FC-C80C-4FE3-8DCB-282C38583415} = {E90947FC-C80C-4FE3-8DCB-282C38583415}
		{77BE9AA4-CDD0-45AC-9588-419F5EF5528C} = {77BE9AA4-CDD0-45AC-9588-419F5EF5528C}
	EndProjectSection
EndProject
Project("{8BC9CEB8-8B4A-11D0-8D11-00A0C91BC942}") = "application_win32", "application_win32.vcproj", "{E0B26BB8-B95F-4302-9AFB-26578C1ED5F6}"
	ProjectSection(ProjectDependencies) = postProject
		{D39A24A2-DCBD-4E68-A0D9-D49A79E70A71} = {D39A24A2-DCBD-4E68-A0D9-D49A79E70A71}
		{C9C43307-5F5C-45E8-B506-1B6D92A3AFCD} = {C9C43307-5F5C-45E8-B506-1B6D92A3AFCD}
		{DAFF49B1-6DBB-416B-985C-18013E117E08} = {DAFF49B1-6DBB-416B-985C-18013E117E08}
	EndProjectSection
EndProject
Project("{8BC9CEB8-8B4A-11D0-8D11-00A0C91BC942}") = "tinyxml_win32", "tinyxml_win32.vcproj", "{06E819D3-D9AF-49DD-9D57-2C1D78BED8CC}"
EndProject
Project("{8BC9CEB8-8B4A-11D0-8D11-00A0C91BC942}") = "zlib_win32", "zlib_win32.vcproj", "{9943D755-3946-49FD-A9C1-14587D459409}"
EndProject
Project("{8BC9CEB8-8B4A-11D0-8D11-00A0C91BC942}") = "db_win32", "db_win32.vcproj", "{4A641CAA-08D7-4CBF-A38C-B18AE4190159}"
EndProject
Project("{8BC9CEB8-8B4A-11D0-8D11-00A0C91BC942}") = "sqlite_win32", "sqlite_win32.vcproj", "{D6DCAF7B-42FD-4B94-BF26-0100E8AE56B1}"
EndProject
Project("{8BC9CEB8-8B4A-11D0-8D11-00A0C91BC942}") = "physics_win32", "physics_win32.vcproj", "{C93CEFE8-39B1-458D-955D-404ADF356553}"
EndProject
Project("{8BC9CEB8-8B4A-11D0-8D11-00A0C91BC942}") = "ode_win32", "ode_win32.vcproj", "{15DB3887-A97A-41FD-8BA3-CA26DC197D31}"
EndProject
Project("{8BC9CEB8-8B4A-11D0-8D11-00A0C91BC942}") = "opcode_win32", "opcode_win32.vcproj", "{5FBA2E2C-A97B-4A69-873D-3035323FC35B}"
EndProject
Project("{8BC9CEB8-8B4A-11D0-8D11-00A0C91BC942}") = "gimpact_win32", "gimpact_win32.vcproj", "{C8F33F6B-C4F6-49F5-81C8-C0F55FFE141F}"
EndProject
Project("{8BC9CEB8-8B4A-11D0-8D11-00A0C91BC942}") = "vibration_win32", "vibration_win32.vcproj", "{48E2700E-BD75-4281-91DB-A2694CD3B51D}"
	ProjectSection(ProjectDependencies) = postProject
		{3AD85045-441C-41B4-BFB7-9FDAF5B39CF1} = {3AD85045-441C-41B4-BFB7-9FDAF5B39CF1}
	EndProjectSection
EndProject
Project("{8BC9CEB8-8B4A-11D0-8D11-00A0C91BC942}") = "raknet_win32", "raknet_win32.vcproj", "{B799A6D3-8F46-43D9-A989-6D9903ED7E48}"
EndProject
Project("{8BC9CEB8-8B4A-11D0-8D11-00A0C91BC942}") = "network_win32", "network_win32.vcproj", "{59B7FD6B-4F5D-41FE-8C87-073D8F46ED8A}"
	ProjectSection(ProjectDependencies) = postProject
		{F6A16D2F-69B9-4EF3-8165-9F15B422FB24} = {F6A16D2F-69B9-4EF3-8165-9F15B422FB24}
		{06E819D3-D9AF-49DD-9D57-2C1D78BED8CC} = {06E819D3-D9AF-49DD-9D57-2C1D78BED8CC}
	EndProjectSection
EndProject
Project("{8BC9CEB8-8B4A-11D0-8D11-00A0C91BC942}") = "posteffect_win32", "posteffect_win32.vcproj", "{C9C43307-5F5C-45E8-B506-1B6D92A3AFCD}"
	ProjectSection(ProjectDependencies) = postProject
		{D39A24A2-DCBD-4E68-A0D9-D49A79E70A71} = {D39A24A2-DCBD-4E68-A0D9-D49A79E70A71}
	EndProjectSection
EndProject
Project("{8BC9CEB8-8B4A-11D0-8D11-00A0C91BC942}") = "remote_win32", "remote_win32.vcproj", "{5DA7AFE2-521B-4637-8634-749318E74BE5}"
	ProjectSection(ProjectDependencies) = postProject
		{1107172E-0FDE-45E0-8CD0-7DE1238083C2} = {1107172E-0FDE-45E0-8CD0-7DE1238083C2}
	EndProjectSection
EndProject
Project("{8BC9CEB8-8B4A-11D0-8D11-00A0C91BC942}") = "attr_win32", "attr_win32.vcproj", "{CA6AC26C-3437-4CC9-9EBD-0C23C3EC0D13}"
EndProject
Project("{8BC9CEB8-8B4A-11D0-8D11-00A0C91BC942}") = "framecapture_win32", "framecapture_win32.vcproj", "{4710AA12-EF28-480F-B307-5EE13E0BC0F4}"
	ProjectSection(ProjectDependencies) = postProject
		{75C98048-26E0-4AFF-89E7-0B9DA77F94B8} = {75C98048-26E0-4AFF-89E7-0B9DA77F94B8}
	EndProjectSection
EndProject
Project("{8BC9CEB8-8B4A-11D0-8D11-00A0C91BC942}") = "audio2_win32", "audio2_win32.vcproj", "{12A1DA66-0DD3-4448-ABE5-00623450D4DD}"
	ProjectSection(ProjectDependencies) = postProject
		{0F6F64DD-CEA8-4F1A-A782-01B1DEDEB77B} = {0F6F64DD-CEA8-4F1A-A782-01B1DEDEB77B}
	EndProjectSection
EndProject
Project("{8BC9CEB8-8B4A-11D0-8D11-00A0C91BC942}") = "testserver", "testserver.vcproj", "{FA0DDB98-D8E6-426C-B3A4-B939EA580415}"
	ProjectSection(ProjectDependencies) = postProject
		{AA638DB2-2940-4F5E-8777-BD6A62A202D2} = {AA638DB2-2940-4F5E-8777-BD6A62A202D2}
		{9943D755-3946-49FD-A9C1-14587D459409} = {9943D755-3946-49FD-A9C1-14587D459409}
		{06E819D3-D9AF-49DD-9D57-2C1D78BED8CC} = {06E819D3-D9AF-49DD-9D57-2C1D78BED8CC}
	EndProjectSection
EndProject
Project("{8BC9CEB8-8B4A-11D0-8D11-00A0C91BC942}") = "testclient", "testclient.vcproj", "{9E47B6B6-ADCB-47C6-9C2B-2832A916E8BA}"
	ProjectSection(ProjectDependencies) = postProject
		{AA638DB2-2940-4F5E-8777-BD6A62A202D2} = {AA638DB2-2940-4F5E-8777-BD6A62A202D2}
		{9943D755-3946-49FD-A9C1-14587D459409} = {9943D755-3946-49FD-A9C1-14587D459409}
		{06E819D3-D9AF-49DD-9D57-2C1D78BED8CC} = {06E819D3-D9AF-49DD-9D57-2C1D78BED8CC}
	EndProjectSection
EndProject
Project("{8BC9CEB8-8B4A-11D0-8D11-00A0C91BC942}") = "testgame", "testgame.vcproj", "{CD976CE7-9522-4500-AC24-56A5C6695480}"
	ProjectSection(ProjectDependencies) = postProject
		{AA638DB2-2940-4F5E-8777-BD6A62A202D2} = {AA638DB2-2940-4F5E-8777-BD6A62A202D2}
		{80A6FBF6-BDD2-49F1-A105-0353DCCA27FB} = {80A6FBF6-BDD2-49F1-A105-0353DCCA27FB}
		{E0B26BB8-B95F-4302-9AFB-26578C1ED5F6} = {E0B26BB8-B95F-4302-9AFB-26578C1ED5F6}
		{C93CEFE8-39B1-458D-955D-404ADF356553} = {C93CEFE8-39B1-458D-955D-404ADF356553}
		{15DB3887-A97A-41FD-8BA3-CA26DC197D31} = {15DB3887-A97A-41FD-8BA3-CA26DC197D31}
		{5FBA2E2C-A97B-4A69-873D-3035323FC35B} = {5FBA2E2C-A97B-4A69-873D-3035323FC35B}
		{C8F33F6B-C4F6-49F5-81C8-C0F55FFE141F} = {C8F33F6B-C4F6-49F5-81C8-C0F55FFE141F}
		{4A641CAA-08D7-4CBF-A38C-B18AE4190159} = {4A641CAA-08D7-4CBF-A38C-B18AE4190159}
		{D6DCAF7B-42FD-4B94-BF26-0100E8AE56B1} = {D6DCAF7B-42FD-4B94-BF26-0100E8AE56B1}
		{9943D755-3946-49FD-A9C1-14587D459409} = {9943D755-3946-49FD-A9C1-14587D459409}
		{06E819D3-D9AF-49DD-9D57-2C1D78BED8CC} = {06E819D3-D9AF-49DD-9D57-2C1D78BED8CC}
		{48E2700E-BD75-4281-91DB-A2694CD3B51D} = {48E2700E-BD75-4281-91DB-A2694CD3B51D}
		{CA6AC26C-3437-4CC9-9EBD-0C23C3EC0D13} = {CA6AC26C-3437-4CC9-9EBD-0C23C3EC0D13}
		{5DA7AFE2-521B-4637-8634-749318E74BE5} = {5DA7AFE2-521B-4637-8634-749318E74BE5}
		{12A1DA66-0DD3-4448-ABE5-00623450D4DD} = {12A1DA66-0DD3-4448-ABE5-00623450D4DD}
	EndProjectSection
EndProject
Project("{8BC9CEB8-8B4A-11D0-8D11-00A0C91BC942}") = "nsh3", "nsh3.vcproj", "{DBEE738E-40B5-4BA4-8219-BB1FE9416EDB}"
	ProjectSection(ProjectDependencies) = postProject
		{AA638DB2-2940-4F5E-8777-BD6A62A202D2} = {AA638DB2-2940-4F5E-8777-BD6A62A202D2}
		{9943D755-3946-49FD-A9C1-14587D459409} = {9943D755-3946-49FD-A9C1-14587D459409}
		{06E819D3-D9AF-49DD-9D57-2C1D78BED8CC} = {06E819D3-D9AF-49DD-9D57-2C1D78BED8CC}
	EndProjectSection
EndProject
Project("{8BC9CEB8-8B4A-11D0-8D11-00A0C91BC942}") = "nsc3", "nsc3.vcproj", "{BAC6FBD1-CD20-4BA0-856E-14D26A36163E}"
	ProjectSection(ProjectDependencies) = postProject
		{AA638DB2-2940-4F5E-8777-BD6A62A202D2} = {AA638DB2-2940-4F5E-8777-BD6A62A202D2}
		{9943D755-3946-49FD-A9C1-14587D459409} = {9943D755-3946-49FD-A9C1-14587D459409}
		{06E819D3-D9AF-49DD-9D57-2C1D78BED8CC} = {06E819D3-D9AF-49DD-9D57-2C1D78BED8CC}
	EndProjectSection
EndProject
Project("{8BC9CEB8-8B4A-11D0-8D11-00A0C91BC942}") = "testviewer", "testviewer.vcproj", "{20EB6353-48E0-4F5E-A479-B38B93FF3459}"
	ProjectSection(ProjectDependencies) = postProject
		{AA638DB2-2940-4F5E-8777-BD6A62A202D2} = {AA638DB2-2940-4F5E-8777-BD6A62A202D2}
		{80A6FBF6-BDD2-49F1-A105-0353DCCA27FB} = {80A6FBF6-BDD2-49F1-A105-0353DCCA27FB}
		{90ECCA6D-A595-409F-B65A-63055B976FD9} = {90ECCA6D-A595-409F-B65A-63055B976FD9}
		{5D66DDF3-F80B-4D00-9D5A-74F35E826E09} = {5D66DDF3-F80B-4D00-9D5A-74F35E826E09}
		{63B2AE2D-0275-4D21-8F56-934AD13BD341} = {63B2AE2D-0275-4D21-8F56-934AD13BD341}
		{24D3D3A6-EB41-4DCA-8AE0-31D09723704C} = {24D3D3A6-EB41-4DCA-8AE0-31D09723704C}
		{E90947FC-C80C-4FE3-8DCB-282C38583415} = {E90947FC-C80C-4FE3-8DCB-282C38583415}
		{77BE9AA4-CDD0-45AC-9588-419F5EF5528C} = {77BE9AA4-CDD0-45AC-9588-419F5EF5528C}
		{9943D755-3946-49FD-A9C1-14587D459409} = {9943D755-3946-49FD-A9C1-14587D459409}
		{06E819D3-D9AF-49DD-9D57-2C1D78BED8CC} = {06E819D3-D9AF-49DD-9D57-2C1D78BED8CC}
		{48E2700E-BD75-4281-91DB-A2694CD3B51D} = {48E2700E-BD75-4281-91DB-A2694CD3B51D}
		{4710AA12-EF28-480F-B307-5EE13E0BC0F4} = {4710AA12-EF28-480F-B307-5EE13E0BC0F4}
	EndProjectSection
EndProject
Project("{8BC9CEB8-8B4A-11D0-8D11-00A0C91BC942}") = "testhttpviewer", "testhttpviewer.vcproj", "{19B3B1D3-66DD-48BF-A20E-CF10D8CB6C77}"
	ProjectSection(ProjectDependencies) = postProject
		{AA638DB2-2940-4F5E-8777-BD6A62A202D2} = {AA638DB2-2940-4F5E-8777-BD6A62A202D2}
		{80A6FBF6-BDD2-49F1-A105-0353DCCA27FB} = {80A6FBF6-BDD2-49F1-A105-0353DCCA27FB}
		{90ECCA6D-A595-409F-B65A-63055B976FD9} = {90ECCA6D-A595-409F-B65A-63055B976FD9}
		{5D66DDF3-F80B-4D00-9D5A-74F35E826E09} = {5D66DDF3-F80B-4D00-9D5A-74F35E826E09}
		{E90947FC-C80C-4FE3-8DCB-282C38583415} = {E90947FC-C80C-4FE3-8DCB-282C38583415}
		{77BE9AA4-CDD0-45AC-9588-419F5EF5528C} = {77BE9AA4-CDD0-45AC-9588-419F5EF5528C}
		{9943D755-3946-49FD-A9C1-14587D459409} = {9943D755-3946-49FD-A9C1-14587D459409}
		{06E819D3-D9AF-49DD-9D57-2C1D78BED8CC} = {06E819D3-D9AF-49DD-9D57-2C1D78BED8CC}
	EndProjectSection
EndProject
Project("{8BC9CEB8-8B4A-11D0-8D11-00A0C91BC942}") = "testnetworkgame", "testnetworkgame.vcproj", "{D7ACD59D-2D2D-44E8-B064-73DCB8608746}"
	ProjectSection(ProjectDependencies) = postProject
		{AA638DB2-2940-4F5E-8777-BD6A62A202D2} = {AA638DB2-2940-4F5E-8777-BD6A62A202D2}
		{80A6FBF6-BDD2-49F1-A105-0353DCCA27FB} = {80A6FBF6-BDD2-49F1-A105-0353DCCA27FB}
		{E0B26BB8-B95F-4302-9AFB-26578C1ED5F6} = {E0B26BB8-B95F-4302-9AFB-26578C1ED5F6}
		{C93CEFE8-39B1-458D-955D-404ADF356553} = {C93CEFE8-39B1-458D-955D-404ADF356553}
		{15DB3887-A97A-41FD-8BA3-CA26DC197D31} = {15DB3887-A97A-41FD-8BA3-CA26DC197D31}
		{5FBA2E2C-A97B-4A69-873D-3035323FC35B} = {5FBA2E2C-A97B-4A69-873D-3035323FC35B}
		{C8F33F6B-C4F6-49F5-81C8-C0F55FFE141F} = {C8F33F6B-C4F6-49F5-81C8-C0F55FFE141F}
		{4A641CAA-08D7-4CBF-A38C-B18AE4190159} = {4A641CAA-08D7-4CBF-A38C-B18AE4190159}
		{D6DCAF7B-42FD-4B94-BF26-0100E8AE56B1} = {D6DCAF7B-42FD-4B94-BF26-0100E8AE56B1}
		{59B7FD6B-4F5D-41FE-8C87-073D8F46ED8A} = {59B7FD6B-4F5D-41FE-8C87-073D8F46ED8A}
		{9943D755-3946-49FD-A9C1-14587D459409} = {9943D755-3946-49FD-A9C1-14587D459409}
		{06E819D3-D9AF-49DD-9D57-2C1D78BED8CC} = {06E819D3-D9AF-49DD-9D57-2C1D78BED8CC}
		{48E2700E-BD75-4281-91DB-A2694CD3B51D} = {48E2700E-BD75-4281-91DB-A2694CD3B51D}
		{B799A6D3-8F46-43D9-A989-6D9903ED7E48} = {B799A6D3-8F46-43D9-A989-6D9903ED7E48}
		{5DA7AFE2-521B-4637-8634-749318E74BE5} = {5DA7AFE2-521B-4637-8634-749318E74BE5}
		{CA6AC26C-3437-4CC9-9EBD-0C23C3EC0D13} = {CA6AC26C-3437-4CC9-9EBD-0C23C3EC0D13}
		{12A1DA66-0DD3-4448-ABE5-00623450D4DD} = {12A1DA66-0DD3-4448-ABE5-00623450D4DD}
	EndProjectSection
EndProject
Project("{8BC9CEB8-8B4A-11D0-8D11-00A0C91BC942}") = "genrandtable", "genrandtable.vcproj", "{305533B7-DE3D-409F-990A-2E4B7F80A728}"
	ProjectSection(ProjectDependencies) = postProject
		{AA638DB2-2940-4F5E-8777-BD6A62A202D2} = {AA638DB2-2940-4F5E-8777-BD6A62A202D2}
		{9943D755-3946-49FD-A9C1-14587D459409} = {9943D755-3946-49FD-A9C1-14587D459409}
		{06E819D3-D9AF-49DD-9D57-2C1D78BED8CC} = {06E819D3-D9AF-49DD-9D57-2C1D78BED8CC}
	EndProjectSection
EndProject
Global
	GlobalSection(SolutionConfigurationPlatforms) = preSolution
		Debug|Win32 = Debug|Win32
		Release|Win32 = Release|Win32
		Maya_Debug|Win32 = Maya_Debug|Win32
		Maya_Release|Win32 = Maya_Release|Win32
	EndGlobalSection
	GlobalSection(ProjectConfigurationPlatforms) = postSolution
		{48B95670-F339-4004-9506-9E9818C3BC1F}.Debug|Win32.ActiveCfg = Debug|Win32
		{48B95670-F339-4004-9506-9E9818C3BC1F}.Debug|Win32.Build.0 = Debug|Win32
		{48B95670-F339-4004-9506-9E9818C3BC1F}.Release|Win32.ActiveCfg = Release|Win32
		{48B95670-F339-4004-9506-9E9818C3BC1F}.Release|Win32.Build.0 = Release|Win32
		{48B95670-F339-4004-9506-9E9818C3BC1F}.Maya_Debug|Win32.ActiveCfg = Maya_Debug|Win32
		{48B95670-F339-4004-9506-9E9818C3BC1F}.Maya_Debug|Win32.Build.0 = Maya_Debug|Win32
		{48B95670-F339-4004-9506-9E9818C3BC1F}.Maya_Release|Win32.ActiveCfg = Maya_Release|Win32
		{48B95670-F339-4004-9506-9E9818C3BC1F}.Maya_Release|Win32.Build.0 = Maya_Release|Win32
		{D08F0892-8AF5-492E-8EFA-BF51E5F25EE7}.Debug|Win32.ActiveCfg = Debug|Win32
		{D08F0892-8AF5-492E-8EFA-BF51E5F25EE7}.Debug|Win32.Build.0 = Debug|Win32
		{D08F0892-8AF5-492E-8EFA-BF51E5F25EE7}.Release|Win32.ActiveCfg = Release|Win32
		{D08F0892-8AF5-492E-8EFA-BF51E5F25EE7}.Release|Win32.Build.0 = Release|Win32
		{D08F0892-8AF5-492E-8EFA-BF51E5F25EE7}.Maya_Debug|Win32.ActiveCfg = Maya_Debug|Win32
		{D08F0892-8AF5-492E-8EFA-BF51E5F25EE7}.Maya_Debug|Win32.Build.0 = Maya_Debug|Win32
		{D08F0892-8AF5-492E-8EFA-BF51E5F25EE7}.Maya_Release|Win32.ActiveCfg = Maya_Release|Win32
		{D08F0892-8AF5-492E-8EFA-BF51E5F25EE7}.Maya_Release|Win32.Build.0 = Maya_Release|Win32
		{DAFF49B1-6DBB-416B-985C-18013E117E08}.Debug|Win32.ActiveCfg = Debug|Win32
		{DAFF49B1-6DBB-416B-985C-18013E117E08}.Debug|Win32.Build.0 = Debug|Win32
		{DAFF49B1-6DBB-416B-985C-18013E117E08}.Release|Win32.ActiveCfg = Release|Win32
		{DAFF49B1-6DBB-416B-985C-18013E117E08}.Release|Win32.Build.0 = Release|Win32
		{DAFF49B1-6DBB-416B-985C-18013E117E08}.Maya_Debug|Win32.ActiveCfg = Maya_Debug|Win32
		{DAFF49B1-6DBB-416B-985C-18013E117E08}.Maya_Debug|Win32.Build.0 = Maya_Debug|Win32
		{DAFF49B1-6DBB-416B-985C-18013E117E08}.Maya_Release|Win32.ActiveCfg = Maya_Release|Win32
		{DAFF49B1-6DBB-416B-985C-18013E117E08}.Maya_Release|Win32.Build.0 = Maya_Release|Win32
		{F6A16D2F-69B9-4EF3-8165-9F15B422FB24}.Debug|Win32.ActiveCfg = Debug|Win32
		{F6A16D2F-69B9-4EF3-8165-9F15B422FB24}.Debug|Win32.Build.0 = Debug|Win32
		{F6A16D2F-69B9-4EF3-8165-9F15B422FB24}.Release|Win32.ActiveCfg = Release|Win32
		{F6A16D2F-69B9-4EF3-8165-9F15B422FB24}.Release|Win32.Build.0 = Release|Win32
		{F6A16D2F-69B9-4EF3-8165-9F15B422FB24}.Maya_Debug|Win32.ActiveCfg = Maya_Debug|Win32
		{F6A16D2F-69B9-4EF3-8165-9F15B422FB24}.Maya_Debug|Win32.Build.0 = Maya_Debug|Win32
		{F6A16D2F-69B9-4EF3-8165-9F15B422FB24}.Maya_Release|Win32.ActiveCfg = Maya_Release|Win32
		{F6A16D2F-69B9-4EF3-8165-9F15B422FB24}.Maya_Release|Win32.Build.0 = Maya_Release|Win32
		{3AD85045-441C-41B4-BFB7-9FDAF5B39CF1}.Debug|Win32.ActiveCfg = Debug|Win32
		{3AD85045-441C-41B4-BFB7-9FDAF5B39CF1}.Debug|Win32.Build.0 = Debug|Win32
		{3AD85045-441C-41B4-BFB7-9FDAF5B39CF1}.Release|Win32.ActiveCfg = Release|Win32
		{3AD85045-441C-41B4-BFB7-9FDAF5B39CF1}.Release|Win32.Build.0 = Release|Win32
		{3AD85045-441C-41B4-BFB7-9FDAF5B39CF1}.Maya_Debug|Win32.ActiveCfg = Maya_Debug|Win32
		{3AD85045-441C-41B4-BFB7-9FDAF5B39CF1}.Maya_Debug|Win32.Build.0 = Maya_Debug|Win32
		{3AD85045-441C-41B4-BFB7-9FDAF5B39CF1}.Maya_Release|Win32.ActiveCfg = Maya_Release|Win32
		{3AD85045-441C-41B4-BFB7-9FDAF5B39CF1}.Maya_Release|Win32.Build.0 = Maya_Release|Win32
		{D39A24A2-DCBD-4E68-A0D9-D49A79E70A71}.Debug|Win32.ActiveCfg = Debug|Win32
		{D39A24A2-DCBD-4E68-A0D9-D49A79E70A71}.Debug|Win32.Build.0 = Debug|Win32
		{D39A24A2-DCBD-4E68-A0D9-D49A79E70A71}.Release|Win32.ActiveCfg = Release|Win32
		{D39A24A2-DCBD-4E68-A0D9-D49A79E70A71}.Release|Win32.Build.0 = Release|Win32
		{D39A24A2-DCBD-4E68-A0D9-D49A79E70A71}.Maya_Debug|Win32.ActiveCfg = Maya_Debug|Win32
		{D39A24A2-DCBD-4E68-A0D9-D49A79E70A71}.Maya_Debug|Win32.Build.0 = Maya_Debug|Win32
		{D39A24A2-DCBD-4E68-A0D9-D49A79E70A71}.Maya_Release|Win32.ActiveCfg = Maya_Release|Win32
		{D39A24A2-DCBD-4E68-A0D9-D49A79E70A71}.Maya_Release|Win32.Build.0 = Maya_Release|Win32
		{1107172E-0FDE-45E0-8CD0-7DE1238083C2}.Debug|Win32.ActiveCfg = Debug|Win32
		{1107172E-0FDE-45E0-8CD0-7DE1238083C2}.Debug|Win32.Build.0 = Debug|Win32
		{1107172E-0FDE-45E0-8CD0-7DE1238083C2}.Release|Win32.ActiveCfg = Release|Win32
		{1107172E-0FDE-45E0-8CD0-7DE1238083C2}.Release|Win32.Build.0 = Release|Win32
		{1107172E-0FDE-45E0-8CD0-7DE1238083C2}.Maya_Debug|Win32.ActiveCfg = Maya_Debug|Win32
		{1107172E-0FDE-45E0-8CD0-7DE1238083C2}.Maya_Debug|Win32.Build.0 = Maya_Debug|Win32
		{1107172E-0FDE-45E0-8CD0-7DE1238083C2}.Maya_Release|Win32.ActiveCfg = Maya_Release|Win32
		{1107172E-0FDE-45E0-8CD0-7DE1238083C2}.Maya_Release|Win32.Build.0 = Maya_Release|Win32
		{75C98048-26E0-4AFF-89E7-0B9DA77F94B8}.Debug|Win32.ActiveCfg = Debug|Win32
		{75C98048-26E0-4AFF-89E7-0B9DA77F94B8}.Debug|Win32.Build.0 = Debug|Win32
		{75C98048-26E0-4AFF-89E7-0B9DA77F94B8}.Release|Win32.ActiveCfg = Release|Win32
		{75C98048-26E0-4AFF-89E7-0B9DA77F94B8}.Release|Win32.Build.0 = Release|Win32
		{75C98048-26E0-4AFF-89E7-0B9DA77F94B8}.Maya_Debug|Win32.ActiveCfg = Maya_Debug|Win32
		{75C98048-26E0-4AFF-89E7-0B9DA77F94B8}.Maya_Debug|Win32.Build.0 = Maya_Debug|Win32
		{75C98048-26E0-4AFF-89E7-0B9DA77F94B8}.Maya_Release|Win32.ActiveCfg = Maya_Release|Win32
		{75C98048-26E0-4AFF-89E7-0B9DA77F94B8}.Maya_Release|Win32.Build.0 = Maya_Release|Win32
		{0F6F64DD-CEA8-4F1A-A782-01B1DEDEB77B}.Debug|Win32.ActiveCfg = Debug|Win32
		{0F6F64DD-CEA8-4F1A-A782-01B1DEDEB77B}.Debug|Win32.Build.0 = Debug|Win32
		{0F6F64DD-CEA8-4F1A-A782-01B1DEDEB77B}.Release|Win32.ActiveCfg = Release|Win32
		{0F6F64DD-CEA8-4F1A-A782-01B1DEDEB77B}.Release|Win32.Build.0 = Release|Win32
		{0F6F64DD-CEA8-4F1A-A782-01B1DEDEB77B}.Maya_Debug|Win32.ActiveCfg = Maya_Debug|Win32
		{0F6F64DD-CEA8-4F1A-A782-01B1DEDEB77B}.Maya_Debug|Win32.Build.0 = Maya_Debug|Win32
		{0F6F64DD-CEA8-4F1A-A782-01B1DEDEB77B}.Maya_Release|Win32.ActiveCfg = Maya_Release|Win32
		{0F6F64DD-CEA8-4F1A-A782-01B1DEDEB77B}.Maya_Release|Win32.Build.0 = Maya_Release|Win32
		{90ECCA6D-A595-409F-B65A-63055B976FD9}.Debug|Win32.ActiveCfg = Debug|Win32
		{90ECCA6D-A595-409F-B65A-63055B976FD9}.Debug|Win32.Build.0 = Debug|Win32
		{90ECCA6D-A595-409F-B65A-63055B976FD9}.Release|Win32.ActiveCfg = Release|Win32
		{90ECCA6D-A595-409F-B65A-63055B976FD9}.Release|Win32.Build.0 = Release|Win32
		{90ECCA6D-A595-409F-B65A-63055B976FD9}.Maya_Debug|Win32.ActiveCfg = Maya_Debug|Win32
		{90ECCA6D-A595-409F-B65A-63055B976FD9}.Maya_Debug|Win32.Build.0 = Maya_Debug|Win32
		{90ECCA6D-A595-409F-B65A-63055B976FD9}.Maya_Release|Win32.ActiveCfg = Maya_Release|Win32
		{90ECCA6D-A595-409F-B65A-63055B976FD9}.Maya_Release|Win32.Build.0 = Maya_Release|Win32
		{5D66DDF3-F80B-4D00-9D5A-74F35E826E09}.Debug|Win32.ActiveCfg = Debug|Win32
		{5D66DDF3-F80B-4D00-9D5A-74F35E826E09}.Debug|Win32.Build.0 = Debug|Win32
		{5D66DDF3-F80B-4D00-9D5A-74F35E826E09}.Release|Win32.ActiveCfg = Release|Win32
		{5D66DDF3-F80B-4D00-9D5A-74F35E826E09}.Release|Win32.Build.0 = Release|Win32
		{5D66DDF3-F80B-4D00-9D5A-74F35E826E09}.Maya_Debug|Win32.ActiveCfg = Maya_Debug|Win32
		{5D66DDF3-F80B-4D00-9D5A-74F35E826E09}.Maya_Debug|Win32.Build.0 = Maya_Debug|Win32
		{5D66DDF3-F80B-4D00-9D5A-74F35E826E09}.Maya_Release|Win32.ActiveCfg = Maya_Release|Win32
		{5D66DDF3-F80B-4D00-9D5A-74F35E826E09}.Maya_Release|Win32.Build.0 = Maya_Release|Win32
		{63B2AE2D-0275-4D21-8F56-934AD13BD341}.Debug|Win32.ActiveCfg = Debug|Win32
		{63B2AE2D-0275-4D21-8F56-934AD13BD341}.Debug|Win32.Build.0 = Debug|Win32
		{63B2AE2D-0275-4D21-8F56-934AD13BD341}.Release|Win32.ActiveCfg = Release|Win32
		{63B2AE2D-0275-4D21-8F56-934AD13BD341}.Release|Win32.Build.0 = Release|Win32
		{63B2AE2D-0275-4D21-8F56-934AD13BD341}.Maya_Debug|Win32.ActiveCfg = Maya_Debug|Win32
		{63B2AE2D-0275-4D21-8F56-934AD13BD341}.Maya_Debug|Win32.Build.0 = Maya_Debug|Win32
		{63B2AE2D-0275-4D21-8F56-934AD13BD341}.Maya_Release|Win32.ActiveCfg = Maya_Release|Win32
		{63B2AE2D-0275-4D21-8F56-934AD13BD341}.Maya_Release|Win32.Build.0 = Maya_Release|Win32
		{24D3D3A6-EB41-4DCA-8AE0-31D09723704C}.Debug|Win32.ActiveCfg = Debug|Win32
		{24D3D3A6-EB41-4DCA-8AE0-31D09723704C}.Debug|Win32.Build.0 = Debug|Win32
		{24D3D3A6-EB41-4DCA-8AE0-31D09723704C}.Release|Win32.ActiveCfg = Release|Win32
		{24D3D3A6-EB41-4DCA-8AE0-31D09723704C}.Release|Win32.Build.0 = Release|Win32
		{24D3D3A6-EB41-4DCA-8AE0-31D09723704C}.Maya_Debug|Win32.ActiveCfg = Maya_Debug|Win32
		{24D3D3A6-EB41-4DCA-8AE0-31D09723704C}.Maya_Debug|Win32.Build.0 = Maya_Debug|Win32
		{24D3D3A6-EB41-4DCA-8AE0-31D09723704C}.Maya_Release|Win32.ActiveCfg = Maya_Release|Win32
		{24D3D3A6-EB41-4DCA-8AE0-31D09723704C}.Maya_Release|Win32.Build.0 = Maya_Release|Win32
		{E90947FC-C80C-4FE3-8DCB-282C38583415}.Debug|Win32.ActiveCfg = Debug|Win32
		{E90947FC-C80C-4FE3-8DCB-282C38583415}.Debug|Win32.Build.0 = Debug|Win32
		{E90947FC-C80C-4FE3-8DCB-282C38583415}.Release|Win32.ActiveCfg = Release|Win32
		{E90947FC-C80C-4FE3-8DCB-282C38583415}.Release|Win32.Build.0 = Release|Win32
		{E90947FC-C80C-4FE3-8DCB-282C38583415}.Maya_Debug|Win32.ActiveCfg = Maya_Debug|Win32
		{E90947FC-C80C-4FE3-8DCB-282C38583415}.Maya_Debug|Win32.Build.0 = Maya_Debug|Win32
		{E90947FC-C80C-4FE3-8DCB-282C38583415}.Maya_Release|Win32.ActiveCfg = Maya_Release|Win32
		{E90947FC-C80C-4FE3-8DCB-282C38583415}.Maya_Release|Win32.Build.0 = Maya_Release|Win32
		{77BE9AA4-CDD0-45AC-9588-419F5EF5528C}.Debug|Win32.ActiveCfg = Debug|Win32
		{77BE9AA4-CDD0-45AC-9588-419F5EF5528C}.Debug|Win32.Build.0 = Debug|Win32
		{77BE9AA4-CDD0-45AC-9588-419F5EF5528C}.Release|Win32.ActiveCfg = Release|Win32
		{77BE9AA4-CDD0-45AC-9588-419F5EF5528C}.Release|Win32.Build.0 = Release|Win32
		{77BE9AA4-CDD0-45AC-9588-419F5EF5528C}.Maya_Debug|Win32.ActiveCfg = Maya_Debug|Win32
		{77BE9AA4-CDD0-45AC-9588-419F5EF5528C}.Maya_Debug|Win32.Build.0 = Maya_Debug|Win32
		{77BE9AA4-CDD0-45AC-9588-419F5EF5528C}.Maya_Release|Win32.ActiveCfg = Maya_Release|Win32
		{77BE9AA4-CDD0-45AC-9588-419F5EF5528C}.Maya_Release|Win32.Build.0 = Maya_Release|Win32
		{AA638DB2-2940-4F5E-8777-BD6A62A202D2}.Debug|Win32.ActiveCfg = Debug|Win32
		{AA638DB2-2940-4F5E-8777-BD6A62A202D2}.Debug|Win32.Build.0 = Debug|Win32
		{AA638DB2-2940-4F5E-8777-BD6A62A202D2}.Release|Win32.ActiveCfg = Release|Win32
		{AA638DB2-2940-4F5E-8777-BD6A62A202D2}.Release|Win32.Build.0 = Release|Win32
		{AA638DB2-2940-4F5E-8777-BD6A62A202D2}.Maya_Debug|Win32.ActiveCfg = Maya_Debug|Win32
		{AA638DB2-2940-4F5E-8777-BD6A62A202D2}.Maya_Debug|Win32.Build.0 = Maya_Debug|Win32
		{AA638DB2-2940-4F5E-8777-BD6A62A202D2}.Maya_Release|Win32.ActiveCfg = Maya_Release|Win32
		{AA638DB2-2940-4F5E-8777-BD6A62A202D2}.Maya_Release|Win32.Build.0 = Maya_Release|Win32
		{80A6FBF6-BDD2-49F1-A105-0353DCCA27FB}.Debug|Win32.ActiveCfg = Debug|Win32
		{80A6FBF6-BDD2-49F1-A105-0353DCCA27FB}.Debug|Win32.Build.0 = Debug|Win32
		{80A6FBF6-BDD2-49F1-A105-0353DCCA27FB}.Release|Win32.ActiveCfg = Release|Win32
		{80A6FBF6-BDD2-49F1-A105-0353DCCA27FB}.Release|Win32.Build.0 = Release|Win32
		{80A6FBF6-BDD2-49F1-A105-0353DCCA27FB}.Maya_Debug|Win32.ActiveCfg = Maya_Debug|Win32
		{80A6FBF6-BDD2-49F1-A105-0353DCCA27FB}.Maya_Debug|Win32.Build.0 = Maya_Debug|Win32
		{80A6FBF6-BDD2-49F1-A105-0353DCCA27FB}.Maya_Release|Win32.ActiveCfg = Maya_Release|Win32
		{80A6FBF6-BDD2-49F1-A105-0353DCCA27FB}.Maya_Release|Win32.Build.0 = Maya_Release|Win32
		{E0B26BB8-B95F-4302-9AFB-26578C1ED5F6}.Debug|Win32.ActiveCfg = Debug|Win32
		{E0B26BB8-B95F-4302-9AFB-26578C1ED5F6}.Debug|Win32.Build.0 = Debug|Win32
		{E0B26BB8-B95F-4302-9AFB-26578C1ED5F6}.Release|Win32.ActiveCfg = Release|Win32
		{E0B26BB8-B95F-4302-9AFB-26578C1ED5F6}.Release|Win32.Build.0 = Release|Win32
		{E0B26BB8-B95F-4302-9AFB-26578C1ED5F6}.Maya_Debug|Win32.ActiveCfg = Maya_Debug|Win32
		{E0B26BB8-B95F-4302-9AFB-26578C1ED5F6}.Maya_Debug|Win32.Build.0 = Maya_Debug|Win32
		{E0B26BB8-B95F-4302-9AFB-26578C1ED5F6}.Maya_Release|Win32.ActiveCfg = Maya_Release|Win32
		{E0B26BB8-B95F-4302-9AFB-26578C1ED5F6}.Maya_Release|Win32.Build.0 = Maya_Release|Win32
		{06E819D3-D9AF-49DD-9D57-2C1D78BED8CC}.Debug|Win32.ActiveCfg = Debug|Win32
		{06E819D3-D9AF-49DD-9D57-2C1D78BED8CC}.Debug|Win32.Build.0 = Debug|Win32
		{06E819D3-D9AF-49DD-9D57-2C1D78BED8CC}.Release|Win32.ActiveCfg = Release|Win32
		{06E819D3-D9AF-49DD-9D57-2C1D78BED8CC}.Release|Win32.Build.0 = Release|Win32
		{06E819D3-D9AF-49DD-9D57-2C1D78BED8CC}.Maya_Debug|Win32.ActiveCfg = Maya_Debug|Win32
		{06E819D3-D9AF-49DD-9D57-2C1D78BED8CC}.Maya_Debug|Win32.Build.0 = Maya_Debug|Win32
		{06E819D3-D9AF-49DD-9D57-2C1D78BED8CC}.Maya_Release|Win32.ActiveCfg = Maya_Release|Win32
		{06E819D3-D9AF-49DD-9D57-2C1D78BED8CC}.Maya_Release|Win32.Build.0 = Maya_Release|Win32
		{9943D755-3946-49FD-A9C1-14587D459409}.Debug|Win32.ActiveCfg = Debug|Win32
		{9943D755-3946-49FD-A9C1-14587D459409}.Debug|Win32.Build.0 = Debug|Win32
		{9943D755-3946-49FD-A9C1-14587D459409}.Release|Win32.ActiveCfg = Release|Win32
		{9943D755-3946-49FD-A9C1-14587D459409}.Release|Win32.Build.0 = Release|Win32
		{9943D755-3946-49FD-A9C1-14587D459409}.Maya_Debug|Win32.ActiveCfg = Maya_Debug|Win32
		{9943D755-3946-49FD-A9C1-14587D459409}.Maya_Debug|Win32.Build.0 = Maya_Debug|Win32
		{9943D755-3946-49FD-A9C1-14587D459409}.Maya_Release|Win32.ActiveCfg = Maya_Release|Win32
		{9943D755-3946-49FD-A9C1-14587D459409}.Maya_Release|Win32.Build.0 = Maya_Release|Win32
		{4A641CAA-08D7-4CBF-A38C-B18AE4190159}.Debug|Win32.ActiveCfg = Debug|Win32
		{4A641CAA-08D7-4CBF-A38C-B18AE4190159}.Debug|Win32.Build.0 = Debug|Win32
		{4A641CAA-08D7-4CBF-A38C-B18AE4190159}.Release|Win32.ActiveCfg = Release|Win32
		{4A641CAA-08D7-4CBF-A38C-B18AE4190159}.Release|Win32.Build.0 = Release|Win32
		{4A641CAA-08D7-4CBF-A38C-B18AE4190159}.Maya_Debug|Win32.ActiveCfg = Maya_Debug|Win32
		{4A641CAA-08D7-4CBF-A38C-B18AE4190159}.Maya_Debug|Win32.Build.0 = Maya_Debug|Win32
		{4A641CAA-08D7-4CBF-A38C-B18AE4190159}.Maya_Release|Win32.ActiveCfg = Maya_Release|Win32
		{4A641CAA-08D7-4CBF-A38C-B18AE4190159}.Maya_Release|Win32.Build.0 = Maya_Release|Win32
		{D6DCAF7B-42FD-4B94-BF26-0100E8AE56B1}.Debug|Win32.ActiveCfg = Debug|Win32
		{D6DCAF7B-42FD-4B94-BF26-0100E8AE56B1}.Debug|Win32.Build.0 = Debug|Win32
		{D6DCAF7B-42FD-4B94-BF26-0100E8AE56B1}.Release|Win32.ActiveCfg = Release|Win32
		{D6DCAF7B-42FD-4B94-BF26-0100E8AE56B1}.Release|Win32.Build.0 = Release|Win32
		{D6DCAF7B-42FD-4B94-BF26-0100E8AE56B1}.Maya_Debug|Win32.ActiveCfg = Maya_Debug|Win32
		{D6DCAF7B-42FD-4B94-BF26-0100E8AE56B1}.Maya_Debug|Win32.Build.0 = Maya_Debug|Win32
		{D6DCAF7B-42FD-4B94-BF26-0100E8AE56B1}.Maya_Release|Win32.ActiveCfg = Maya_Release|Win32
		{D6DCAF7B-42FD-4B94-BF26-0100E8AE56B1}.Maya_Release|Win32.Build.0 = Maya_Release|Win32
		{C93CEFE8-39B1-458D-955D-404ADF356553}.Debug|Win32.ActiveCfg = Debug|Win32
		{C93CEFE8-39B1-458D-955D-404ADF356553}.Debug|Win32.Build.0 = Debug|Win32
		{C93CEFE8-39B1-458D-955D-404ADF356553}.Release|Win32.ActiveCfg = Release|Win32
		{C93CEFE8-39B1-458D-955D-404ADF356553}.Release|Win32.Build.0 = Release|Win32
		{C93CEFE8-39B1-458D-955D-404ADF356553}.Maya_Debug|Win32.ActiveCfg = Maya_Debug|Win32
		{C93CEFE8-39B1-458D-955D-404ADF356553}.Maya_Debug|Win32.Build.0 = Maya_Debug|Win32
		{C93CEFE8-39B1-458D-955D-404ADF356553}.Maya_Release|Win32.ActiveCfg = Maya_Release|Win32
		{C93CEFE8-39B1-458D-955D-404ADF356553}.Maya_Release|Win32.Build.0 = Maya_Release|Win32
		{15DB3887-A97A-41FD-8BA3-CA26DC197D31}.Debug|Win32.ActiveCfg = Debug|Win32
		{15DB3887-A97A-41FD-8BA3-CA26DC197D31}.Debug|Win32.Build.0 = Debug|Win32
		{15DB3887-A97A-41FD-8BA3-CA26DC197D31}.Release|Win32.ActiveCfg = Release|Win32
		{15DB3887-A97A-41FD-8BA3-CA26DC197D31}.Release|Win32.Build.0 = Release|Win32
		{15DB3887-A97A-41FD-8BA3-CA26DC197D31}.Maya_Debug|Win32.ActiveCfg = Maya_Debug|Win32
		{15DB3887-A97A-41FD-8BA3-CA26DC197D31}.Maya_Debug|Win32.Build.0 = Maya_Debug|Win32
		{15DB3887-A97A-41FD-8BA3-CA26DC197D31}.Maya_Release|Win32.ActiveCfg = Maya_Release|Win32
		{15DB3887-A97A-41FD-8BA3-CA26DC197D31}.Maya_Release|Win32.Build.0 = Maya_Release|Win32
		{5FBA2E2C-A97B-4A69-873D-3035323FC35B}.Debug|Win32.ActiveCfg = Debug|Win32
		{5FBA2E2C-A97B-4A69-873D-3035323FC35B}.Debug|Win32.Build.0 = Debug|Win32
		{5FBA2E2C-A97B-4A69-873D-3035323FC35B}.Release|Win32.ActiveCfg = Release|Win32
		{5FBA2E2C-A97B-4A69-873D-3035323FC35B}.Release|Win32.Build.0 = Release|Win32
		{5FBA2E2C-A97B-4A69-873D-3035323FC35B}.Maya_Debug|Win32.ActiveCfg = Maya_Debug|Win32
		{5FBA2E2C-A97B-4A69-873D-3035323FC35B}.Maya_Debug|Win32.Build.0 = Maya_Debug|Win32
		{5FBA2E2C-A97B-4A69-873D-3035323FC35B}.Maya_Release|Win32.ActiveCfg = Maya_Release|Win32
		{5FBA2E2C-A97B-4A69-873D-3035323FC35B}.Maya_Release|Win32.Build.0 = Maya_Release|Win32
		{C8F33F6B-C4F6-49F5-81C8-C0F55FFE141F}.Debug|Win32.ActiveCfg = Debug|Win32
		{C8F33F6B-C4F6-49F5-81C8-C0F55FFE141F}.Debug|Win32.Build.0 = Debug|Win32
		{C8F33F6B-C4F6-49F5-81C8-C0F55FFE141F}.Release|Win32.ActiveCfg = Release|Win32
		{C8F33F6B-C4F6-49F5-81C8-C0F55FFE141F}.Release|Win32.Build.0 = Release|Win32
		{C8F33F6B-C4F6-49F5-81C8-C0F55FFE141F}.Maya_Debug|Win32.ActiveCfg = Maya_Debug|Win32
		{C8F33F6B-C4F6-49F5-81C8-C0F55FFE141F}.Maya_Debug|Win32.Build.0 = Maya_Debug|Win32
		{C8F33F6B-C4F6-49F5-81C8-C0F55FFE141F}.Maya_Release|Win32.ActiveCfg = Maya_Release|Win32
		{C8F33F6B-C4F6-49F5-81C8-C0F55FFE141F}.Maya_Release|Win32.Build.0 = Maya_Release|Win32
		{48E2700E-BD75-4281-91DB-A2694CD3B51D}.Debug|Win32.ActiveCfg = Debug|Win32
		{48E2700E-BD75-4281-91DB-A2694CD3B51D}.Debug|Win32.Build.0 = Debug|Win32
		{48E2700E-BD75-4281-91DB-A2694CD3B51D}.Release|Win32.ActiveCfg = Release|Win32
		{48E2700E-BD75-4281-91DB-A2694CD3B51D}.Release|Win32.Build.0 = Release|Win32
		{48E2700E-BD75-4281-91DB-A2694CD3B51D}.Maya_Debug|Win32.ActiveCfg = Maya_Debug|Win32
		{48E2700E-BD75-4281-91DB-A2694CD3B51D}.Maya_Debug|Win32.Build.0 = Maya_Debug|Win32
		{48E2700E-BD75-4281-91DB-A2694CD3B51D}.Maya_Release|Win32.ActiveCfg = Maya_Release|Win32
		{48E2700E-BD75-4281-91DB-A2694CD3B51D}.Maya_Release|Win32.Build.0 = Maya_Release|Win32
		{B799A6D3-8F46-43D9-A989-6D9903ED7E48}.Debug|Win32.ActiveCfg = Debug|Win32
		{B799A6D3-8F46-43D9-A989-6D9903ED7E48}.Debug|Win32.Build.0 = Debug|Win32
		{B799A6D3-8F46-43D9-A989-6D9903ED7E48}.Release|Win32.ActiveCfg = Release|Win32
		{B799A6D3-8F46-43D9-A989-6D9903ED7E48}.Release|Win32.Build.0 = Release|Win32
		{B799A6D3-8F46-43D9-A989-6D9903ED7E48}.Maya_Debug|Win32.ActiveCfg = Maya_Debug|Win32
		{B799A6D3-8F46-43D9-A989-6D9903ED7E48}.Maya_Debug|Win32.Build.0 = Maya_Debug|Win32
		{B799A6D3-8F46-43D9-A989-6D9903ED7E48}.Maya_Release|Win32.ActiveCfg = Maya_Release|Win32
		{B799A6D3-8F46-43D9-A989-6D9903ED7E48}.Maya_Release|Win32.Build.0 = Maya_Release|Win32
		{59B7FD6B-4F5D-41FE-8C87-073D8F46ED8A}.Debug|Win32.ActiveCfg = Debug|Win32
		{59B7FD6B-4F5D-41FE-8C87-073D8F46ED8A}.Debug|Win32.Build.0 = Debug|Win32
		{59B7FD6B-4F5D-41FE-8C87-073D8F46ED8A}.Release|Win32.ActiveCfg = Release|Win32
		{59B7FD6B-4F5D-41FE-8C87-073D8F46ED8A}.Release|Win32.Build.0 = Release|Win32
		{59B7FD6B-4F5D-41FE-8C87-073D8F46ED8A}.Maya_Debug|Win32.ActiveCfg = Maya_Debug|Win32
		{59B7FD6B-4F5D-41FE-8C87-073D8F46ED8A}.Maya_Debug|Win32.Build.0 = Maya_Debug|Win32
		{59B7FD6B-4F5D-41FE-8C87-073D8F46ED8A}.Maya_Release|Win32.ActiveCfg = Maya_Release|Win32
		{59B7FD6B-4F5D-41FE-8C87-073D8F46ED8A}.Maya_Release|Win32.Build.0 = Maya_Release|Win32
		{C9C43307-5F5C-45E8-B506-1B6D92A3AFCD}.Debug|Win32.ActiveCfg = Debug|Win32
		{C9C43307-5F5C-45E8-B506-1B6D92A3AFCD}.Debug|Win32.Build.0 = Debug|Win32
		{C9C43307-5F5C-45E8-B506-1B6D92A3AFCD}.Release|Win32.ActiveCfg = Release|Win32
		{C9C43307-5F5C-45E8-B506-1B6D92A3AFCD}.Release|Win32.Build.0 = Release|Win32
		{C9C43307-5F5C-45E8-B506-1B6D92A3AFCD}.Maya_Debug|Win32.ActiveCfg = Maya_Debug|Win32
		{C9C43307-5F5C-45E8-B506-1B6D92A3AFCD}.Maya_Debug|Win32.Build.0 = Maya_Debug|Win32
		{C9C43307-5F5C-45E8-B506-1B6D92A3AFCD}.Maya_Release|Win32.ActiveCfg = Maya_Release|Win32
		{C9C43307-5F5C-45E8-B506-1B6D92A3AFCD}.Maya_Release|Win32.Build.0 = Maya_Release|Win32
		{5DA7AFE2-521B-4637-8634-749318E74BE5}.Debug|Win32.ActiveCfg = Debug|Win32
		{5DA7AFE2-521B-4637-8634-749318E74BE5}.Debug|Win32.Build.0 = Debug|Win32
		{5DA7AFE2-521B-4637-8634-749318E74BE5}.Release|Win32.ActiveCfg = Release|Win32
		{5DA7AFE2-521B-4637-8634-749318E74BE5}.Release|Win32.Build.0 = Release|Win32
		{5DA7AFE2-521B-4637-8634-749318E74BE5}.Maya_Debug|Win32.ActiveCfg = Maya_Debug|Win32
		{5DA7AFE2-521B-4637-8634-749318E74BE5}.Maya_Debug|Win32.Build.0 = Maya_Debug|Win32
		{5DA7AFE2-521B-4637-8634-749318E74BE5}.Maya_Release|Win32.ActiveCfg = Maya_Release|Win32
		{5DA7AFE2-521B-4637-8634-749318E74BE5}.Maya_Release|Win32.Build.0 = Maya_Release|Win32
		{CA6AC26C-3437-4CC9-9EBD-0C23C3EC0D13}.Debug|Win32.ActiveCfg = Debug|Win32
		{CA6AC26C-3437-4CC9-9EBD-0C23C3EC0D13}.Debug|Win32.Build.0 = Debug|Win32
		{CA6AC26C-3437-4CC9-9EBD-0C23C3EC0D13}.Release|Win32.ActiveCfg = Release|Win32
		{CA6AC26C-3437-4CC9-9EBD-0C23C3EC0D13}.Release|Win32.Build.0 = Release|Win32
		{CA6AC26C-3437-4CC9-9EBD-0C23C3EC0D13}.Maya_Debug|Win32.ActiveCfg = Maya_Debug|Win32
		{CA6AC26C-3437-4CC9-9EBD-0C23C3EC0D13}.Maya_Debug|Win32.Build.0 = Maya_Debug|Win32
		{CA6AC26C-3437-4CC9-9EBD-0C23C3EC0D13}.Maya_Release|Win32.ActiveCfg = Maya_Release|Win32
		{CA6AC26C-3437-4CC9-9EBD-0C23C3EC0D13}.Maya_Release|Win32.Build.0 = Maya_Release|Win32
		{4710AA12-EF28-480F-B307-5EE13E0BC0F4}.Debug|Win32.ActiveCfg = Debug|Win32
		{4710AA12-EF28-480F-B307-5EE13E0BC0F4}.Debug|Win32.Build.0 = Debug|Win32
		{4710AA12-EF28-480F-B307-5EE13E0BC0F4}.Release|Win32.ActiveCfg = Release|Win32
		{4710AA12-EF28-480F-B307-5EE13E0BC0F4}.Release|Win32.Build.0 = Release|Win32
		{4710AA12-EF28-480F-B307-5EE13E0BC0F4}.Maya_Debug|Win32.ActiveCfg = Maya_Debug|Win32
		{4710AA12-EF28-480F-B307-5EE13E0BC0F4}.Maya_Debug|Win32.Build.0 = Maya_Debug|Win32
		{4710AA12-EF28-480F-B307-5EE13E0BC0F4}.Maya_Release|Win32.ActiveCfg = Maya_Release|Win32
		{4710AA12-EF28-480F-B307-5EE13E0BC0F4}.Maya_Release|Win32.Build.0 = Maya_Release|Win32
		{12A1DA66-0DD3-4448-ABE5-00623450D4DD}.Debug|Win32.ActiveCfg = Debug|Win32
		{12A1DA66-0DD3-4448-ABE5-00623450D4DD}.Debug|Win32.Build.0 = Debug|Win32
		{12A1DA66-0DD3-4448-ABE5-00623450D4DD}.Release|Win32.ActiveCfg = Release|Win32
		{12A1DA66-0DD3-4448-ABE5-00623450D4DD}.Release|Win32.Build.0 = Release|Win32
		{12A1DA66-0DD3-4448-ABE5-00623450D4DD}.Maya_Debug|Win32.ActiveCfg = Maya_Debug|Win32
		{12A1DA66-0DD3-4448-ABE5-00623450D4DD}.Maya_Debug|Win32.Build.0 = Maya_Debug|Win32
		{12A1DA66-0DD3-4448-ABE5-00623450D4DD}.Maya_Release|Win32.ActiveCfg = Maya_Release|Win32
		{12A1DA66-0DD3-4448-ABE5-00623450D4DD}.Maya_Release|Win32.Build.0 = Maya_Release|Win32
		{FA0DDB98-D8E6-426C-B3A4-B939EA580415}.Debug|Win32.ActiveCfg = Debug|Win32
		{FA0DDB98-D8E6-426C-B3A4-B939EA580415}.Debug|Win32.Build.0 = Debug|Win32
		{FA0DDB98-D8E6-426C-B3A4-B939EA580415}.Release|Win32.ActiveCfg = Release|Win32
		{FA0DDB98-D8E6-426C-B3A4-B939EA580415}.Release|Win32.Build.0 = Release|Win32
		{FA0DDB98-D8E6-426C-B3A4-B939EA580415}.Maya_Debug|Win32.ActiveCfg = Maya_Debug|Win32
		{FA0DDB98-D8E6-426C-B3A4-B939EA580415}.Maya_Debug|Win32.Build.0 = Maya_Debug|Win32
		{FA0DDB98-D8E6-426C-B3A4-B939EA580415}.Maya_Release|Win32.ActiveCfg = Maya_Release|Win32
		{FA0DDB98-D8E6-426C-B3A4-B939EA580415}.Maya_Release|Win32.Build.0 = Maya_Release|Win32
		{9E47B6B6-ADCB-47C6-9C2B-2832A916E8BA}.Debug|Win32.ActiveCfg = Debug|Win32
		{9E47B6B6-ADCB-47C6-9C2B-2832A916E8BA}.Debug|Win32.Build.0 = Debug|Win32
		{9E47B6B6-ADCB-47C6-9C2B-2832A916E8BA}.Release|Win32.ActiveCfg = Release|Win32
		{9E47B6B6-ADCB-47C6-9C2B-2832A916E8BA}.Release|Win32.Build.0 = Release|Win32
		{9E47B6B6-ADCB-47C6-9C2B-2832A916E8BA}.Maya_Debug|Win32.ActiveCfg = Maya_Debug|Win32
		{9E47B6B6-ADCB-47C6-9C2B-2832A916E8BA}.Maya_Debug|Win32.Build.0 = Maya_Debug|Win32
		{9E47B6B6-ADCB-47C6-9C2B-2832A916E8BA}.Maya_Release|Win32.ActiveCfg = Maya_Release|Win32
		{9E47B6B6-ADCB-47C6-9C2B-2832A916E8BA}.Maya_Release|Win32.Build.0 = Maya_Release|Win32
		{CD976CE7-9522-4500-AC24-56A5C6695480}.Debug|Win32.ActiveCfg = Debug|Win32
		{CD976CE7-9522-4500-AC24-56A5C6695480}.Debug|Win32.Build.0 = Debug|Win32
		{CD976CE7-9522-4500-AC24-56A5C6695480}.Release|Win32.ActiveCfg = Release|Win32
		{CD976CE7-9522-4500-AC24-56A5C6695480}.Release|Win32.Build.0 = Release|Win32
		{CD976CE7-9522-4500-AC24-56A5C6695480}.Maya_Debug|Win32.ActiveCfg = Maya_Debug|Win32
		{CD976CE7-9522-4500-AC24-56A5C6695480}.Maya_Debug|Win32.Build.0 = Maya_Debug|Win32
		{CD976CE7-9522-4500-AC24-56A5C6695480}.Maya_Release|Win32.ActiveCfg = Maya_Release|Win32
		{CD976CE7-9522-4500-AC24-56A5C6695480}.Maya_Release|Win32.Build.0 = Maya_Release|Win32
		{DBEE738E-40B5-4BA4-8219-BB1FE9416EDB}.Debug|Win32.ActiveCfg = Debug|Win32
		{DBEE738E-40B5-4BA4-8219-BB1FE9416EDB}.Debug|Win32.Build.0 = Debug|Win32
		{DBEE738E-40B5-4BA4-8219-BB1FE9416EDB}.Release|Win32.ActiveCfg = Release|Win32
		{DBEE738E-40B5-4BA4-8219-BB1FE9416EDB}.Release|Win32.Build.0 = Release|Win32
		{DBEE738E-40B5-4BA4-8219-BB1FE9416EDB}.Maya_Debug|Win32.ActiveCfg = Maya_Debug|Win32
		{DBEE738E-40B5-4BA4-8219-BB1FE9416EDB}.Maya_Debug|Win32.Build.0 = Maya_Debug|Win32
		{DBEE738E-40B5-4BA4-8219-BB1FE9416EDB}.Maya_Release|Win32.ActiveCfg = Maya_Release|Win32
		{DBEE738E-40B5-4BA4-8219-BB1FE9416EDB}.Maya_Release|Win32.Build.0 = Maya_Release|Win32
		{BAC6FBD1-CD20-4BA0-856E-14D26A36163E}.Debug|Win32.ActiveCfg = Debug|Win32
		{BAC6FBD1-CD20-4BA0-856E-14D26A36163E}.Debug|Win32.Build.0 = Debug|Win32
		{BAC6FBD1-CD20-4BA0-856E-14D26A36163E}.Release|Win32.ActiveCfg = Release|Win32
		{BAC6FBD1-CD20-4BA0-856E-14D26A36163E}.Release|Win32.Build.0 = Release|Win32
		{BAC6FBD1-CD20-4BA0-856E-14D26A36163E}.Maya_Debug|Win32.ActiveCfg = Maya_Debug|Win32
		{BAC6FBD1-CD20-4BA0-856E-14D26A36163E}.Maya_Debug|Win32.Build.0 = Maya_Debug|Win32
		{BAC6FBD1-CD20-4BA0-856E-14D26A36163E}.Maya_Release|Win32.ActiveCfg = Maya_Release|Win32
		{BAC6FBD1-CD20-4BA0-856E-14D26A36163E}.Maya_Release|Win32.Build.0 = Maya_Release|Win32
		{20EB6353-48E0-4F5E-A479-B38B93FF3459}.Debug|Win32.ActiveCfg = Debug|Win32
		{20EB6353-48E0-4F5E-A479-B38B93FF3459}.Debug|Win32.Build.0 = Debug|Win32
		{20EB6353-48E0-4F5E-A479-B38B93FF3459}.Release|Win32.ActiveCfg = Release|Win32
		{20EB6353-48E0-4F5E-A479-B38B93FF3459}.Release|Win32.Build.0 = Release|Win32
		{20EB6353-48E0-4F5E-A479-B38B93FF3459}.Maya_Debug|Win32.ActiveCfg = Maya_Debug|Win32
		{20EB6353-48E0-4F5E-A479-B38B93FF3459}.Maya_Debug|Win32.Build.0 = Maya_Debug|Win32
		{20EB6353-48E0-4F5E-A479-B38B93FF3459}.Maya_Release|Win32.ActiveCfg = Maya_Release|Win32
		{20EB6353-48E0-4F5E-A479-B38B93FF3459}.Maya_Release|Win32.Build.0 = Maya_Release|Win32
		{19B3B1D3-66DD-48BF-A20E-CF10D8CB6C77}.Debug|Win32.ActiveCfg = Debug|Win32
		{19B3B1D3-66DD-48BF-A20E-CF10D8CB6C77}.Debug|Win32.Build.0 = Debug|Win32
		{19B3B1D3-66DD-48BF-A20E-CF10D8CB6C77}.Release|Win32.ActiveCfg = Release|Win32
		{19B3B1D3-66DD-48BF-A20E-CF10D8CB6C77}.Release|Win32.Build.0 = Release|Win32
		{19B3B1D3-66DD-48BF-A20E-CF10D8CB6C77}.Maya_Debug|Win32.ActiveCfg = Maya_Debug|Win32
		{19B3B1D3-66DD-48BF-A20E-CF10D8CB6C77}.Maya_Debug|Win32.Build.0 = Maya_Debug|Win32
		{19B3B1D3-66DD-48BF-A20E-CF10D8CB6C77}.Maya_Release|Win32.ActiveCfg = Maya_Release|Win32
		{19B3B1D3-66DD-48BF-A20E-CF10D8CB6C77}.Maya_Release|Win32.Build.0 = Maya_Release|Win32
		{D7ACD59D-2D2D-44E8-B064-73DCB8608746}.Debug|Win32.ActiveCfg = Debug|Win32
		{D7ACD59D-2D2D-44E8-B064-73DCB8608746}.Debug|Win32.Build.0 = Debug|Win32
		{D7ACD59D-2D2D-44E8-B064-73DCB8608746}.Release|Win32.ActiveCfg = Release|Win32
		{D7ACD59D-2D2D-44E8-B064-73DCB8608746}.Release|Win32.Build.0 = Release|Win32
		{D7ACD59D-2D2D-44E8-B064-73DCB8608746}.Maya_Debug|Win32.ActiveCfg = Maya_Debug|Win32
		{D7ACD59D-2D2D-44E8-B064-73DCB8608746}.Maya_Debug|Win32.Build.0 = Maya_Debug|Win32
		{D7ACD59D-2D2D-44E8-B064-73DCB8608746}.Maya_Release|Win32.ActiveCfg = Maya_Release|Win32
		{D7ACD59D-2D2D-44E8-B064-73DCB8608746}.Maya_Release|Win32.Build.0 = Maya_Release|Win32
		{305533B7-DE3D-409F-990A-2E4B7F80A728}.Debug|Win32.ActiveCfg = Debug|Win32
		{305533B7-DE3D-409F-990A-2E4B7F80A728}.Debug|Win32.Build.0 = Debug|Win32
		{305533B7-DE3D-409F-990A-2E4B7F80A728}.Release|Win32.ActiveCfg = Release|Win32
		{305533B7-DE3D-409F-990A-2E4B7F80A728}.Release|Win32.Build.0 = Release|Win32
		{305533B7-DE3D-409F-990A-2E4B7F80A728}.Maya_Debug|Win32.ActiveCfg = Maya_Debug|Win32
		{305533B7-DE3D-409F-990A-2E4B7F80A728}.Maya_Debug|Win32.Build.0 = Maya_Debug|Win32
		{305533B7-DE3D-409F-990A-2E4B7F80A728}.Maya_Release|Win32.ActiveCfg = Maya_Release|Win32
		{305533B7-DE3D-409F-990A-2E4B7F80A728}.Maya_Release|Win32.Build.0 = Maya_Release|Win32
	EndGlobalSection
	GlobalSection(SolutionProperties) = preSolution
		HideSolutionNode = FALSE
	EndGlobalSection
	GlobalSection(NestedProjects) = preSolution
		{48B95670-F339-4004-9506-9E9818C3BC1F} = {798777e9-b38c-4974-bee3-b1cd45f6a1e6}
		{D08F0892-8AF5-492E-8EFA-BF51E5F25EE7} = {798777e9-b38c-4974-bee3-b1cd45f6a1e6}
		{DAFF49B1-6DBB-416B-985C-18013E117E08} = {798777e9-b38c-4974-bee3-b1cd45f6a1e6}
		{F6A16D2F-69B9-4EF3-8165-9F15B422FB24} = {798777e9-b38c-4974-bee3-b1cd45f6a1e6}
		{3AD85045-441C-41B4-BFB7-9FDAF5B39CF1} = {798777e9-b38c-4974-bee3-b1cd45f6a1e6}
		{D39A24A2-DCBD-4E68-A0D9-D49A79E70A71} = {798777e9-b38c-4974-bee3-b1cd45f6a1e6}
		{1107172E-0FDE-45E0-8CD0-7DE1238083C2} = {798777e9-b38c-4974-bee3-b1cd45f6a1e6}
		{75C98048-26E0-4AFF-89E7-0B9DA77F94B8} = {798777e9-b38c-4974-bee3-b1cd45f6a1e6}
		{0F6F64DD-CEA8-4F1A-A782-01B1DEDEB77B} = {798777e9-b38c-4974-bee3-b1cd45f6a1e6}
		{90ECCA6D-A595-409F-B65A-63055B976FD9} = {28B9CEF2-57A6-4ee5-8235-2014936D9FE7}
		{5D66DDF3-F80B-4D00-9D5A-74F35E826E09} = {28B9CEF2-57A6-4ee5-8235-2014936D9FE7}
		{63B2AE2D-0275-4D21-8F56-934AD13BD341} = {28B9CEF2-57A6-4ee5-8235-2014936D9FE7}
		{24D3D3A6-EB41-4DCA-8AE0-31D09723704C} = {28B9CEF2-57A6-4ee5-8235-2014936D9FE7}
		{E90947FC-C80C-4FE3-8DCB-282C38583415} = {28B9CEF2-57A6-4ee5-8235-2014936D9FE7}
		{77BE9AA4-CDD0-45AC-9588-419F5EF5528C} = {28B9CEF2-57A6-4ee5-8235-2014936D9FE7}
		{AA638DB2-2940-4F5E-8777-BD6A62A202D2} = {832A854F-2030-4EA4-86FE-EDEEC017E78E}
		{80A6FBF6-BDD2-49F1-A105-0353DCCA27FB} = {832A854F-2030-4EA4-86FE-EDEEC017E78E}
		{E0B26BB8-B95F-4302-9AFB-26578C1ED5F6} = {832A854F-2030-4EA4-86FE-EDEEC017E78E}
		{06E819D3-D9AF-49DD-9D57-2C1D78BED8CC} = {832A854F-2030-4EA4-86FE-EDEEC017E78E}
		{9943D755-3946-49FD-A9C1-14587D459409} = {832A854F-2030-4EA4-86FE-EDEEC017E78E}
		{4A641CAA-08D7-4CBF-A38C-B18AE4190159} = {832A854F-2030-4EA4-86FE-EDEEC017E78E}
		{D6DCAF7B-42FD-4B94-BF26-0100E8AE56B1} = {832A854F-2030-4EA4-86FE-EDEEC017E78E}
		{C93CEFE8-39B1-458D-955D-404ADF356553} = {832A854F-2030-4EA4-86FE-EDEEC017E78E}
		{15DB3887-A97A-41FD-8BA3-CA26DC197D31} = {832A854F-2030-4EA4-86FE-EDEEC017E78E}
		{5FBA2E2C-A97B-4A69-873D-3035323FC35B} = {832A854F-2030-4EA4-86FE-EDEEC017E78E}
		{C8F33F6B-C4F6-49F5-81C8-C0F55FFE141F} = {832A854F-2030-4EA4-86FE-EDEEC017E78E}
		{48E2700E-BD75-4281-91DB-A2694CD3B51D} = {832A854F-2030-4EA4-86FE-EDEEC017E78E}
		{B799A6D3-8F46-43D9-A989-6D9903ED7E48} = {832A854F-2030-4EA4-86FE-EDEEC017E78E}
		{59B7FD6B-4F5D-41FE-8C87-073D8F46ED8A} = {832A854F-2030-4EA4-86FE-EDEEC017E78E}
		{C9C43307-5F5C-45E8-B506-1B6D92A3AFCD} = {832A854F-2030-4EA4-86FE-EDEEC017E78E}
		{5DA7AFE2-521B-4637-8634-749318E74BE5} = {832A854F-2030-4EA4-86FE-EDEEC017E78E}
		{CA6AC26C-3437-4CC9-9EBD-0C23C3EC0D13} = {832A854F-2030-4EA4-86FE-EDEEC017E78E}
		{4710AA12-EF28-480F-B307-5EE13E0BC0F4} = {832A854F-2030-4EA4-86FE-EDEEC017E78E}
		{12A1DA66-0DD3-4448-ABE5-00623450D4DD} = {832A854F-2030-4EA4-86FE-EDEEC017E78E}
		{FA0DDB98-D8E6-426C-B3A4-B939EA580415} = {3B2AD919-B940-473D-A9CC-62428540DEC5}
		{9E47B6B6-ADCB-47C6-9C2B-2832A916E8BA} = {3B2AD919-B940-473D-A9CC-62428540DEC5}
		{CD976CE7-9522-4500-AC24-56A5C6695480} = {3B2AD919-B940-473D-A9CC-62428540DEC5}
		{DBEE738E-40B5-4BA4-8219-BB1FE9416EDB} = {3B2AD919-B940-473D-A9CC-62428540DEC5}
		{BAC6FBD1-CD20-4BA0-856E-14D26A36163E} = {3B2AD919-B940-473D-A9CC-62428540DEC5}
		{20EB6353-48E0-4F5E-A479-B38B93FF3459} = {3B2AD919-B940-473D-A9CC-62428540DEC5}
		{19B3B1D3-66DD-48BF-A20E-CF10D8CB6C77} = {3B2AD919-B940-473D-A9CC-62428540DEC5}
		{D7ACD59D-2D2D-44E8-B064-73DCB8608746} = {3B2AD919-B940-473D-A9CC-62428540DEC5}
		{305533B7-DE3D-409F-990A-2E4B7F80A728} = {3B2AD919-B940-473D-A9CC-62428540DEC5}
	EndGlobalSection
EndGlobal
